// !$*UTF8*$!
{
	archiveVersion = 1;
	classes = {
	};
	objectVersion = 51;
	objects = {

/* Begin PBXBuildFile section */
		1A49808523C967C1004B4058 /* LoginController.swift in Sources */ = {isa = PBXBuildFile; fileRef = 1A49808423C967C1004B4058 /* LoginController.swift */; };
		1A49808A23C96B57004B4058 /* KakaoOpenSDK.framework in Frameworks */ = {isa = PBXBuildFile; fileRef = 1A49808923C96B57004B4058 /* KakaoOpenSDK.framework */; };
		1A8FAF3023E0249C009A92C1 /* SceneCoordinator.swift in Sources */ = {isa = PBXBuildFile; fileRef = 1A8FAF2F23E0249C009A92C1 /* SceneCoordinator.swift */; };
		1A8FAF3523E02563009A92C1 /* CoordinatorType.swift in Sources */ = {isa = PBXBuildFile; fileRef = 1A8FAF3423E02563009A92C1 /* CoordinatorType.swift */; };
		1A8FAF4223E060AE009A92C1 /* LoginScene.swift in Sources */ = {isa = PBXBuildFile; fileRef = 1A8FAF4123E060AE009A92C1 /* LoginScene.swift */; };
		1A8FAF4423E0612C009A92C1 /* LoginViewModel.swift in Sources */ = {isa = PBXBuildFile; fileRef = 1A8FAF4323E0612C009A92C1 /* LoginViewModel.swift */; };
		1A8FAF4623E06952009A92C1 /* MainViewModel.swift in Sources */ = {isa = PBXBuildFile; fileRef = 1A8FAF4523E06952009A92C1 /* MainViewModel.swift */; };
		1A8FAF4823E06A81009A92C1 /* MainScene.swift in Sources */ = {isa = PBXBuildFile; fileRef = 1A8FAF4723E06A81009A92C1 /* MainScene.swift */; };
		1A8FAF4A23E0737E009A92C1 /* UIStackView+.swift in Sources */ = {isa = PBXBuildFile; fileRef = 1A8FAF4923E0737E009A92C1 /* UIStackView+.swift */; };
		1A8FAF4C23E0755D009A92C1 /* UITextField+.swift in Sources */ = {isa = PBXBuildFile; fileRef = 1A8FAF4B23E0755D009A92C1 /* UITextField+.swift */; };
		1AAB0E2B23DECA080003A2C4 /* View+.swift in Sources */ = {isa = PBXBuildFile; fileRef = 1AAB0E2A23DECA080003A2C4 /* View+.swift */; };
		1AAB0E2D23DECBDE0003A2C4 /* UIButton+.swift in Sources */ = {isa = PBXBuildFile; fileRef = 1AAB0E2C23DECBDE0003A2C4 /* UIButton+.swift */; };
		1AAB0E2F23DECBFF0003A2C4 /* UILabel+.swift in Sources */ = {isa = PBXBuildFile; fileRef = 1AAB0E2E23DECBFF0003A2C4 /* UILabel+.swift */; };
		1AAB0E3123DECC2C0003A2C4 /* CircularImageView.swift in Sources */ = {isa = PBXBuildFile; fileRef = 1AAB0E3023DECC2C0003A2C4 /* CircularImageView.swift */; };
		1AAB0E3323DECC770003A2C4 /* UIView+Stacking.swift in Sources */ = {isa = PBXBuildFile; fileRef = 1AAB0E3223DECC770003A2C4 /* UIView+Stacking.swift */; };
		1AAB0E3523DED2310003A2C4 /* NSObject+Rx.swift in Sources */ = {isa = PBXBuildFile; fileRef = 1AAB0E3423DED2310003A2C4 /* NSObject+Rx.swift */; };
		1AAB0E3823DED4240003A2C4 /* ViewController.swift in Sources */ = {isa = PBXBuildFile; fileRef = 1AAB0E3723DED4240003A2C4 /* ViewController.swift */; };
		1AAB0E3A23DED4980003A2C4 /* ViewModel.swift in Sources */ = {isa = PBXBuildFile; fileRef = 1AAB0E3923DED4980003A2C4 /* ViewModel.swift */; };
		1AAB0E3C23DED4C50003A2C4 /* ViewModelBindableType.swift in Sources */ = {isa = PBXBuildFile; fileRef = 1AAB0E3B23DED4C50003A2C4 /* ViewModelBindableType.swift */; };
		1AD6D40523BF9DBC000B1893 /* AppDelegate.swift in Sources */ = {isa = PBXBuildFile; fileRef = 1AD6D40423BF9DBC000B1893 /* AppDelegate.swift */; };
		1AD6D40723BF9DBC000B1893 /* SceneDelegate.swift in Sources */ = {isa = PBXBuildFile; fileRef = 1AD6D40623BF9DBC000B1893 /* SceneDelegate.swift */; };
		1AD6D40923BF9DBC000B1893 /* MainViewController.swift in Sources */ = {isa = PBXBuildFile; fileRef = 1AD6D40823BF9DBC000B1893 /* MainViewController.swift */; };
		1AD6D40C23BF9DBC000B1893 /* Main.storyboard in Resources */ = {isa = PBXBuildFile; fileRef = 1AD6D40A23BF9DBC000B1893 /* Main.storyboard */; };
		1AD6D40F23BF9DBC000B1893 /* MNT_iOS.xcdatamodeld in Sources */ = {isa = PBXBuildFile; fileRef = 1AD6D40D23BF9DBC000B1893 /* MNT_iOS.xcdatamodeld */; };
		1AD6D41123BF9DBF000B1893 /* Assets.xcassets in Resources */ = {isa = PBXBuildFile; fileRef = 1AD6D41023BF9DBF000B1893 /* Assets.xcassets */; };
		1AD6D41423BF9DBF000B1893 /* LaunchScreen.storyboard in Resources */ = {isa = PBXBuildFile; fileRef = 1AD6D41223BF9DBF000B1893 /* LaunchScreen.storyboard */; };
		1AD6D41F23BF9DBF000B1893 /* MNT_iOSTests.swift in Sources */ = {isa = PBXBuildFile; fileRef = 1AD6D41E23BF9DBF000B1893 /* MNT_iOSTests.swift */; };
		1AD6D42A23BF9DBF000B1893 /* MNT_iOSUITests.swift in Sources */ = {isa = PBXBuildFile; fileRef = 1AD6D42923BF9DBF000B1893 /* MNT_iOSUITests.swift */; };
		1AFC040223C99841005B7A6F /* Objects+.swift in Sources */ = {isa = PBXBuildFile; fileRef = 1AFC040123C99841005B7A6F /* Objects+.swift */; };
		581B15F023EACE5F00D0593B /* AlertExitViewModel.swift in Sources */ = {isa = PBXBuildFile; fileRef = 581B15EF23EACE5F00D0593B /* AlertExitViewModel.swift */; };
		581B15F223EAD04E00D0593B /* AlertExitViewController.swift in Sources */ = {isa = PBXBuildFile; fileRef = 581B15F123EAD04E00D0593B /* AlertExitViewController.swift */; };
		581B15F423EAD55D00D0593B /* ExitScene.swift in Sources */ = {isa = PBXBuildFile; fileRef = 581B15F323EAD55D00D0593B /* ExitScene.swift */; };
		581B15F623EB3BB700D0593B /* KakaoLink.framework in Frameworks */ = {isa = PBXBuildFile; fileRef = 581B15F523EB3BB700D0593B /* KakaoLink.framework */; };
		581B15F823EB3EC200D0593B /* KakaoMessageTemplate.framework in Frameworks */ = {isa = PBXBuildFile; fileRef = 581B15F723EB3EC200D0593B /* KakaoMessageTemplate.framework */; };
		581B15FA23EB409500D0593B /* KakaoCommon.framework in Frameworks */ = {isa = PBXBuildFile; fileRef = 581B15F923EB409400D0593B /* KakaoCommon.framework */; };
		581B15FC23EC628A00D0593B /* AlertExtension.swift in Sources */ = {isa = PBXBuildFile; fileRef = 581B15FB23EC628A00D0593B /* AlertExtension.swift */; };
		581B15FE23EC705100D0593B /* ProfileCellViewModel.swift in Sources */ = {isa = PBXBuildFile; fileRef = 581B15FD23EC705100D0593B /* ProfileCellViewModel.swift */; };
		581B160023EC70FD00D0593B /* ManittoProfile.swift in Sources */ = {isa = PBXBuildFile; fileRef = 581B15FF23EC70FD00D0593B /* ManittoProfile.swift */; };
		581B160223EC735400D0593B /* GuessViewModel.swift in Sources */ = {isa = PBXBuildFile; fileRef = 581B160123EC735400D0593B /* GuessViewModel.swift */; };
		581B160923EC741C00D0593B /* ProfileCollectionViewCell.swift in Sources */ = {isa = PBXBuildFile; fileRef = 581B160723EC741C00D0593B /* ProfileCollectionViewCell.swift */; };
		581B160A23EC741C00D0593B /* ProfileCollectionViewCell.xib in Resources */ = {isa = PBXBuildFile; fileRef = 581B160823EC741C00D0593B /* ProfileCollectionViewCell.xib */; };
		581B160C23EC760D00D0593B /* GuessViewController.swift in Sources */ = {isa = PBXBuildFile; fileRef = 581B160B23EC760D00D0593B /* GuessViewController.swift */; };
		581B160E23EC790D00D0593B /* UICollectionView+.swift in Sources */ = {isa = PBXBuildFile; fileRef = 581B160D23EC790D00D0593B /* UICollectionView+.swift */; };
		581B161623ECB2CB00D0593B /* UIAlertController+.swift in Sources */ = {isa = PBXBuildFile; fileRef = 581B161523ECB2CB00D0593B /* UIAlertController+.swift */; };
		581B161823ECB58F00D0593B /* UIApplication+.swift in Sources */ = {isa = PBXBuildFile; fileRef = 581B161723ECB58F00D0593B /* UIApplication+.swift */; };
		581B161A23ED6E3000D0593B /* FromToViewController.swift in Sources */ = {isa = PBXBuildFile; fileRef = 581B161923ED6E3000D0593B /* FromToViewController.swift */; };
		583659A523E146E600E2752F /* SetRoomTitleViewController.swift in Sources */ = {isa = PBXBuildFile; fileRef = 583659A423E146E600E2752F /* SetRoomTitleViewController.swift */; };
		583659A723E153DC00E2752F /* JoinRoomViewModel.swift in Sources */ = {isa = PBXBuildFile; fileRef = 583659A623E153DC00E2752F /* JoinRoomViewModel.swift */; };
		583659A923E1547700E2752F /* SetRoomTitleViewModel.swift in Sources */ = {isa = PBXBuildFile; fileRef = 583659A823E1547700E2752F /* SetRoomTitleViewModel.swift */; };
		583659AB23E158A200E2752F /* JoinRoomViewController.swift in Sources */ = {isa = PBXBuildFile; fileRef = 583659AA23E158A200E2752F /* JoinRoomViewController.swift */; };
		583659B323E19F4800E2752F /* BaseNavigationController.swift in Sources */ = {isa = PBXBuildFile; fileRef = 583659B223E19F4800E2752F /* BaseNavigationController.swift */; };
		583659B523E1B9FE00E2752F /* SetRoomDetailViewController.swift in Sources */ = {isa = PBXBuildFile; fileRef = 583659B423E1B9FE00E2752F /* SetRoomDetailViewController.swift */; };
		583659B723E1BA2500E2752F /* SetRoomDetailViewModel.swift in Sources */ = {isa = PBXBuildFile; fileRef = 583659B623E1BA2500E2752F /* SetRoomDetailViewModel.swift */; };
		583659BD23E32AA300E2752F /* ReadyViewController.swift in Sources */ = {isa = PBXBuildFile; fileRef = 583659BC23E32AA300E2752F /* ReadyViewController.swift */; };
		583659BF23E32B5100E2752F /* ReadyViewModel.swift in Sources */ = {isa = PBXBuildFile; fileRef = 583659BE23E32B5100E2752F /* ReadyViewModel.swift */; };
		583659CC23E4AB7100E2752F /* RoomViewModel.swift in Sources */ = {isa = PBXBuildFile; fileRef = 583659CB23E4AB7100E2752F /* RoomViewModel.swift */; };
		66B8E3541E3CFB1FAA501496 /* Pods_MNT_iOS_MNT_iOSUITests.framework in Frameworks */ = {isa = PBXBuildFile; fileRef = 88EA694FBB02409DA30AB831 /* Pods_MNT_iOS_MNT_iOSUITests.framework */; };
		6F8C0272B30607E25FC8F8C8 /* Pods_MNT_iOS.framework in Frameworks */ = {isa = PBXBuildFile; fileRef = 95E9A4A6BF4DD4A6D97A4951 /* Pods_MNT_iOS.framework */; };
		B13A90DE644E5B9587B70BAD /* Pods_MNT_iOSTests.framework in Frameworks */ = {isa = PBXBuildFile; fileRef = 186C7888D6F657BF5ED2D930 /* Pods_MNT_iOSTests.framework */; };
/* End PBXBuildFile section */

/* Begin PBXContainerItemProxy section */
		1AD6D41B23BF9DBF000B1893 /* PBXContainerItemProxy */ = {
			isa = PBXContainerItemProxy;
			containerPortal = 1AD6D3F923BF9DBC000B1893 /* Project object */;
			proxyType = 1;
			remoteGlobalIDString = 1AD6D40023BF9DBC000B1893;
			remoteInfo = MNT_iOS;
		};
		1AD6D42623BF9DBF000B1893 /* PBXContainerItemProxy */ = {
			isa = PBXContainerItemProxy;
			containerPortal = 1AD6D3F923BF9DBC000B1893 /* Project object */;
			proxyType = 1;
			remoteGlobalIDString = 1AD6D40023BF9DBC000B1893;
			remoteInfo = MNT_iOS;
		};
/* End PBXContainerItemProxy section */

/* Begin PBXFileReference section */
		186C7888D6F657BF5ED2D930 /* Pods_MNT_iOSTests.framework */ = {isa = PBXFileReference; explicitFileType = wrapper.framework; includeInIndex = 0; path = Pods_MNT_iOSTests.framework; sourceTree = BUILT_PRODUCTS_DIR; };
		1A49808423C967C1004B4058 /* LoginController.swift */ = {isa = PBXFileReference; lastKnownFileType = sourcecode.swift; path = LoginController.swift; sourceTree = "<group>"; };
		1A49808623C96925004B4058 /* KakaoOpenSDK-Bridging-Header.h */ = {isa = PBXFileReference; lastKnownFileType = sourcecode.c.h; path = "KakaoOpenSDK-Bridging-Header.h"; sourceTree = "<group>"; };
		1A49808923C96B57004B4058 /* KakaoOpenSDK.framework */ = {isa = PBXFileReference; lastKnownFileType = wrapper.framework; path = KakaoOpenSDK.framework; sourceTree = "<group>"; };
		1A8FAF2F23E0249C009A92C1 /* SceneCoordinator.swift */ = {isa = PBXFileReference; lastKnownFileType = sourcecode.swift; path = SceneCoordinator.swift; sourceTree = "<group>"; };
		1A8FAF3423E02563009A92C1 /* CoordinatorType.swift */ = {isa = PBXFileReference; lastKnownFileType = sourcecode.swift; path = CoordinatorType.swift; sourceTree = "<group>"; };
		1A8FAF4123E060AE009A92C1 /* LoginScene.swift */ = {isa = PBXFileReference; lastKnownFileType = sourcecode.swift; path = LoginScene.swift; sourceTree = "<group>"; };
		1A8FAF4323E0612C009A92C1 /* LoginViewModel.swift */ = {isa = PBXFileReference; lastKnownFileType = sourcecode.swift; path = LoginViewModel.swift; sourceTree = "<group>"; };
		1A8FAF4523E06952009A92C1 /* MainViewModel.swift */ = {isa = PBXFileReference; lastKnownFileType = sourcecode.swift; path = MainViewModel.swift; sourceTree = "<group>"; };
		1A8FAF4723E06A81009A92C1 /* MainScene.swift */ = {isa = PBXFileReference; lastKnownFileType = sourcecode.swift; path = MainScene.swift; sourceTree = "<group>"; };
		1A8FAF4923E0737E009A92C1 /* UIStackView+.swift */ = {isa = PBXFileReference; lastKnownFileType = sourcecode.swift; path = "UIStackView+.swift"; sourceTree = "<group>"; };
		1A8FAF4B23E0755D009A92C1 /* UITextField+.swift */ = {isa = PBXFileReference; lastKnownFileType = sourcecode.swift; path = "UITextField+.swift"; sourceTree = "<group>"; };
		1AAB0E2A23DECA080003A2C4 /* View+.swift */ = {isa = PBXFileReference; lastKnownFileType = sourcecode.swift; path = "View+.swift"; sourceTree = "<group>"; };
		1AAB0E2C23DECBDE0003A2C4 /* UIButton+.swift */ = {isa = PBXFileReference; lastKnownFileType = sourcecode.swift; path = "UIButton+.swift"; sourceTree = "<group>"; };
		1AAB0E2E23DECBFF0003A2C4 /* UILabel+.swift */ = {isa = PBXFileReference; lastKnownFileType = sourcecode.swift; path = "UILabel+.swift"; sourceTree = "<group>"; };
		1AAB0E3023DECC2C0003A2C4 /* CircularImageView.swift */ = {isa = PBXFileReference; lastKnownFileType = sourcecode.swift; path = CircularImageView.swift; sourceTree = "<group>"; };
		1AAB0E3223DECC770003A2C4 /* UIView+Stacking.swift */ = {isa = PBXFileReference; lastKnownFileType = sourcecode.swift; path = "UIView+Stacking.swift"; sourceTree = "<group>"; };
		1AAB0E3423DED2310003A2C4 /* NSObject+Rx.swift */ = {isa = PBXFileReference; lastKnownFileType = sourcecode.swift; path = "NSObject+Rx.swift"; sourceTree = "<group>"; };
		1AAB0E3723DED4240003A2C4 /* ViewController.swift */ = {isa = PBXFileReference; lastKnownFileType = sourcecode.swift; path = ViewController.swift; sourceTree = "<group>"; };
		1AAB0E3923DED4980003A2C4 /* ViewModel.swift */ = {isa = PBXFileReference; lastKnownFileType = sourcecode.swift; path = ViewModel.swift; sourceTree = "<group>"; };
		1AAB0E3B23DED4C50003A2C4 /* ViewModelBindableType.swift */ = {isa = PBXFileReference; lastKnownFileType = sourcecode.swift; path = ViewModelBindableType.swift; sourceTree = "<group>"; };
		1AD6D40123BF9DBC000B1893 /* MNT_iOS.app */ = {isa = PBXFileReference; explicitFileType = wrapper.application; includeInIndex = 0; path = MNT_iOS.app; sourceTree = BUILT_PRODUCTS_DIR; };
		1AD6D40423BF9DBC000B1893 /* AppDelegate.swift */ = {isa = PBXFileReference; lastKnownFileType = sourcecode.swift; path = AppDelegate.swift; sourceTree = "<group>"; };
		1AD6D40623BF9DBC000B1893 /* SceneDelegate.swift */ = {isa = PBXFileReference; lastKnownFileType = sourcecode.swift; path = SceneDelegate.swift; sourceTree = "<group>"; };
		1AD6D40823BF9DBC000B1893 /* MainViewController.swift */ = {isa = PBXFileReference; lastKnownFileType = sourcecode.swift; path = MainViewController.swift; sourceTree = "<group>"; };
		1AD6D40B23BF9DBC000B1893 /* Base */ = {isa = PBXFileReference; lastKnownFileType = file.storyboard; name = Base; path = Base.lproj/Main.storyboard; sourceTree = "<group>"; };
		1AD6D40E23BF9DBC000B1893 /* MNT_iOS.xcdatamodel */ = {isa = PBXFileReference; lastKnownFileType = wrapper.xcdatamodel; path = MNT_iOS.xcdatamodel; sourceTree = "<group>"; };
		1AD6D41023BF9DBF000B1893 /* Assets.xcassets */ = {isa = PBXFileReference; lastKnownFileType = folder.assetcatalog; path = Assets.xcassets; sourceTree = "<group>"; };
		1AD6D41323BF9DBF000B1893 /* Base */ = {isa = PBXFileReference; lastKnownFileType = file.storyboard; name = Base; path = Base.lproj/LaunchScreen.storyboard; sourceTree = "<group>"; };
		1AD6D41523BF9DBF000B1893 /* Info.plist */ = {isa = PBXFileReference; lastKnownFileType = text.plist.xml; path = Info.plist; sourceTree = "<group>"; };
		1AD6D41A23BF9DBF000B1893 /* MNT_iOSTests.xctest */ = {isa = PBXFileReference; explicitFileType = wrapper.cfbundle; includeInIndex = 0; path = MNT_iOSTests.xctest; sourceTree = BUILT_PRODUCTS_DIR; };
		1AD6D41E23BF9DBF000B1893 /* MNT_iOSTests.swift */ = {isa = PBXFileReference; lastKnownFileType = sourcecode.swift; path = MNT_iOSTests.swift; sourceTree = "<group>"; };
		1AD6D42023BF9DBF000B1893 /* Info.plist */ = {isa = PBXFileReference; lastKnownFileType = text.plist.xml; path = Info.plist; sourceTree = "<group>"; };
		1AD6D42523BF9DBF000B1893 /* MNT_iOSUITests.xctest */ = {isa = PBXFileReference; explicitFileType = wrapper.cfbundle; includeInIndex = 0; path = MNT_iOSUITests.xctest; sourceTree = BUILT_PRODUCTS_DIR; };
		1AD6D42923BF9DBF000B1893 /* MNT_iOSUITests.swift */ = {isa = PBXFileReference; lastKnownFileType = sourcecode.swift; path = MNT_iOSUITests.swift; sourceTree = "<group>"; };
		1AD6D42B23BF9DBF000B1893 /* Info.plist */ = {isa = PBXFileReference; lastKnownFileType = text.plist.xml; path = Info.plist; sourceTree = "<group>"; };
		1AFC040123C99841005B7A6F /* Objects+.swift */ = {isa = PBXFileReference; lastKnownFileType = sourcecode.swift; path = "Objects+.swift"; sourceTree = "<group>"; };
		237B29BC7317A4214DD15AB7 /* Pods-MNT_iOS.release.xcconfig */ = {isa = PBXFileReference; includeInIndex = 1; lastKnownFileType = text.xcconfig; name = "Pods-MNT_iOS.release.xcconfig"; path = "Target Support Files/Pods-MNT_iOS/Pods-MNT_iOS.release.xcconfig"; sourceTree = "<group>"; };
		2959EBE188AF473628F98049 /* Pods-MNT_iOS-MNT_iOSUITests.release.xcconfig */ = {isa = PBXFileReference; includeInIndex = 1; lastKnownFileType = text.xcconfig; name = "Pods-MNT_iOS-MNT_iOSUITests.release.xcconfig"; path = "Target Support Files/Pods-MNT_iOS-MNT_iOSUITests/Pods-MNT_iOS-MNT_iOSUITests.release.xcconfig"; sourceTree = "<group>"; };
		341C7360E22267225953F064 /* Pods-MNT_iOSTests.release.xcconfig */ = {isa = PBXFileReference; includeInIndex = 1; lastKnownFileType = text.xcconfig; name = "Pods-MNT_iOSTests.release.xcconfig"; path = "Target Support Files/Pods-MNT_iOSTests/Pods-MNT_iOSTests.release.xcconfig"; sourceTree = "<group>"; };
		4803407A17E8E93EF842E6CF /* Pods-MNT_iOS-MNT_iOSUITests.debug.xcconfig */ = {isa = PBXFileReference; includeInIndex = 1; lastKnownFileType = text.xcconfig; name = "Pods-MNT_iOS-MNT_iOSUITests.debug.xcconfig"; path = "Target Support Files/Pods-MNT_iOS-MNT_iOSUITests/Pods-MNT_iOS-MNT_iOSUITests.debug.xcconfig"; sourceTree = "<group>"; };
		5814FD539E707AB76982D861 /* Pods-MNT_iOS.debug.xcconfig */ = {isa = PBXFileReference; includeInIndex = 1; lastKnownFileType = text.xcconfig; name = "Pods-MNT_iOS.debug.xcconfig"; path = "Target Support Files/Pods-MNT_iOS/Pods-MNT_iOS.debug.xcconfig"; sourceTree = "<group>"; };
		581B15EF23EACE5F00D0593B /* AlertExitViewModel.swift */ = {isa = PBXFileReference; lastKnownFileType = sourcecode.swift; path = AlertExitViewModel.swift; sourceTree = "<group>"; };
		581B15F123EAD04E00D0593B /* AlertExitViewController.swift */ = {isa = PBXFileReference; lastKnownFileType = sourcecode.swift; path = AlertExitViewController.swift; sourceTree = "<group>"; };
		581B15F323EAD55D00D0593B /* ExitScene.swift */ = {isa = PBXFileReference; lastKnownFileType = sourcecode.swift; path = ExitScene.swift; sourceTree = "<group>"; };
		581B15F523EB3BB700D0593B /* KakaoLink.framework */ = {isa = PBXFileReference; lastKnownFileType = wrapper.framework; path = KakaoLink.framework; sourceTree = "<group>"; };
		581B15F723EB3EC200D0593B /* KakaoMessageTemplate.framework */ = {isa = PBXFileReference; lastKnownFileType = wrapper.framework; path = KakaoMessageTemplate.framework; sourceTree = "<group>"; };
		581B15F923EB409400D0593B /* KakaoCommon.framework */ = {isa = PBXFileReference; lastKnownFileType = wrapper.framework; path = KakaoCommon.framework; sourceTree = "<group>"; };
		581B15FB23EC628A00D0593B /* AlertExtension.swift */ = {isa = PBXFileReference; fileEncoding = 4; lastKnownFileType = sourcecode.swift; path = AlertExtension.swift; sourceTree = "<group>"; };
		581B15FD23EC705100D0593B /* ProfileCellViewModel.swift */ = {isa = PBXFileReference; lastKnownFileType = sourcecode.swift; path = ProfileCellViewModel.swift; sourceTree = "<group>"; };
		581B15FF23EC70FD00D0593B /* ManittoProfile.swift */ = {isa = PBXFileReference; lastKnownFileType = sourcecode.swift; path = ManittoProfile.swift; sourceTree = "<group>"; };
		581B160123EC735400D0593B /* GuessViewModel.swift */ = {isa = PBXFileReference; lastKnownFileType = sourcecode.swift; path = GuessViewModel.swift; sourceTree = "<group>"; };
		581B160723EC741C00D0593B /* ProfileCollectionViewCell.swift */ = {isa = PBXFileReference; lastKnownFileType = sourcecode.swift; path = ProfileCollectionViewCell.swift; sourceTree = "<group>"; };
		581B160823EC741C00D0593B /* ProfileCollectionViewCell.xib */ = {isa = PBXFileReference; lastKnownFileType = file.xib; path = ProfileCollectionViewCell.xib; sourceTree = "<group>"; };
		581B160B23EC760D00D0593B /* GuessViewController.swift */ = {isa = PBXFileReference; lastKnownFileType = sourcecode.swift; path = GuessViewController.swift; sourceTree = "<group>"; };
		581B160D23EC790D00D0593B /* UICollectionView+.swift */ = {isa = PBXFileReference; fileEncoding = 4; lastKnownFileType = sourcecode.swift; path = "UICollectionView+.swift"; sourceTree = "<group>"; };
		581B161523ECB2CB00D0593B /* UIAlertController+.swift */ = {isa = PBXFileReference; lastKnownFileType = sourcecode.swift; path = "UIAlertController+.swift"; sourceTree = "<group>"; };
		581B161723ECB58F00D0593B /* UIApplication+.swift */ = {isa = PBXFileReference; lastKnownFileType = sourcecode.swift; path = "UIApplication+.swift"; sourceTree = "<group>"; };
		581B161923ED6E3000D0593B /* FromToViewController.swift */ = {isa = PBXFileReference; lastKnownFileType = sourcecode.swift; path = FromToViewController.swift; sourceTree = "<group>"; };
		583659A423E146E600E2752F /* SetRoomTitleViewController.swift */ = {isa = PBXFileReference; lastKnownFileType = sourcecode.swift; path = SetRoomTitleViewController.swift; sourceTree = "<group>"; };
		583659A623E153DC00E2752F /* JoinRoomViewModel.swift */ = {isa = PBXFileReference; lastKnownFileType = sourcecode.swift; path = JoinRoomViewModel.swift; sourceTree = "<group>"; };
		583659A823E1547700E2752F /* SetRoomTitleViewModel.swift */ = {isa = PBXFileReference; lastKnownFileType = sourcecode.swift; path = SetRoomTitleViewModel.swift; sourceTree = "<group>"; };
		583659AA23E158A200E2752F /* JoinRoomViewController.swift */ = {isa = PBXFileReference; lastKnownFileType = sourcecode.swift; path = JoinRoomViewController.swift; sourceTree = "<group>"; };
		583659B223E19F4800E2752F /* BaseNavigationController.swift */ = {isa = PBXFileReference; lastKnownFileType = sourcecode.swift; path = BaseNavigationController.swift; sourceTree = "<group>"; };
		583659B423E1B9FE00E2752F /* SetRoomDetailViewController.swift */ = {isa = PBXFileReference; lastKnownFileType = sourcecode.swift; path = SetRoomDetailViewController.swift; sourceTree = "<group>"; };
		583659B623E1BA2500E2752F /* SetRoomDetailViewModel.swift */ = {isa = PBXFileReference; lastKnownFileType = sourcecode.swift; path = SetRoomDetailViewModel.swift; sourceTree = "<group>"; };
		583659BC23E32AA300E2752F /* ReadyViewController.swift */ = {isa = PBXFileReference; lastKnownFileType = sourcecode.swift; path = ReadyViewController.swift; sourceTree = "<group>"; };
		583659BE23E32B5100E2752F /* ReadyViewModel.swift */ = {isa = PBXFileReference; lastKnownFileType = sourcecode.swift; path = ReadyViewModel.swift; sourceTree = "<group>"; };
		583659CB23E4AB7100E2752F /* RoomViewModel.swift */ = {isa = PBXFileReference; lastKnownFileType = sourcecode.swift; path = RoomViewModel.swift; sourceTree = "<group>"; };
		88EA694FBB02409DA30AB831 /* Pods_MNT_iOS_MNT_iOSUITests.framework */ = {isa = PBXFileReference; explicitFileType = wrapper.framework; includeInIndex = 0; path = Pods_MNT_iOS_MNT_iOSUITests.framework; sourceTree = BUILT_PRODUCTS_DIR; };
		95E9A4A6BF4DD4A6D97A4951 /* Pods_MNT_iOS.framework */ = {isa = PBXFileReference; explicitFileType = wrapper.framework; includeInIndex = 0; path = Pods_MNT_iOS.framework; sourceTree = BUILT_PRODUCTS_DIR; };
		AB74A15F01BF71A867A7F874 /* Pods-MNT_iOSTests.debug.xcconfig */ = {isa = PBXFileReference; includeInIndex = 1; lastKnownFileType = text.xcconfig; name = "Pods-MNT_iOSTests.debug.xcconfig"; path = "Target Support Files/Pods-MNT_iOSTests/Pods-MNT_iOSTests.debug.xcconfig"; sourceTree = "<group>"; };
/* End PBXFileReference section */

/* Begin PBXFrameworksBuildPhase section */
		1AD6D3FE23BF9DBC000B1893 /* Frameworks */ = {
			isa = PBXFrameworksBuildPhase;
			buildActionMask = 2147483647;
			files = (
				581B15FA23EB409500D0593B /* KakaoCommon.framework in Frameworks */,
				1A49808A23C96B57004B4058 /* KakaoOpenSDK.framework in Frameworks */,
				6F8C0272B30607E25FC8F8C8 /* Pods_MNT_iOS.framework in Frameworks */,
				581B15F823EB3EC200D0593B /* KakaoMessageTemplate.framework in Frameworks */,
				581B15F623EB3BB700D0593B /* KakaoLink.framework in Frameworks */,
			);
			runOnlyForDeploymentPostprocessing = 0;
		};
		1AD6D41723BF9DBF000B1893 /* Frameworks */ = {
			isa = PBXFrameworksBuildPhase;
			buildActionMask = 2147483647;
			files = (
				B13A90DE644E5B9587B70BAD /* Pods_MNT_iOSTests.framework in Frameworks */,
			);
			runOnlyForDeploymentPostprocessing = 0;
		};
		1AD6D42223BF9DBF000B1893 /* Frameworks */ = {
			isa = PBXFrameworksBuildPhase;
			buildActionMask = 2147483647;
			files = (
				66B8E3541E3CFB1FAA501496 /* Pods_MNT_iOS_MNT_iOSUITests.framework in Frameworks */,
			);
			runOnlyForDeploymentPostprocessing = 0;
		};
/* End PBXFrameworksBuildPhase section */

/* Begin PBXGroup section */
		1A49808023C962F8004B4058 /* Frameworks */ = {
			isa = PBXGroup;
			children = (
				581B15F923EB409400D0593B /* KakaoCommon.framework */,
				581B15F723EB3EC200D0593B /* KakaoMessageTemplate.framework */,
				581B15F523EB3BB700D0593B /* KakaoLink.framework */,
				1A49808923C96B57004B4058 /* KakaoOpenSDK.framework */,
				95E9A4A6BF4DD4A6D97A4951 /* Pods_MNT_iOS.framework */,
				88EA694FBB02409DA30AB831 /* Pods_MNT_iOS_MNT_iOSUITests.framework */,
				186C7888D6F657BF5ED2D930 /* Pods_MNT_iOSTests.framework */,
			);
			path = Frameworks;
			sourceTree = "<group>";
		};
		1A8FAF3123E02520009A92C1 /* Coordinator */ = {
			isa = PBXGroup;
			children = (
				1A8FAF2F23E0249C009A92C1 /* SceneCoordinator.swift */,
				1A8FAF3423E02563009A92C1 /* CoordinatorType.swift */,
			);
			path = Coordinator;
			sourceTree = "<group>";
		};
		1A8FAF3223E0252B009A92C1 /* ViewController */ = {
			isa = PBXGroup;
			children = (
				1AAB0E3723DED4240003A2C4 /* ViewController.swift */,
				583659B223E19F4800E2752F /* BaseNavigationController.swift */,
			);
			path = ViewController;
			sourceTree = "<group>";
		};
		1A8FAF3323E02533009A92C1 /* ViewModel */ = {
			isa = PBXGroup;
			children = (
				1AAB0E3923DED4980003A2C4 /* ViewModel.swift */,
				1AAB0E3B23DED4C50003A2C4 /* ViewModelBindableType.swift */,
			);
			path = ViewModel;
			sourceTree = "<group>";
		};
		1A8FAF3623E05D78009A92C1 /* Main */ = {
			isa = PBXGroup;
			children = (
				583659C323E4A40F00E2752F /* Administrator */,
				583659C223E4A40300E2752F /* Participant */,
				1A8FAF3F23E05FAE009A92C1 /* Model */,
				1A8FAF3D23E05FA4009A92C1 /* View */,
				1A8FAF3E23E05FA7009A92C1 /* ViewModel */,
				1A8FAF3C23E05F9C009A92C1 /* Scene */,
			);
			path = Main;
			sourceTree = "<group>";
		};
		1A8FAF3723E05D7E009A92C1 /* Login */ = {
			isa = PBXGroup;
			children = (
				1A8FAF3823E05DA7009A92C1 /* Model */,
				1A8FAF3B23E05E05009A92C1 /* View */,
				1A8FAF3A23E05DFE009A92C1 /* ViewModel */,
				1A8FAF3923E05DB1009A92C1 /* Scene */,
			);
			path = Login;
			sourceTree = "<group>";
		};
		1A8FAF3823E05DA7009A92C1 /* Model */ = {
			isa = PBXGroup;
			children = (
			);
			path = Model;
			sourceTree = "<group>";
		};
		1A8FAF3923E05DB1009A92C1 /* Scene */ = {
			isa = PBXGroup;
			children = (
				1A8FAF4123E060AE009A92C1 /* LoginScene.swift */,
			);
			path = Scene;
			sourceTree = "<group>";
		};
		1A8FAF3A23E05DFE009A92C1 /* ViewModel */ = {
			isa = PBXGroup;
			children = (
				1A8FAF4323E0612C009A92C1 /* LoginViewModel.swift */,
			);
			path = ViewModel;
			sourceTree = "<group>";
		};
		1A8FAF3B23E05E05009A92C1 /* View */ = {
			isa = PBXGroup;
			children = (
				1A49808423C967C1004B4058 /* LoginController.swift */,
			);
			path = View;
			sourceTree = "<group>";
		};
		1A8FAF3C23E05F9C009A92C1 /* Scene */ = {
			isa = PBXGroup;
			children = (
				1A8FAF4723E06A81009A92C1 /* MainScene.swift */,
			);
			path = Scene;
			sourceTree = "<group>";
		};
		1A8FAF3D23E05FA4009A92C1 /* View */ = {
			isa = PBXGroup;
			children = (
				1AD6D40823BF9DBC000B1893 /* MainViewController.swift */,
				583659BC23E32AA300E2752F /* ReadyViewController.swift */,
			);
			path = View;
			sourceTree = "<group>";
		};
		1A8FAF3E23E05FA7009A92C1 /* ViewModel */ = {
			isa = PBXGroup;
			children = (
				1A8FAF4523E06952009A92C1 /* MainViewModel.swift */,
				583659BE23E32B5100E2752F /* ReadyViewModel.swift */,
				583659CB23E4AB7100E2752F /* RoomViewModel.swift */,
			);
			path = ViewModel;
			sourceTree = "<group>";
		};
		1A8FAF3F23E05FAE009A92C1 /* Model */ = {
			isa = PBXGroup;
			children = (
			);
			path = Model;
			sourceTree = "<group>";
		};
		1A8FAF4023E05FCF009A92C1 /* Supporting Files */ = {
			isa = PBXGroup;
			children = (
				1AD6D40623BF9DBC000B1893 /* SceneDelegate.swift */,
				1AD6D41023BF9DBF000B1893 /* Assets.xcassets */,
			);
			path = "Supporting Files";
			sourceTree = "<group>";
		};
		1AAB0E3623DED4190003A2C4 /* Common */ = {
			isa = PBXGroup;
			children = (
				1A8FAF3323E02533009A92C1 /* ViewModel */,
				1A8FAF3223E0252B009A92C1 /* ViewController */,
				1A8FAF3123E02520009A92C1 /* Coordinator */,
			);
			path = Common;
			sourceTree = "<group>";
		};
		1AD6D3F823BF9DBC000B1893 = {
			isa = PBXGroup;
			children = (
				1A49808623C96925004B4058 /* KakaoOpenSDK-Bridging-Header.h */,
				1A49808023C962F8004B4058 /* Frameworks */,
				1AD6D40323BF9DBC000B1893 /* MNT_iOS */,
				1AD6D41D23BF9DBF000B1893 /* MNT_iOSTests */,
				1AD6D42823BF9DBF000B1893 /* MNT_iOSUITests */,
				1AD6D40223BF9DBC000B1893 /* Products */,
				A6288BC690BACDCA5EA794E6 /* Pods */,
			);
			sourceTree = "<group>";
		};
		1AD6D40223BF9DBC000B1893 /* Products */ = {
			isa = PBXGroup;
			children = (
				1AD6D40123BF9DBC000B1893 /* MNT_iOS.app */,
				1AD6D41A23BF9DBF000B1893 /* MNT_iOSTests.xctest */,
				1AD6D42523BF9DBF000B1893 /* MNT_iOSUITests.xctest */,
			);
			name = Products;
			sourceTree = "<group>";
		};
		1AD6D40323BF9DBC000B1893 /* MNT_iOS */ = {
			isa = PBXGroup;
			children = (
				1A8FAF3723E05D7E009A92C1 /* Login */,
				1A8FAF3623E05D78009A92C1 /* Main */,
				581B15E123EACB1900D0593B /* Exit */,
				1AAB0E3623DED4190003A2C4 /* Common */,
				1AFC040023C99831005B7A6F /* Extensions */,
				1AD6D40423BF9DBC000B1893 /* AppDelegate.swift */,
				1A8FAF4023E05FCF009A92C1 /* Supporting Files */,
				1AD6D40A23BF9DBC000B1893 /* Main.storyboard */,
				1AD6D41223BF9DBF000B1893 /* LaunchScreen.storyboard */,
				1AD6D41523BF9DBF000B1893 /* Info.plist */,
				1AD6D40D23BF9DBC000B1893 /* MNT_iOS.xcdatamodeld */,
			);
			path = MNT_iOS;
			sourceTree = "<group>";
		};
		1AD6D41D23BF9DBF000B1893 /* MNT_iOSTests */ = {
			isa = PBXGroup;
			children = (
				1AD6D41E23BF9DBF000B1893 /* MNT_iOSTests.swift */,
				1AD6D42023BF9DBF000B1893 /* Info.plist */,
			);
			path = MNT_iOSTests;
			sourceTree = "<group>";
		};
		1AD6D42823BF9DBF000B1893 /* MNT_iOSUITests */ = {
			isa = PBXGroup;
			children = (
				1AD6D42923BF9DBF000B1893 /* MNT_iOSUITests.swift */,
				1AD6D42B23BF9DBF000B1893 /* Info.plist */,
			);
			path = MNT_iOSUITests;
			sourceTree = "<group>";
		};
		1AFC040023C99831005B7A6F /* Extensions */ = {
			isa = PBXGroup;
			children = (
				1AFC040123C99841005B7A6F /* Objects+.swift */,
				1AAB0E2A23DECA080003A2C4 /* View+.swift */,
				1AAB0E2C23DECBDE0003A2C4 /* UIButton+.swift */,
				1AAB0E2E23DECBFF0003A2C4 /* UILabel+.swift */,
				1AAB0E3023DECC2C0003A2C4 /* CircularImageView.swift */,
				1AAB0E3223DECC770003A2C4 /* UIView+Stacking.swift */,
				1AAB0E3423DED2310003A2C4 /* NSObject+Rx.swift */,
				1A8FAF4923E0737E009A92C1 /* UIStackView+.swift */,
				1A8FAF4B23E0755D009A92C1 /* UITextField+.swift */,
				581B15FB23EC628A00D0593B /* AlertExtension.swift */,
				581B160D23EC790D00D0593B /* UICollectionView+.swift */,
				581B161523ECB2CB00D0593B /* UIAlertController+.swift */,
				581B161723ECB58F00D0593B /* UIApplication+.swift */,
			);
			path = Extensions;
			sourceTree = "<group>";
		};
		581B15E123EACB1900D0593B /* Exit */ = {
			isa = PBXGroup;
			children = (
				581B15E223EACD4100D0593B /* Administrator */,
				581B15E623EACD6C00D0593B /* Participant */,
				581B15EE23EACDF200D0593B /* Model */,
				581B15ED23EACDEE00D0593B /* View */,
				581B15EC23EACDE400D0593B /* ViewModel */,
				581B15EB23EACDDB00D0593B /* Scene */,
			);
			path = Exit;
			sourceTree = "<group>";
		};
		581B15E223EACD4100D0593B /* Administrator */ = {
			isa = PBXGroup;
			children = (
				581B15E323EACD4D00D0593B /* Model */,
				581B15E423EACD5400D0593B /* ViewModel */,
				581B15E523EACD6100D0593B /* View */,
			);
			path = Administrator;
			sourceTree = "<group>";
		};
		581B15E323EACD4D00D0593B /* Model */ = {
			isa = PBXGroup;
			children = (
			);
			path = Model;
			sourceTree = "<group>";
		};
		581B15E423EACD5400D0593B /* ViewModel */ = {
			isa = PBXGroup;
			children = (
			);
			path = ViewModel;
			sourceTree = "<group>";
		};
		581B15E523EACD6100D0593B /* View */ = {
			isa = PBXGroup;
			children = (
			);
			path = View;
			sourceTree = "<group>";
		};
		581B15E623EACD6C00D0593B /* Participant */ = {
			isa = PBXGroup;
			children = (
				581B15E723EACD8500D0593B /* Model */,
				581B15EA23EACDBB00D0593B /* ViewModel */,
				581B15E923EACD9600D0593B /* View */,
			);
			path = Participant;
			sourceTree = "<group>";
		};
		581B15E723EACD8500D0593B /* Model */ = {
			isa = PBXGroup;
			children = (
				581B15FF23EC70FD00D0593B /* ManittoProfile.swift */,
			);
			path = Model;
			sourceTree = "<group>";
		};
		581B15E923EACD9600D0593B /* View */ = {
			isa = PBXGroup;
			children = (
				581B15F123EAD04E00D0593B /* AlertExitViewController.swift */,
				581B160723EC741C00D0593B /* ProfileCollectionViewCell.swift */,
				581B160823EC741C00D0593B /* ProfileCollectionViewCell.xib */,
				581B160B23EC760D00D0593B /* GuessViewController.swift */,
				581B161923ED6E3000D0593B /* FromToViewController.swift */,
			);
			path = View;
			sourceTree = "<group>";
		};
		581B15EA23EACDBB00D0593B /* ViewModel */ = {
			isa = PBXGroup;
			children = (
				581B15EF23EACE5F00D0593B /* AlertExitViewModel.swift */,
				581B15FD23EC705100D0593B /* ProfileCellViewModel.swift */,
				581B160123EC735400D0593B /* GuessViewModel.swift */,
			);
			path = ViewModel;
			sourceTree = "<group>";
		};
		581B15EB23EACDDB00D0593B /* Scene */ = {
			isa = PBXGroup;
			children = (
				581B15F323EAD55D00D0593B /* ExitScene.swift */,
			);
			path = Scene;
			sourceTree = "<group>";
		};
		581B15EC23EACDE400D0593B /* ViewModel */ = {
			isa = PBXGroup;
			children = (
			);
			path = ViewModel;
			sourceTree = "<group>";
		};
		581B15ED23EACDEE00D0593B /* View */ = {
			isa = PBXGroup;
			children = (
			);
			path = View;
			sourceTree = "<group>";
		};
		581B15EE23EACDF200D0593B /* Model */ = {
			isa = PBXGroup;
			children = (
			);
			path = Model;
			sourceTree = "<group>";
		};
		583659C223E4A40300E2752F /* Participant */ = {
			isa = PBXGroup;
			children = (
				583659C723E4A45300E2752F /* Model */,
				583659C923E4A46F00E2752F /* ViewModel */,
				583659CA23E4A47800E2752F /* View */,
			);
			path = Participant;
			sourceTree = "<group>";
		};
		583659C323E4A40F00E2752F /* Administrator */ = {
			isa = PBXGroup;
			children = (
				583659C423E4A43400E2752F /* Model */,
				583659C523E4A43A00E2752F /* ViewModel */,
				583659C623E4A44400E2752F /* View */,
			);
			path = Administrator;
			sourceTree = "<group>";
		};
		583659C423E4A43400E2752F /* Model */ = {
			isa = PBXGroup;
			children = (
			);
			path = Model;
			sourceTree = "<group>";
		};
		583659C523E4A43A00E2752F /* ViewModel */ = {
			isa = PBXGroup;
			children = (
				583659A823E1547700E2752F /* SetRoomTitleViewModel.swift */,
				583659B623E1BA2500E2752F /* SetRoomDetailViewModel.swift */,
			);
			path = ViewModel;
			sourceTree = "<group>";
		};
		583659C623E4A44400E2752F /* View */ = {
			isa = PBXGroup;
			children = (
				583659A423E146E600E2752F /* SetRoomTitleViewController.swift */,
				583659B423E1B9FE00E2752F /* SetRoomDetailViewController.swift */,
			);
			path = View;
			sourceTree = "<group>";
		};
		583659C723E4A45300E2752F /* Model */ = {
			isa = PBXGroup;
			children = (
			);
			path = Model;
			sourceTree = "<group>";
		};
		583659C923E4A46F00E2752F /* ViewModel */ = {
			isa = PBXGroup;
			children = (
				583659A623E153DC00E2752F /* JoinRoomViewModel.swift */,
			);
			path = ViewModel;
			sourceTree = "<group>";
		};
		583659CA23E4A47800E2752F /* View */ = {
			isa = PBXGroup;
			children = (
				583659AA23E158A200E2752F /* JoinRoomViewController.swift */,
			);
			path = View;
			sourceTree = "<group>";
		};
		A6288BC690BACDCA5EA794E6 /* Pods */ = {
			isa = PBXGroup;
			children = (
				5814FD539E707AB76982D861 /* Pods-MNT_iOS.debug.xcconfig */,
				237B29BC7317A4214DD15AB7 /* Pods-MNT_iOS.release.xcconfig */,
				4803407A17E8E93EF842E6CF /* Pods-MNT_iOS-MNT_iOSUITests.debug.xcconfig */,
				2959EBE188AF473628F98049 /* Pods-MNT_iOS-MNT_iOSUITests.release.xcconfig */,
				AB74A15F01BF71A867A7F874 /* Pods-MNT_iOSTests.debug.xcconfig */,
				341C7360E22267225953F064 /* Pods-MNT_iOSTests.release.xcconfig */,
			);
			path = Pods;
			sourceTree = "<group>";
		};
/* End PBXGroup section */

/* Begin PBXNativeTarget section */
		1AD6D40023BF9DBC000B1893 /* MNT_iOS */ = {
			isa = PBXNativeTarget;
			buildConfigurationList = 1AD6D42E23BF9DBF000B1893 /* Build configuration list for PBXNativeTarget "MNT_iOS" */;
			buildPhases = (
				3C73F0E4134FD318E7282178 /* [CP] Check Pods Manifest.lock */,
				1AD6D3FD23BF9DBC000B1893 /* Sources */,
				1AD6D3FE23BF9DBC000B1893 /* Frameworks */,
				1AD6D3FF23BF9DBC000B1893 /* Resources */,
				41F1F912363A45F264B539D3 /* [CP] Embed Pods Frameworks */,
			);
			buildRules = (
			);
			dependencies = (
			);
			name = MNT_iOS;
			productName = MNT_iOS;
			productReference = 1AD6D40123BF9DBC000B1893 /* MNT_iOS.app */;
			productType = "com.apple.product-type.application";
		};
		1AD6D41923BF9DBF000B1893 /* MNT_iOSTests */ = {
			isa = PBXNativeTarget;
			buildConfigurationList = 1AD6D43123BF9DBF000B1893 /* Build configuration list for PBXNativeTarget "MNT_iOSTests" */;
			buildPhases = (
				573AC3BFE7C9428686E29434 /* [CP] Check Pods Manifest.lock */,
				1AD6D41623BF9DBF000B1893 /* Sources */,
				1AD6D41723BF9DBF000B1893 /* Frameworks */,
				1AD6D41823BF9DBF000B1893 /* Resources */,
			);
			buildRules = (
			);
			dependencies = (
				1AD6D41C23BF9DBF000B1893 /* PBXTargetDependency */,
			);
			name = MNT_iOSTests;
			productName = MNT_iOSTests;
			productReference = 1AD6D41A23BF9DBF000B1893 /* MNT_iOSTests.xctest */;
			productType = "com.apple.product-type.bundle.unit-test";
		};
		1AD6D42423BF9DBF000B1893 /* MNT_iOSUITests */ = {
			isa = PBXNativeTarget;
			buildConfigurationList = 1AD6D43423BF9DBF000B1893 /* Build configuration list for PBXNativeTarget "MNT_iOSUITests" */;
			buildPhases = (
				B9890613B976AE3758D3A679 /* [CP] Check Pods Manifest.lock */,
				1AD6D42123BF9DBF000B1893 /* Sources */,
				1AD6D42223BF9DBF000B1893 /* Frameworks */,
				1AD6D42323BF9DBF000B1893 /* Resources */,
				1CD14539175575FE958C27ED /* [CP] Embed Pods Frameworks */,
			);
			buildRules = (
			);
			dependencies = (
				1AD6D42723BF9DBF000B1893 /* PBXTargetDependency */,
			);
			name = MNT_iOSUITests;
			productName = MNT_iOSUITests;
			productReference = 1AD6D42523BF9DBF000B1893 /* MNT_iOSUITests.xctest */;
			productType = "com.apple.product-type.bundle.ui-testing";
		};
/* End PBXNativeTarget section */

/* Begin PBXProject section */
		1AD6D3F923BF9DBC000B1893 /* Project object */ = {
			isa = PBXProject;
			attributes = {
				LastSwiftUpdateCheck = 1110;
				LastUpgradeCheck = 1110;
				ORGANIZATIONNAME = "최민섭";
				TargetAttributes = {
					1AD6D40023BF9DBC000B1893 = {
						CreatedOnToolsVersion = 11.1;
					};
					1AD6D41923BF9DBF000B1893 = {
						CreatedOnToolsVersion = 11.1;
						TestTargetID = 1AD6D40023BF9DBC000B1893;
					};
					1AD6D42423BF9DBF000B1893 = {
						CreatedOnToolsVersion = 11.1;
						TestTargetID = 1AD6D40023BF9DBC000B1893;
					};
				};
			};
			buildConfigurationList = 1AD6D3FC23BF9DBC000B1893 /* Build configuration list for PBXProject "MNT_iOS" */;
			compatibilityVersion = "Xcode 9.3";
			developmentRegion = en;
			hasScannedForEncodings = 0;
			knownRegions = (
				en,
				Base,
			);
			mainGroup = 1AD6D3F823BF9DBC000B1893;
			productRefGroup = 1AD6D40223BF9DBC000B1893 /* Products */;
			projectDirPath = "";
			projectRoot = "";
			targets = (
				1AD6D40023BF9DBC000B1893 /* MNT_iOS */,
				1AD6D41923BF9DBF000B1893 /* MNT_iOSTests */,
				1AD6D42423BF9DBF000B1893 /* MNT_iOSUITests */,
			);
		};
/* End PBXProject section */

/* Begin PBXResourcesBuildPhase section */
		1AD6D3FF23BF9DBC000B1893 /* Resources */ = {
			isa = PBXResourcesBuildPhase;
			buildActionMask = 2147483647;
			files = (
				1AD6D41423BF9DBF000B1893 /* LaunchScreen.storyboard in Resources */,
				1AD6D41123BF9DBF000B1893 /* Assets.xcassets in Resources */,
				581B160A23EC741C00D0593B /* ProfileCollectionViewCell.xib in Resources */,
				1AD6D40C23BF9DBC000B1893 /* Main.storyboard in Resources */,
			);
			runOnlyForDeploymentPostprocessing = 0;
		};
		1AD6D41823BF9DBF000B1893 /* Resources */ = {
			isa = PBXResourcesBuildPhase;
			buildActionMask = 2147483647;
			files = (
			);
			runOnlyForDeploymentPostprocessing = 0;
		};
		1AD6D42323BF9DBF000B1893 /* Resources */ = {
			isa = PBXResourcesBuildPhase;
			buildActionMask = 2147483647;
			files = (
			);
			runOnlyForDeploymentPostprocessing = 0;
		};
/* End PBXResourcesBuildPhase section */

/* Begin PBXShellScriptBuildPhase section */
		1CD14539175575FE958C27ED /* [CP] Embed Pods Frameworks */ = {
			isa = PBXShellScriptBuildPhase;
			buildActionMask = 2147483647;
			files = (
			);
			inputFileListPaths = (
				"${PODS_ROOT}/Target Support Files/Pods-MNT_iOS-MNT_iOSUITests/Pods-MNT_iOS-MNT_iOSUITests-frameworks-${CONFIGURATION}-input-files.xcfilelist",
			);
			name = "[CP] Embed Pods Frameworks";
			outputFileListPaths = (
				"${PODS_ROOT}/Target Support Files/Pods-MNT_iOS-MNT_iOSUITests/Pods-MNT_iOS-MNT_iOSUITests-frameworks-${CONFIGURATION}-output-files.xcfilelist",
			);
			runOnlyForDeploymentPostprocessing = 0;
			shellPath = /bin/sh;
			shellScript = "\"${PODS_ROOT}/Target Support Files/Pods-MNT_iOS-MNT_iOSUITests/Pods-MNT_iOS-MNT_iOSUITests-frameworks.sh\"\n";
			showEnvVarsInLog = 0;
		};
		3C73F0E4134FD318E7282178 /* [CP] Check Pods Manifest.lock */ = {
			isa = PBXShellScriptBuildPhase;
			buildActionMask = 2147483647;
			files = (
			);
			inputFileListPaths = (
			);
			inputPaths = (
				"${PODS_PODFILE_DIR_PATH}/Podfile.lock",
				"${PODS_ROOT}/Manifest.lock",
			);
			name = "[CP] Check Pods Manifest.lock";
			outputFileListPaths = (
			);
			outputPaths = (
				"$(DERIVED_FILE_DIR)/Pods-MNT_iOS-checkManifestLockResult.txt",
			);
			runOnlyForDeploymentPostprocessing = 0;
			shellPath = /bin/sh;
			shellScript = "diff \"${PODS_PODFILE_DIR_PATH}/Podfile.lock\" \"${PODS_ROOT}/Manifest.lock\" > /dev/null\nif [ $? != 0 ] ; then\n    # print error to STDERR\n    echo \"error: The sandbox is not in sync with the Podfile.lock. Run 'pod install' or update your CocoaPods installation.\" >&2\n    exit 1\nfi\n# This output is used by Xcode 'outputs' to avoid re-running this script phase.\necho \"SUCCESS\" > \"${SCRIPT_OUTPUT_FILE_0}\"\n";
			showEnvVarsInLog = 0;
		};
		41F1F912363A45F264B539D3 /* [CP] Embed Pods Frameworks */ = {
			isa = PBXShellScriptBuildPhase;
			buildActionMask = 2147483647;
			files = (
			);
			inputFileListPaths = (
				"${PODS_ROOT}/Target Support Files/Pods-MNT_iOS/Pods-MNT_iOS-frameworks-${CONFIGURATION}-input-files.xcfilelist",
			);
			name = "[CP] Embed Pods Frameworks";
			outputFileListPaths = (
				"${PODS_ROOT}/Target Support Files/Pods-MNT_iOS/Pods-MNT_iOS-frameworks-${CONFIGURATION}-output-files.xcfilelist",
			);
			runOnlyForDeploymentPostprocessing = 0;
			shellPath = /bin/sh;
			shellScript = "\"${PODS_ROOT}/Target Support Files/Pods-MNT_iOS/Pods-MNT_iOS-frameworks.sh\"\n";
			showEnvVarsInLog = 0;
		};
		573AC3BFE7C9428686E29434 /* [CP] Check Pods Manifest.lock */ = {
			isa = PBXShellScriptBuildPhase;
			buildActionMask = 2147483647;
			files = (
			);
			inputFileListPaths = (
			);
			inputPaths = (
				"${PODS_PODFILE_DIR_PATH}/Podfile.lock",
				"${PODS_ROOT}/Manifest.lock",
			);
			name = "[CP] Check Pods Manifest.lock";
			outputFileListPaths = (
			);
			outputPaths = (
				"$(DERIVED_FILE_DIR)/Pods-MNT_iOSTests-checkManifestLockResult.txt",
			);
			runOnlyForDeploymentPostprocessing = 0;
			shellPath = /bin/sh;
			shellScript = "diff \"${PODS_PODFILE_DIR_PATH}/Podfile.lock\" \"${PODS_ROOT}/Manifest.lock\" > /dev/null\nif [ $? != 0 ] ; then\n    # print error to STDERR\n    echo \"error: The sandbox is not in sync with the Podfile.lock. Run 'pod install' or update your CocoaPods installation.\" >&2\n    exit 1\nfi\n# This output is used by Xcode 'outputs' to avoid re-running this script phase.\necho \"SUCCESS\" > \"${SCRIPT_OUTPUT_FILE_0}\"\n";
			showEnvVarsInLog = 0;
		};
		B9890613B976AE3758D3A679 /* [CP] Check Pods Manifest.lock */ = {
			isa = PBXShellScriptBuildPhase;
			buildActionMask = 2147483647;
			files = (
			);
			inputFileListPaths = (
			);
			inputPaths = (
				"${PODS_PODFILE_DIR_PATH}/Podfile.lock",
				"${PODS_ROOT}/Manifest.lock",
			);
			name = "[CP] Check Pods Manifest.lock";
			outputFileListPaths = (
			);
			outputPaths = (
				"$(DERIVED_FILE_DIR)/Pods-MNT_iOS-MNT_iOSUITests-checkManifestLockResult.txt",
			);
			runOnlyForDeploymentPostprocessing = 0;
			shellPath = /bin/sh;
			shellScript = "diff \"${PODS_PODFILE_DIR_PATH}/Podfile.lock\" \"${PODS_ROOT}/Manifest.lock\" > /dev/null\nif [ $? != 0 ] ; then\n    # print error to STDERR\n    echo \"error: The sandbox is not in sync with the Podfile.lock. Run 'pod install' or update your CocoaPods installation.\" >&2\n    exit 1\nfi\n# This output is used by Xcode 'outputs' to avoid re-running this script phase.\necho \"SUCCESS\" > \"${SCRIPT_OUTPUT_FILE_0}\"\n";
			showEnvVarsInLog = 0;
		};
/* End PBXShellScriptBuildPhase section */

/* Begin PBXSourcesBuildPhase section */
		1AD6D3FD23BF9DBC000B1893 /* Sources */ = {
			isa = PBXSourcesBuildPhase;
			buildActionMask = 2147483647;
			files = (
				583659BD23E32AA300E2752F /* ReadyViewController.swift in Sources */,
				583659A923E1547700E2752F /* SetRoomTitleViewModel.swift in Sources */,
				583659A723E153DC00E2752F /* JoinRoomViewModel.swift in Sources */,
				1A8FAF3023E0249C009A92C1 /* SceneCoordinator.swift in Sources */,
				1AAB0E3823DED4240003A2C4 /* ViewController.swift in Sources */,
				581B15F423EAD55D00D0593B /* ExitScene.swift in Sources */,
				1A8FAF4C23E0755D009A92C1 /* UITextField+.swift in Sources */,
				583659B523E1B9FE00E2752F /* SetRoomDetailViewController.swift in Sources */,
				1AAB0E2F23DECBFF0003A2C4 /* UILabel+.swift in Sources */,
				1A8FAF4823E06A81009A92C1 /* MainScene.swift in Sources */,
				1AFC040223C99841005B7A6F /* Objects+.swift in Sources */,
				581B160E23EC790D00D0593B /* UICollectionView+.swift in Sources */,
				583659B323E19F4800E2752F /* BaseNavigationController.swift in Sources */,
				1A8FAF4223E060AE009A92C1 /* LoginScene.swift in Sources */,
				581B160923EC741C00D0593B /* ProfileCollectionViewCell.swift in Sources */,
				581B161823ECB58F00D0593B /* UIApplication+.swift in Sources */,
				1AAB0E3A23DED4980003A2C4 /* ViewModel.swift in Sources */,
				1AD6D40923BF9DBC000B1893 /* MainViewController.swift in Sources */,
				1AD6D40F23BF9DBC000B1893 /* MNT_iOS.xcdatamodeld in Sources */,
				1AD6D40523BF9DBC000B1893 /* AppDelegate.swift in Sources */,
				583659BF23E32B5100E2752F /* ReadyViewModel.swift in Sources */,
				581B161A23ED6E3000D0593B /* FromToViewController.swift in Sources */,
				581B15F223EAD04E00D0593B /* AlertExitViewController.swift in Sources */,
				583659AB23E158A200E2752F /* JoinRoomViewController.swift in Sources */,
				581B15F023EACE5F00D0593B /* AlertExitViewModel.swift in Sources */,
				583659A523E146E600E2752F /* SetRoomTitleViewController.swift in Sources */,
				1AAB0E3523DED2310003A2C4 /* NSObject+Rx.swift in Sources */,
				1A8FAF3523E02563009A92C1 /* CoordinatorType.swift in Sources */,
				581B15FE23EC705100D0593B /* ProfileCellViewModel.swift in Sources */,
				1AAB0E3123DECC2C0003A2C4 /* CircularImageView.swift in Sources */,
				581B160223EC735400D0593B /* GuessViewModel.swift in Sources */,
				1AAB0E2B23DECA080003A2C4 /* View+.swift in Sources */,
				583659B723E1BA2500E2752F /* SetRoomDetailViewModel.swift in Sources */,
				581B160C23EC760D00D0593B /* GuessViewController.swift in Sources */,
				1AD6D40723BF9DBC000B1893 /* SceneDelegate.swift in Sources */,
				1AAB0E3C23DED4C50003A2C4 /* ViewModelBindableType.swift in Sources */,
				1A8FAF4623E06952009A92C1 /* MainViewModel.swift in Sources */,
				581B160023EC70FD00D0593B /* ManittoProfile.swift in Sources */,
				583659CC23E4AB7100E2752F /* RoomViewModel.swift in Sources */,
				1AAB0E3323DECC770003A2C4 /* UIView+Stacking.swift in Sources */,
				1A49808523C967C1004B4058 /* LoginController.swift in Sources */,
				581B15FC23EC628A00D0593B /* AlertExtension.swift in Sources */,
				1A8FAF4A23E0737E009A92C1 /* UIStackView+.swift in Sources */,
				1A8FAF4423E0612C009A92C1 /* LoginViewModel.swift in Sources */,
				1AAB0E2D23DECBDE0003A2C4 /* UIButton+.swift in Sources */,
				581B161623ECB2CB00D0593B /* UIAlertController+.swift in Sources */,
			);
			runOnlyForDeploymentPostprocessing = 0;
		};
		1AD6D41623BF9DBF000B1893 /* Sources */ = {
			isa = PBXSourcesBuildPhase;
			buildActionMask = 2147483647;
			files = (
				1AD6D41F23BF9DBF000B1893 /* MNT_iOSTests.swift in Sources */,
			);
			runOnlyForDeploymentPostprocessing = 0;
		};
		1AD6D42123BF9DBF000B1893 /* Sources */ = {
			isa = PBXSourcesBuildPhase;
			buildActionMask = 2147483647;
			files = (
				1AD6D42A23BF9DBF000B1893 /* MNT_iOSUITests.swift in Sources */,
			);
			runOnlyForDeploymentPostprocessing = 0;
		};
/* End PBXSourcesBuildPhase section */

/* Begin PBXTargetDependency section */
		1AD6D41C23BF9DBF000B1893 /* PBXTargetDependency */ = {
			isa = PBXTargetDependency;
			target = 1AD6D40023BF9DBC000B1893 /* MNT_iOS */;
			targetProxy = 1AD6D41B23BF9DBF000B1893 /* PBXContainerItemProxy */;
		};
		1AD6D42723BF9DBF000B1893 /* PBXTargetDependency */ = {
			isa = PBXTargetDependency;
			target = 1AD6D40023BF9DBC000B1893 /* MNT_iOS */;
			targetProxy = 1AD6D42623BF9DBF000B1893 /* PBXContainerItemProxy */;
		};
/* End PBXTargetDependency section */

/* Begin PBXVariantGroup section */
		1AD6D40A23BF9DBC000B1893 /* Main.storyboard */ = {
			isa = PBXVariantGroup;
			children = (
				1AD6D40B23BF9DBC000B1893 /* Base */,
			);
			name = Main.storyboard;
			sourceTree = "<group>";
		};
		1AD6D41223BF9DBF000B1893 /* LaunchScreen.storyboard */ = {
			isa = PBXVariantGroup;
			children = (
				1AD6D41323BF9DBF000B1893 /* Base */,
			);
			name = LaunchScreen.storyboard;
			sourceTree = "<group>";
		};
/* End PBXVariantGroup section */

/* Begin XCBuildConfiguration section */
		1AD6D42C23BF9DBF000B1893 /* Debug */ = {
			isa = XCBuildConfiguration;
			buildSettings = {
				ALWAYS_SEARCH_USER_PATHS = NO;
				CLANG_ANALYZER_NONNULL = YES;
				CLANG_ANALYZER_NUMBER_OBJECT_CONVERSION = YES_AGGRESSIVE;
				CLANG_CXX_LANGUAGE_STANDARD = "gnu++14";
				CLANG_CXX_LIBRARY = "libc++";
				CLANG_ENABLE_MODULES = YES;
				CLANG_ENABLE_OBJC_ARC = YES;
				CLANG_ENABLE_OBJC_WEAK = YES;
				CLANG_WARN_BLOCK_CAPTURE_AUTORELEASING = YES;
				CLANG_WARN_BOOL_CONVERSION = YES;
				CLANG_WARN_COMMA = YES;
				CLANG_WARN_CONSTANT_CONVERSION = YES;
				CLANG_WARN_DEPRECATED_OBJC_IMPLEMENTATIONS = YES;
				CLANG_WARN_DIRECT_OBJC_ISA_USAGE = YES_ERROR;
				CLANG_WARN_DOCUMENTATION_COMMENTS = YES;
				CLANG_WARN_EMPTY_BODY = YES;
				CLANG_WARN_ENUM_CONVERSION = YES;
				CLANG_WARN_INFINITE_RECURSION = YES;
				CLANG_WARN_INT_CONVERSION = YES;
				CLANG_WARN_NON_LITERAL_NULL_CONVERSION = YES;
				CLANG_WARN_OBJC_IMPLICIT_RETAIN_SELF = YES;
				CLANG_WARN_OBJC_LITERAL_CONVERSION = YES;
				CLANG_WARN_OBJC_ROOT_CLASS = YES_ERROR;
				CLANG_WARN_RANGE_LOOP_ANALYSIS = YES;
				CLANG_WARN_STRICT_PROTOTYPES = YES;
				CLANG_WARN_SUSPICIOUS_MOVE = YES;
				CLANG_WARN_UNGUARDED_AVAILABILITY = YES_AGGRESSIVE;
				CLANG_WARN_UNREACHABLE_CODE = YES;
				CLANG_WARN__DUPLICATE_METHOD_MATCH = YES;
				COPY_PHASE_STRIP = NO;
				DEBUG_INFORMATION_FORMAT = dwarf;
				ENABLE_STRICT_OBJC_MSGSEND = YES;
				ENABLE_TESTABILITY = YES;
				GCC_C_LANGUAGE_STANDARD = gnu11;
				GCC_DYNAMIC_NO_PIC = NO;
				GCC_NO_COMMON_BLOCKS = YES;
				GCC_OPTIMIZATION_LEVEL = 0;
				GCC_PREPROCESSOR_DEFINITIONS = (
					"DEBUG=1",
					"$(inherited)",
				);
				GCC_WARN_64_TO_32_BIT_CONVERSION = YES;
				GCC_WARN_ABOUT_RETURN_TYPE = YES_ERROR;
				GCC_WARN_UNDECLARED_SELECTOR = YES;
				GCC_WARN_UNINITIALIZED_AUTOS = YES_AGGRESSIVE;
				GCC_WARN_UNUSED_FUNCTION = YES;
				GCC_WARN_UNUSED_VARIABLE = YES;
				IPHONEOS_DEPLOYMENT_TARGET = 10.0;
				MTL_ENABLE_DEBUG_INFO = INCLUDE_SOURCE;
				MTL_FAST_MATH = YES;
				ONLY_ACTIVE_ARCH = YES;
				SDKROOT = iphoneos;
				SWIFT_ACTIVE_COMPILATION_CONDITIONS = DEBUG;
				SWIFT_OPTIMIZATION_LEVEL = "-Onone";
			};
			name = Debug;
		};
		1AD6D42D23BF9DBF000B1893 /* Release */ = {
			isa = XCBuildConfiguration;
			buildSettings = {
				ALWAYS_SEARCH_USER_PATHS = NO;
				CLANG_ANALYZER_NONNULL = YES;
				CLANG_ANALYZER_NUMBER_OBJECT_CONVERSION = YES_AGGRESSIVE;
				CLANG_CXX_LANGUAGE_STANDARD = "gnu++14";
				CLANG_CXX_LIBRARY = "libc++";
				CLANG_ENABLE_MODULES = YES;
				CLANG_ENABLE_OBJC_ARC = YES;
				CLANG_ENABLE_OBJC_WEAK = YES;
				CLANG_WARN_BLOCK_CAPTURE_AUTORELEASING = YES;
				CLANG_WARN_BOOL_CONVERSION = YES;
				CLANG_WARN_COMMA = YES;
				CLANG_WARN_CONSTANT_CONVERSION = YES;
				CLANG_WARN_DEPRECATED_OBJC_IMPLEMENTATIONS = YES;
				CLANG_WARN_DIRECT_OBJC_ISA_USAGE = YES_ERROR;
				CLANG_WARN_DOCUMENTATION_COMMENTS = YES;
				CLANG_WARN_EMPTY_BODY = YES;
				CLANG_WARN_ENUM_CONVERSION = YES;
				CLANG_WARN_INFINITE_RECURSION = YES;
				CLANG_WARN_INT_CONVERSION = YES;
				CLANG_WARN_NON_LITERAL_NULL_CONVERSION = YES;
				CLANG_WARN_OBJC_IMPLICIT_RETAIN_SELF = YES;
				CLANG_WARN_OBJC_LITERAL_CONVERSION = YES;
				CLANG_WARN_OBJC_ROOT_CLASS = YES_ERROR;
				CLANG_WARN_RANGE_LOOP_ANALYSIS = YES;
				CLANG_WARN_STRICT_PROTOTYPES = YES;
				CLANG_WARN_SUSPICIOUS_MOVE = YES;
				CLANG_WARN_UNGUARDED_AVAILABILITY = YES_AGGRESSIVE;
				CLANG_WARN_UNREACHABLE_CODE = YES;
				CLANG_WARN__DUPLICATE_METHOD_MATCH = YES;
				COPY_PHASE_STRIP = NO;
				DEBUG_INFORMATION_FORMAT = "dwarf-with-dsym";
				ENABLE_NS_ASSERTIONS = NO;
				ENABLE_STRICT_OBJC_MSGSEND = YES;
				GCC_C_LANGUAGE_STANDARD = gnu11;
				GCC_NO_COMMON_BLOCKS = YES;
				GCC_WARN_64_TO_32_BIT_CONVERSION = YES;
				GCC_WARN_ABOUT_RETURN_TYPE = YES_ERROR;
				GCC_WARN_UNDECLARED_SELECTOR = YES;
				GCC_WARN_UNINITIALIZED_AUTOS = YES_AGGRESSIVE;
				GCC_WARN_UNUSED_FUNCTION = YES;
				GCC_WARN_UNUSED_VARIABLE = YES;
				IPHONEOS_DEPLOYMENT_TARGET = 10.0;
				MTL_ENABLE_DEBUG_INFO = NO;
				MTL_FAST_MATH = YES;
				SDKROOT = iphoneos;
				SWIFT_COMPILATION_MODE = wholemodule;
				SWIFT_OPTIMIZATION_LEVEL = "-O";
				VALIDATE_PRODUCT = YES;
			};
			name = Release;
		};
		1AD6D42F23BF9DBF000B1893 /* Debug */ = {
			isa = XCBuildConfiguration;
			baseConfigurationReference = 5814FD539E707AB76982D861 /* Pods-MNT_iOS.debug.xcconfig */;
			buildSettings = {
				ASSETCATALOG_COMPILER_APPICON_NAME = AppIcon;
				CODE_SIGN_STYLE = Automatic;
				DEVELOPMENT_TEAM = WF8UF5VWG6;
				FRAMEWORK_SEARCH_PATHS = (
					"$(inherited)",
					"$(PROJECT_DIR)/Frameworks",
				);
				INFOPLIST_FILE = MNT_iOS/Info.plist;
				LD_RUNPATH_SEARCH_PATHS = (
					"$(inherited)",
					"@executable_path/Frameworks",
				);
				OTHER_LDFLAGS = "-all_load";
				PRODUCT_BUNDLE_IDENTIFIER = "nexters.MNT-iOS";
				PRODUCT_NAME = "$(TARGET_NAME)";
				SWIFT_OBJC_BRIDGING_HEADER = "KakaoOpenSDK-Bridging-Header.h";
				SWIFT_VERSION = 5.0;
				TARGETED_DEVICE_FAMILY = 1;
			};
			name = Debug;
		};
		1AD6D43023BF9DBF000B1893 /* Release */ = {
			isa = XCBuildConfiguration;
			baseConfigurationReference = 237B29BC7317A4214DD15AB7 /* Pods-MNT_iOS.release.xcconfig */;
			buildSettings = {
				ASSETCATALOG_COMPILER_APPICON_NAME = AppIcon;
				CODE_SIGN_STYLE = Automatic;
				DEVELOPMENT_TEAM = WF8UF5VWG6;
				FRAMEWORK_SEARCH_PATHS = (
					"$(inherited)",
					"$(PROJECT_DIR)/Frameworks",
				);
				INFOPLIST_FILE = MNT_iOS/Info.plist;
				LD_RUNPATH_SEARCH_PATHS = (
					"$(inherited)",
					"@executable_path/Frameworks",
				);
				OTHER_LDFLAGS = "-all_load";
				PRODUCT_BUNDLE_IDENTIFIER = "nexters.MNT-iOS";
				PRODUCT_NAME = "$(TARGET_NAME)";
				SWIFT_OBJC_BRIDGING_HEADER = "KakaoOpenSDK-Bridging-Header.h";
				SWIFT_VERSION = 5.0;
				TARGETED_DEVICE_FAMILY = 1;
			};
			name = Release;
		};
		1AD6D43223BF9DBF000B1893 /* Debug */ = {
			isa = XCBuildConfiguration;
			baseConfigurationReference = AB74A15F01BF71A867A7F874 /* Pods-MNT_iOSTests.debug.xcconfig */;
			buildSettings = {
				ALWAYS_EMBED_SWIFT_STANDARD_LIBRARIES = YES;
				BUNDLE_LOADER = "$(TEST_HOST)";
				CODE_SIGN_STYLE = Automatic;
				DEVELOPMENT_TEAM = CJ9DCX3V4H;
				INFOPLIST_FILE = MNT_iOSTests/Info.plist;
				IPHONEOS_DEPLOYMENT_TARGET = 13.1;
				LD_RUNPATH_SEARCH_PATHS = (
					"$(inherited)",
					"@executable_path/Frameworks",
					"@loader_path/Frameworks",
				);
				PRODUCT_BUNDLE_IDENTIFIER = "nexters.MNT-iOSTests";
				PRODUCT_NAME = "$(TARGET_NAME)";
				SWIFT_VERSION = 5.0;
				TARGETED_DEVICE_FAMILY = "1,2";
				TEST_HOST = "$(BUILT_PRODUCTS_DIR)/MNT_iOS.app/MNT_iOS";
			};
			name = Debug;
		};
		1AD6D43323BF9DBF000B1893 /* Release */ = {
			isa = XCBuildConfiguration;
			baseConfigurationReference = 341C7360E22267225953F064 /* Pods-MNT_iOSTests.release.xcconfig */;
			buildSettings = {
				ALWAYS_EMBED_SWIFT_STANDARD_LIBRARIES = YES;
				BUNDLE_LOADER = "$(TEST_HOST)";
				CODE_SIGN_STYLE = Automatic;
				DEVELOPMENT_TEAM = CJ9DCX3V4H;
				INFOPLIST_FILE = MNT_iOSTests/Info.plist;
				IPHONEOS_DEPLOYMENT_TARGET = 13.1;
				LD_RUNPATH_SEARCH_PATHS = (
					"$(inherited)",
					"@executable_path/Frameworks",
					"@loader_path/Frameworks",
				);
				PRODUCT_BUNDLE_IDENTIFIER = "nexters.MNT-iOSTests";
				PRODUCT_NAME = "$(TARGET_NAME)";
				SWIFT_VERSION = 5.0;
				TARGETED_DEVICE_FAMILY = "1,2";
				TEST_HOST = "$(BUILT_PRODUCTS_DIR)/MNT_iOS.app/MNT_iOS";
			};
			name = Release;
		};
		1AD6D43523BF9DBF000B1893 /* Debug */ = {
			isa = XCBuildConfiguration;
			baseConfigurationReference = 4803407A17E8E93EF842E6CF /* Pods-MNT_iOS-MNT_iOSUITests.debug.xcconfig */;
			buildSettings = {
				ALWAYS_EMBED_SWIFT_STANDARD_LIBRARIES = YES;
				CODE_SIGN_STYLE = Automatic;
				DEVELOPMENT_TEAM = CJ9DCX3V4H;
				INFOPLIST_FILE = MNT_iOSUITests/Info.plist;
				LD_RUNPATH_SEARCH_PATHS = (
					"$(inherited)",
					"@executable_path/Frameworks",
					"@loader_path/Frameworks",
				);
				PRODUCT_BUNDLE_IDENTIFIER = "nexters.MNT-iOSUITests";
				PRODUCT_NAME = "$(TARGET_NAME)";
				SWIFT_VERSION = 5.0;
				TARGETED_DEVICE_FAMILY = "1,2";
				TEST_TARGET_NAME = MNT_iOS;
			};
			name = Debug;
		};
		1AD6D43623BF9DBF000B1893 /* Release */ = {
			isa = XCBuildConfiguration;
			baseConfigurationReference = 2959EBE188AF473628F98049 /* Pods-MNT_iOS-MNT_iOSUITests.release.xcconfig */;
			buildSettings = {
				ALWAYS_EMBED_SWIFT_STANDARD_LIBRARIES = YES;
				CODE_SIGN_STYLE = Automatic;
				DEVELOPMENT_TEAM = CJ9DCX3V4H;
				INFOPLIST_FILE = MNT_iOSUITests/Info.plist;
				LD_RUNPATH_SEARCH_PATHS = (
					"$(inherited)",
					"@executable_path/Frameworks",
					"@loader_path/Frameworks",
				);
				PRODUCT_BUNDLE_IDENTIFIER = "nexters.MNT-iOSUITests";
				PRODUCT_NAME = "$(TARGET_NAME)";
				SWIFT_VERSION = 5.0;
				TARGETED_DEVICE_FAMILY = "1,2";
				TEST_TARGET_NAME = MNT_iOS;
			};
			name = Release;
		};
/* End XCBuildConfiguration section */

/* Begin XCConfigurationList section */
		1AD6D3FC23BF9DBC000B1893 /* Build configuration list for PBXProject "MNT_iOS" */ = {
			isa = XCConfigurationList;
			buildConfigurations = (
				1AD6D42C23BF9DBF000B1893 /* Debug */,
				1AD6D42D23BF9DBF000B1893 /* Release */,
			);
			defaultConfigurationIsVisible = 0;
			defaultConfigurationName = Release;
		};
		1AD6D42E23BF9DBF000B1893 /* Build configuration list for PBXNativeTarget "MNT_iOS" */ = {
			isa = XCConfigurationList;
			buildConfigurations = (
				1AD6D42F23BF9DBF000B1893 /* Debug */,
				1AD6D43023BF9DBF000B1893 /* Release */,
			);
			defaultConfigurationIsVisible = 0;
			defaultConfigurationName = Release;
		};
		1AD6D43123BF9DBF000B1893 /* Build configuration list for PBXNativeTarget "MNT_iOSTests" */ = {
			isa = XCConfigurationList;
			buildConfigurations = (
				1AD6D43223BF9DBF000B1893 /* Debug */,
				1AD6D43323BF9DBF000B1893 /* Release */,
			);
			defaultConfigurationIsVisible = 0;
			defaultConfigurationName = Release;
		};
		1AD6D43423BF9DBF000B1893 /* Build configuration list for PBXNativeTarget "MNT_iOSUITests" */ = {
			isa = XCConfigurationList;
			buildConfigurations = (
				1AD6D43523BF9DBF000B1893 /* Debug */,
				1AD6D43623BF9DBF000B1893 /* Release */,
			);
			defaultConfigurationIsVisible = 0;
			defaultConfigurationName = Release;
		};
/* End XCConfigurationList section */

/* Begin XCVersionGroup section */
		1AD6D40D23BF9DBC000B1893 /* MNT_iOS.xcdatamodeld */ = {
			isa = XCVersionGroup;
			children = (
				1AD6D40E23BF9DBC000B1893 /* MNT_iOS.xcdatamodel */,
			);
			currentVersion = 1AD6D40E23BF9DBC000B1893 /* MNT_iOS.xcdatamodel */;
			path = MNT_iOS.xcdatamodeld;
			sourceTree = "<group>";
			versionGroupType = wrapper.xcdatamodel;
		};
/* End XCVersionGroup section */
	};
	rootObject = 1AD6D3F923BF9DBC000B1893 /* Project object */;
}
