// !$*UTF8*$!
{
	archiveVersion = 1;
	classes = {
	};
	objectVersion = 51;
	objects = {

/* Begin PBXBuildFile section */
		1A3022AD23EBDAD800693E22 /* AddNewMissionViewModel.swift in Sources */ = {isa = PBXBuildFile; fileRef = 1A3022AC23EBDAD800693E22 /* AddNewMissionViewModel.swift */; };
		1A3022AF23EBDB5B00693E22 /* AddNewMissionViewController.swift in Sources */ = {isa = PBXBuildFile; fileRef = 1A3022AE23EBDB5B00693E22 /* AddNewMissionViewController.swift */; };
		1A49808523C967C1004B4058 /* LoginController.swift in Sources */ = {isa = PBXBuildFile; fileRef = 1A49808423C967C1004B4058 /* LoginController.swift */; };
		1A49808A23C96B57004B4058 /* KakaoOpenSDK.framework in Frameworks */ = {isa = PBXBuildFile; fileRef = 1A49808923C96B57004B4058 /* KakaoOpenSDK.framework */; };
		1A4E686423E3E9D6005D2CFD /* FeedViewController.swift in Sources */ = {isa = PBXBuildFile; fileRef = 1A4E686323E3E9D6005D2CFD /* FeedViewController.swift */; };
		1A4E686923E3EA92005D2CFD /* FeedViewModel.swift in Sources */ = {isa = PBXBuildFile; fileRef = 1A4E686823E3EA92005D2CFD /* FeedViewModel.swift */; };
		1A4E686B23E3EBE4005D2CFD /* FeedScene.swift in Sources */ = {isa = PBXBuildFile; fileRef = 1A4E686A23E3EBE4005D2CFD /* FeedScene.swift */; };
		1A4E686D23E3EC19005D2CFD /* Feed.swift in Sources */ = {isa = PBXBuildFile; fileRef = 1A4E686C23E3EC19005D2CFD /* Feed.swift */; };
		1A4E687023E3ED49005D2CFD /* FeedCell.swift in Sources */ = {isa = PBXBuildFile; fileRef = 1A4E686E23E3ED49005D2CFD /* FeedCell.swift */; };
		1A4E687123E3ED49005D2CFD /* FeedCell.xib in Resources */ = {isa = PBXBuildFile; fileRef = 1A4E686F23E3ED49005D2CFD /* FeedCell.xib */; };
		1A4E687323E3F471005D2CFD /* FeedCellViewModel.swift in Sources */ = {isa = PBXBuildFile; fileRef = 1A4E687223E3F471005D2CFD /* FeedCellViewModel.swift */; };
		1A4E687623E3F7FF005D2CFD /* Model.swift in Sources */ = {isa = PBXBuildFile; fileRef = 1A4E687523E3F7FF005D2CFD /* Model.swift */; };
		1A4E687923E3FFC3005D2CFD /* RoundedImageView.swift in Sources */ = {isa = PBXBuildFile; fileRef = 1A4E687823E3FFC3005D2CFD /* RoundedImageView.swift */; };
		1A4E687B23E4048D005D2CFD /* UITableView+.swift in Sources */ = {isa = PBXBuildFile; fileRef = 1A4E687A23E4048D005D2CFD /* UITableView+.swift */; };
		1A4E687D23E404BC005D2CFD /* UICollectionView+.swift in Sources */ = {isa = PBXBuildFile; fileRef = 1A4E687C23E404BC005D2CFD /* UICollectionView+.swift */; };
		1A4E688723E40DA1005D2CFD /* MissionScene.swift in Sources */ = {isa = PBXBuildFile; fileRef = 1A4E688623E40DA1005D2CFD /* MissionScene.swift */; };
		1A4E688923E40DD3005D2CFD /* MissionViewModel.swift in Sources */ = {isa = PBXBuildFile; fileRef = 1A4E688823E40DD3005D2CFD /* MissionViewModel.swift */; };
		1A4E688B23E40DF9005D2CFD /* Mission.swift in Sources */ = {isa = PBXBuildFile; fileRef = 1A4E688A23E40DF9005D2CFD /* Mission.swift */; };
		1A4E688D23E40E79005D2CFD /* MissionPariticipantViewController.swift in Sources */ = {isa = PBXBuildFile; fileRef = 1A4E688C23E40E79005D2CFD /* MissionPariticipantViewController.swift */; };
		1A4E689023E40F81005D2CFD /* MissionCell.swift in Sources */ = {isa = PBXBuildFile; fileRef = 1A4E688E23E40F81005D2CFD /* MissionCell.swift */; };
		1A4E689123E40F81005D2CFD /* MissionCell.xib in Resources */ = {isa = PBXBuildFile; fileRef = 1A4E688F23E40F81005D2CFD /* MissionCell.xib */; };
		1A4E689323E40FAB005D2CFD /* MissionCellViewModel.swift in Sources */ = {isa = PBXBuildFile; fileRef = 1A4E689223E40FAB005D2CFD /* MissionCellViewModel.swift */; };
		1A4E689523E42993005D2CFD /* MissionAdministratorViewController.swift in Sources */ = {isa = PBXBuildFile; fileRef = 1A4E689423E42993005D2CFD /* MissionAdministratorViewController.swift */; };
		1A4E689723E429EF005D2CFD /* MissionListTableViewController.swift in Sources */ = {isa = PBXBuildFile; fileRef = 1A4E689623E429EF005D2CFD /* MissionListTableViewController.swift */; };
		1A4E68A323E474AE005D2CFD /* MissionPostViewController.swift in Sources */ = {isa = PBXBuildFile; fileRef = 1A4E68A223E474AE005D2CFD /* MissionPostViewController.swift */; };
		1A4E68A523E474D4005D2CFD /* MissionPostViewModel.swift in Sources */ = {isa = PBXBuildFile; fileRef = 1A4E68A423E474D4005D2CFD /* MissionPostViewModel.swift */; };
		1A81AE5A23E9099A004CADBC /* MissionDetailViewController.swift in Sources */ = {isa = PBXBuildFile; fileRef = 1A81AE5923E9099A004CADBC /* MissionDetailViewController.swift */; };
		1A81AE5D23E90A0C004CADBC /* MissionDetailViewModel.swift in Sources */ = {isa = PBXBuildFile; fileRef = 1A81AE5C23E90A0C004CADBC /* MissionDetailViewModel.swift */; };
		1A81AE5F23E90C38004CADBC /* FromToView.swift in Sources */ = {isa = PBXBuildFile; fileRef = 1A81AE5E23E90C38004CADBC /* FromToView.swift */; };
		1A8FAF3023E0249C009A92C1 /* SceneCoordinator.swift in Sources */ = {isa = PBXBuildFile; fileRef = 1A8FAF2F23E0249C009A92C1 /* SceneCoordinator.swift */; };
		1A8FAF3523E02563009A92C1 /* CoordinatorType.swift in Sources */ = {isa = PBXBuildFile; fileRef = 1A8FAF3423E02563009A92C1 /* CoordinatorType.swift */; };
		1A8FAF4223E060AE009A92C1 /* LoginScene.swift in Sources */ = {isa = PBXBuildFile; fileRef = 1A8FAF4123E060AE009A92C1 /* LoginScene.swift */; };
		1A8FAF4423E0612C009A92C1 /* LoginViewModel.swift in Sources */ = {isa = PBXBuildFile; fileRef = 1A8FAF4323E0612C009A92C1 /* LoginViewModel.swift */; };
		1A8FAF4623E06952009A92C1 /* MainViewModel.swift in Sources */ = {isa = PBXBuildFile; fileRef = 1A8FAF4523E06952009A92C1 /* MainViewModel.swift */; };
		1A8FAF4823E06A81009A92C1 /* MainScene.swift in Sources */ = {isa = PBXBuildFile; fileRef = 1A8FAF4723E06A81009A92C1 /* MainScene.swift */; };
		1A8FAF4A23E0737E009A92C1 /* UIStackView+.swift in Sources */ = {isa = PBXBuildFile; fileRef = 1A8FAF4923E0737E009A92C1 /* UIStackView+.swift */; };
		1A8FAF4C23E0755D009A92C1 /* UITextField+.swift in Sources */ = {isa = PBXBuildFile; fileRef = 1A8FAF4B23E0755D009A92C1 /* UITextField+.swift */; };
		1AAB0E2B23DECA080003A2C4 /* View+.swift in Sources */ = {isa = PBXBuildFile; fileRef = 1AAB0E2A23DECA080003A2C4 /* View+.swift */; };
		1AAB0E2D23DECBDE0003A2C4 /* UIButton+.swift in Sources */ = {isa = PBXBuildFile; fileRef = 1AAB0E2C23DECBDE0003A2C4 /* UIButton+.swift */; };
		1AAB0E2F23DECBFF0003A2C4 /* UILabel+.swift in Sources */ = {isa = PBXBuildFile; fileRef = 1AAB0E2E23DECBFF0003A2C4 /* UILabel+.swift */; };
		1AAB0E3123DECC2C0003A2C4 /* CircularImageView.swift in Sources */ = {isa = PBXBuildFile; fileRef = 1AAB0E3023DECC2C0003A2C4 /* CircularImageView.swift */; };
		1AAB0E3323DECC770003A2C4 /* UIView+Stacking.swift in Sources */ = {isa = PBXBuildFile; fileRef = 1AAB0E3223DECC770003A2C4 /* UIView+Stacking.swift */; };
		1AAB0E3523DED2310003A2C4 /* NSObject+Rx.swift in Sources */ = {isa = PBXBuildFile; fileRef = 1AAB0E3423DED2310003A2C4 /* NSObject+Rx.swift */; };
		1AAB0E3823DED4240003A2C4 /* ViewController.swift in Sources */ = {isa = PBXBuildFile; fileRef = 1AAB0E3723DED4240003A2C4 /* ViewController.swift */; };
		1AAB0E3A23DED4980003A2C4 /* ViewModel.swift in Sources */ = {isa = PBXBuildFile; fileRef = 1AAB0E3923DED4980003A2C4 /* ViewModel.swift */; };
		1AAB0E3C23DED4C50003A2C4 /* ViewModelBindable.swift in Sources */ = {isa = PBXBuildFile; fileRef = 1AAB0E3B23DED4C50003A2C4 /* ViewModelBindable.swift */; };
		1AB0696A23F231D8000B8D27 /* UserListViewController.swift in Sources */ = {isa = PBXBuildFile; fileRef = 1AB0696923F231D8000B8D27 /* UserListViewController.swift */; };
		1AB0696C23F231F6000B8D27 /* UserListViewModel.swift in Sources */ = {isa = PBXBuildFile; fileRef = 1AB0696B23F231F6000B8D27 /* UserListViewModel.swift */; };
		1AB0696E23F232B0000B8D27 /* FeedFilterViewController.swift in Sources */ = {isa = PBXBuildFile; fileRef = 1AB0696D23F232B0000B8D27 /* FeedFilterViewController.swift */; };
		1AB0697023F232C6000B8D27 /* FeedFilterViewModel.swift in Sources */ = {isa = PBXBuildFile; fileRef = 1AB0696F23F232C6000B8D27 /* FeedFilterViewModel.swift */; };
		1AD5F7BB23E8762400F96263 /* MissionPreviewViewController.swift in Sources */ = {isa = PBXBuildFile; fileRef = 1AD5F7BA23E8762400F96263 /* MissionPreviewViewController.swift */; };
		1AD5F7BD23E8771500F96263 /* MissionDetail.swift in Sources */ = {isa = PBXBuildFile; fileRef = 1AD5F7BC23E8771500F96263 /* MissionDetail.swift */; };
		1AD6D40523BF9DBC000B1893 /* AppDelegate.swift in Sources */ = {isa = PBXBuildFile; fileRef = 1AD6D40423BF9DBC000B1893 /* AppDelegate.swift */; };
		1AD6D40723BF9DBC000B1893 /* SceneDelegate.swift in Sources */ = {isa = PBXBuildFile; fileRef = 1AD6D40623BF9DBC000B1893 /* SceneDelegate.swift */; };
		1AD6D40923BF9DBC000B1893 /* MainViewController.swift in Sources */ = {isa = PBXBuildFile; fileRef = 1AD6D40823BF9DBC000B1893 /* MainViewController.swift */; };
		1AD6D40C23BF9DBC000B1893 /* Main.storyboard in Resources */ = {isa = PBXBuildFile; fileRef = 1AD6D40A23BF9DBC000B1893 /* Main.storyboard */; };
		1AD6D40F23BF9DBC000B1893 /* MNT_iOS.xcdatamodeld in Sources */ = {isa = PBXBuildFile; fileRef = 1AD6D40D23BF9DBC000B1893 /* MNT_iOS.xcdatamodeld */; };
		1AD6D41123BF9DBF000B1893 /* Assets.xcassets in Resources */ = {isa = PBXBuildFile; fileRef = 1AD6D41023BF9DBF000B1893 /* Assets.xcassets */; };
		1AD6D41423BF9DBF000B1893 /* LaunchScreen.storyboard in Resources */ = {isa = PBXBuildFile; fileRef = 1AD6D41223BF9DBF000B1893 /* LaunchScreen.storyboard */; };
		1AD6D41F23BF9DBF000B1893 /* MNT_iOSTests.swift in Sources */ = {isa = PBXBuildFile; fileRef = 1AD6D41E23BF9DBF000B1893 /* MNT_iOSTests.swift */; };
		1AD6D42A23BF9DBF000B1893 /* MNT_iOSUITests.swift in Sources */ = {isa = PBXBuildFile; fileRef = 1AD6D42923BF9DBF000B1893 /* MNT_iOSUITests.swift */; };
		1AECB7CE23F0F5BE0018BC16 /* APISourceProtocol.swift in Sources */ = {isa = PBXBuildFile; fileRef = 1AECB7CD23F0F5BE0018BC16 /* APISourceProtocol.swift */; };
		1AECB7D023F0FA510018BC16 /* RxSwift+.swift in Sources */ = {isa = PBXBuildFile; fileRef = 1AECB7CF23F0FA510018BC16 /* RxSwift+.swift */; };
		1AECB7D223F0FACE0018BC16 /* APISource.swift in Sources */ = {isa = PBXBuildFile; fileRef = 1AECB7D123F0FACE0018BC16 /* APISource.swift */; };
		1AECB7D423F0FF780018BC16 /* RxAlamofire+.swift in Sources */ = {isa = PBXBuildFile; fileRef = 1AECB7D323F0FF780018BC16 /* RxAlamofire+.swift */; };
		1AECB7D623F137000018BC16 /* UIColor+.swift in Sources */ = {isa = PBXBuildFile; fileRef = 1AECB7D523F137000018BC16 /* UIColor+.swift */; };
		1AECB7D823F14A950018BC16 /* MissionTypeView.swift in Sources */ = {isa = PBXBuildFile; fileRef = 1AECB7D723F14A950018BC16 /* MissionTypeView.swift */; };
		1AF8288B23EBFCB100BDAEF9 /* StackChildView.swift in Sources */ = {isa = PBXBuildFile; fileRef = 1AF8288A23EBFCB100BDAEF9 /* StackChildView.swift */; };
		1AFC040223C99841005B7A6F /* Objects+.swift in Sources */ = {isa = PBXBuildFile; fileRef = 1AFC040123C99841005B7A6F /* Objects+.swift */; };
		581B15F023EACE5F00D0593B /* AlertExitViewModel.swift in Sources */ = {isa = PBXBuildFile; fileRef = 581B15EF23EACE5F00D0593B /* AlertExitViewModel.swift */; };
		581B15F223EAD04E00D0593B /* AlertExitViewController.swift in Sources */ = {isa = PBXBuildFile; fileRef = 581B15F123EAD04E00D0593B /* AlertExitViewController.swift */; };
		581B15F423EAD55D00D0593B /* ExitScene.swift in Sources */ = {isa = PBXBuildFile; fileRef = 581B15F323EAD55D00D0593B /* ExitScene.swift */; };
		581B15F623EB3BB700D0593B /* KakaoLink.framework in Frameworks */ = {isa = PBXBuildFile; fileRef = 581B15F523EB3BB700D0593B /* KakaoLink.framework */; };
		581B15F823EB3EC200D0593B /* KakaoMessageTemplate.framework in Frameworks */ = {isa = PBXBuildFile; fileRef = 581B15F723EB3EC200D0593B /* KakaoMessageTemplate.framework */; };
		581B15FA23EB409500D0593B /* KakaoCommon.framework in Frameworks */ = {isa = PBXBuildFile; fileRef = 581B15F923EB409400D0593B /* KakaoCommon.framework */; };
		581B15FC23EC628A00D0593B /* AlertExtension.swift in Sources */ = {isa = PBXBuildFile; fileRef = 581B15FB23EC628A00D0593B /* AlertExtension.swift */; };
		581B15FE23EC705100D0593B /* ProfileCellViewModel.swift in Sources */ = {isa = PBXBuildFile; fileRef = 581B15FD23EC705100D0593B /* ProfileCellViewModel.swift */; };
		581B160023EC70FD00D0593B /* ManittoProfile.swift in Sources */ = {isa = PBXBuildFile; fileRef = 581B15FF23EC70FD00D0593B /* ManittoProfile.swift */; };
		581B160223EC735400D0593B /* GuessViewModel.swift in Sources */ = {isa = PBXBuildFile; fileRef = 581B160123EC735400D0593B /* GuessViewModel.swift */; };
		581B160923EC741C00D0593B /* ProfileCollectionViewCell.swift in Sources */ = {isa = PBXBuildFile; fileRef = 581B160723EC741C00D0593B /* ProfileCollectionViewCell.swift */; };
		581B160A23EC741C00D0593B /* ProfileCollectionViewCell.xib in Resources */ = {isa = PBXBuildFile; fileRef = 581B160823EC741C00D0593B /* ProfileCollectionViewCell.xib */; };
		581B160C23EC760D00D0593B /* GuessViewController.swift in Sources */ = {isa = PBXBuildFile; fileRef = 581B160B23EC760D00D0593B /* GuessViewController.swift */; };
		581B160E23EC790D00D0593B /* UICollectionView+.swift in Sources */ = {isa = PBXBuildFile; fileRef = 581B160D23EC790D00D0593B /* UICollectionView+.swift */; };
		581B161623ECB2CB00D0593B /* UIAlertController+.swift in Sources */ = {isa = PBXBuildFile; fileRef = 581B161523ECB2CB00D0593B /* UIAlertController+.swift */; };
		581B161823ECB58F00D0593B /* UIApplication+.swift in Sources */ = {isa = PBXBuildFile; fileRef = 581B161723ECB58F00D0593B /* UIApplication+.swift */; };
		581B161A23ED6E3000D0593B /* FromToViewController.swift in Sources */ = {isa = PBXBuildFile; fileRef = 581B161923ED6E3000D0593B /* FromToViewController.swift */; };
		581B161C23ED808600D0593B /* AlertExitOrNotViewModel.swift in Sources */ = {isa = PBXBuildFile; fileRef = 581B161B23ED808600D0593B /* AlertExitOrNotViewModel.swift */; };
		581B161E23ED809C00D0593B /* AlertExitOrNotViewController.swift in Sources */ = {isa = PBXBuildFile; fileRef = 581B161D23ED809C00D0593B /* AlertExitOrNotViewController.swift */; };
		583659A523E146E600E2752F /* SetRoomTitleViewController.swift in Sources */ = {isa = PBXBuildFile; fileRef = 583659A423E146E600E2752F /* SetRoomTitleViewController.swift */; };
		583659A723E153DC00E2752F /* JoinRoomViewModel.swift in Sources */ = {isa = PBXBuildFile; fileRef = 583659A623E153DC00E2752F /* JoinRoomViewModel.swift */; };
		583659A923E1547700E2752F /* SetRoomTitleViewModel.swift in Sources */ = {isa = PBXBuildFile; fileRef = 583659A823E1547700E2752F /* SetRoomTitleViewModel.swift */; };
		583659AB23E158A200E2752F /* JoinRoomViewController.swift in Sources */ = {isa = PBXBuildFile; fileRef = 583659AA23E158A200E2752F /* JoinRoomViewController.swift */; };
		583659B323E19F4800E2752F /* BaseNavigationController.swift in Sources */ = {isa = PBXBuildFile; fileRef = 583659B223E19F4800E2752F /* BaseNavigationController.swift */; };
		583659B523E1B9FE00E2752F /* SetRoomDetailViewController.swift in Sources */ = {isa = PBXBuildFile; fileRef = 583659B423E1B9FE00E2752F /* SetRoomDetailViewController.swift */; };
		583659B723E1BA2500E2752F /* SetRoomDetailViewModel.swift in Sources */ = {isa = PBXBuildFile; fileRef = 583659B623E1BA2500E2752F /* SetRoomDetailViewModel.swift */; };
		583659BD23E32AA300E2752F /* ReadyViewController.swift in Sources */ = {isa = PBXBuildFile; fileRef = 583659BC23E32AA300E2752F /* ReadyViewController.swift */; };
		583659BF23E32B5100E2752F /* ReadyViewModel.swift in Sources */ = {isa = PBXBuildFile; fileRef = 583659BE23E32B5100E2752F /* ReadyViewModel.swift */; };
		583659CC23E4AB7100E2752F /* RoomViewModel.swift in Sources */ = {isa = PBXBuildFile; fileRef = 583659CB23E4AB7100E2752F /* RoomViewModel.swift */; };
		58D0178923FA9AC400D55DA6 /* SFProDisplay-Medium.ttf in Resources */ = {isa = PBXBuildFile; fileRef = 58D0178723FA9AC400D55DA6 /* SFProDisplay-Medium.ttf */; };
		58D0178A23FA9AC400D55DA6 /* SFProDisplay-Semibold.ttf in Resources */ = {isa = PBXBuildFile; fileRef = 58D0178823FA9AC400D55DA6 /* SFProDisplay-Semibold.ttf */; };
		58D0178C23FA9CA300D55DA6 /* ConfirmViewController.swift in Sources */ = {isa = PBXBuildFile; fileRef = 58D0178B23FA9CA200D55DA6 /* ConfirmViewController.swift */; };
		58D0178E23FA9CB400D55DA6 /* ConfirmViewModel.swift in Sources */ = {isa = PBXBuildFile; fileRef = 58D0178D23FA9CB300D55DA6 /* ConfirmViewModel.swift */; };
		58D0179523FA9CE600D55DA6 /* PrimaryButton.swift in Sources */ = {isa = PBXBuildFile; fileRef = 58D0178F23FA9CE600D55DA6 /* PrimaryButton.swift */; };
		58D0179623FA9CE600D55DA6 /* GrayPopUp.swift in Sources */ = {isa = PBXBuildFile; fileRef = 58D0179023FA9CE600D55DA6 /* GrayPopUp.swift */; };
		58D0179723FA9CE600D55DA6 /* PrimaryPopUp.swift in Sources */ = {isa = PBXBuildFile; fileRef = 58D0179123FA9CE600D55DA6 /* PrimaryPopUp.swift */; };
		58D0179823FA9CE600D55DA6 /* TextOnlyButton.swift in Sources */ = {isa = PBXBuildFile; fileRef = 58D0179223FA9CE600D55DA6 /* TextOnlyButton.swift */; };
		58D0179923FA9CE600D55DA6 /* GrayButton.swift in Sources */ = {isa = PBXBuildFile; fileRef = 58D0179323FA9CE600D55DA6 /* GrayButton.swift */; };
		58D0179A23FA9CE600D55DA6 /* SubButton.swift in Sources */ = {isa = PBXBuildFile; fileRef = 58D0179423FA9CE600D55DA6 /* SubButton.swift */; };
		58D0179C23FA9D5100D55DA6 /* OpenNittoViewController.swift in Sources */ = {isa = PBXBuildFile; fileRef = 58D0179B23FA9D5100D55DA6 /* OpenNittoViewController.swift */; };
		58D0179E23FA9D6300D55DA6 /* OpenNittoViewModel.swift in Sources */ = {isa = PBXBuildFile; fileRef = 58D0179D23FA9D6300D55DA6 /* OpenNittoViewModel.swift */; };
		58D017A023FA9DA400D55DA6 /* UIFont+.swift in Sources */ = {isa = PBXBuildFile; fileRef = 58D0179F23FA9DA400D55DA6 /* UIFont+.swift */; };
		58D017A223FA9DDD00D55DA6 /* Room.swift in Sources */ = {isa = PBXBuildFile; fileRef = 58D017A123FA9DDD00D55DA6 /* Room.swift */; };
		58D017A423FA9DEE00D55DA6 /* TabBarViewController.swift in Sources */ = {isa = PBXBuildFile; fileRef = 58D017A323FA9DEE00D55DA6 /* TabBarViewController.swift */; };
		58D017A623FA9E1500D55DA6 /* TabBarViewModel.swift in Sources */ = {isa = PBXBuildFile; fileRef = 58D017A523FA9E1500D55DA6 /* TabBarViewModel.swift */; };
		66B8E3541E3CFB1FAA501496 /* Pods_MNT_iOS_MNT_iOSUITests.framework in Frameworks */ = {isa = PBXBuildFile; fileRef = 88EA694FBB02409DA30AB831 /* Pods_MNT_iOS_MNT_iOSUITests.framework */; };
		6F8C0272B30607E25FC8F8C8 /* Pods_MNT_iOS.framework in Frameworks */ = {isa = PBXBuildFile; fileRef = 95E9A4A6BF4DD4A6D97A4951 /* Pods_MNT_iOS.framework */; };
		B13A90DE644E5B9587B70BAD /* Pods_MNT_iOSTests.framework in Frameworks */ = {isa = PBXBuildFile; fileRef = 186C7888D6F657BF5ED2D930 /* Pods_MNT_iOSTests.framework */; };
/* End PBXBuildFile section */

/* Begin PBXContainerItemProxy section */
		1AD6D41B23BF9DBF000B1893 /* PBXContainerItemProxy */ = {
			isa = PBXContainerItemProxy;
			containerPortal = 1AD6D3F923BF9DBC000B1893 /* Project object */;
			proxyType = 1;
			remoteGlobalIDString = 1AD6D40023BF9DBC000B1893;
			remoteInfo = MNT_iOS;
		};
		1AD6D42623BF9DBF000B1893 /* PBXContainerItemProxy */ = {
			isa = PBXContainerItemProxy;
			containerPortal = 1AD6D3F923BF9DBC000B1893 /* Project object */;
			proxyType = 1;
			remoteGlobalIDString = 1AD6D40023BF9DBC000B1893;
			remoteInfo = MNT_iOS;
		};
/* End PBXContainerItemProxy section */

/* Begin PBXFileReference section */
		186C7888D6F657BF5ED2D930 /* Pods_MNT_iOSTests.framework */ = {isa = PBXFileReference; explicitFileType = wrapper.framework; includeInIndex = 0; path = Pods_MNT_iOSTests.framework; sourceTree = BUILT_PRODUCTS_DIR; };
		1A3022AC23EBDAD800693E22 /* AddNewMissionViewModel.swift */ = {isa = PBXFileReference; lastKnownFileType = sourcecode.swift; path = AddNewMissionViewModel.swift; sourceTree = "<group>"; };
		1A3022AE23EBDB5B00693E22 /* AddNewMissionViewController.swift */ = {isa = PBXFileReference; lastKnownFileType = sourcecode.swift; path = AddNewMissionViewController.swift; sourceTree = "<group>"; };
		1A49808423C967C1004B4058 /* LoginController.swift */ = {isa = PBXFileReference; lastKnownFileType = sourcecode.swift; path = LoginController.swift; sourceTree = "<group>"; };
		1A49808623C96925004B4058 /* KakaoOpenSDK-Bridging-Header.h */ = {isa = PBXFileReference; lastKnownFileType = sourcecode.c.h; path = "KakaoOpenSDK-Bridging-Header.h"; sourceTree = "<group>"; };
		1A49808923C96B57004B4058 /* KakaoOpenSDK.framework */ = {isa = PBXFileReference; lastKnownFileType = wrapper.framework; path = KakaoOpenSDK.framework; sourceTree = "<group>"; };
		1A4E686323E3E9D6005D2CFD /* FeedViewController.swift */ = {isa = PBXFileReference; lastKnownFileType = sourcecode.swift; path = FeedViewController.swift; sourceTree = "<group>"; };
		1A4E686823E3EA92005D2CFD /* FeedViewModel.swift */ = {isa = PBXFileReference; lastKnownFileType = sourcecode.swift; path = FeedViewModel.swift; sourceTree = "<group>"; };
		1A4E686A23E3EBE4005D2CFD /* FeedScene.swift */ = {isa = PBXFileReference; lastKnownFileType = sourcecode.swift; path = FeedScene.swift; sourceTree = "<group>"; };
		1A4E686C23E3EC19005D2CFD /* Feed.swift */ = {isa = PBXFileReference; lastKnownFileType = sourcecode.swift; path = Feed.swift; sourceTree = "<group>"; };
		1A4E686E23E3ED49005D2CFD /* FeedCell.swift */ = {isa = PBXFileReference; lastKnownFileType = sourcecode.swift; path = FeedCell.swift; sourceTree = "<group>"; };
		1A4E686F23E3ED49005D2CFD /* FeedCell.xib */ = {isa = PBXFileReference; lastKnownFileType = file.xib; path = FeedCell.xib; sourceTree = "<group>"; };
		1A4E687223E3F471005D2CFD /* FeedCellViewModel.swift */ = {isa = PBXFileReference; lastKnownFileType = sourcecode.swift; path = FeedCellViewModel.swift; sourceTree = "<group>"; };
		1A4E687523E3F7FF005D2CFD /* Model.swift */ = {isa = PBXFileReference; lastKnownFileType = sourcecode.swift; path = Model.swift; sourceTree = "<group>"; };
		1A4E687823E3FFC3005D2CFD /* RoundedImageView.swift */ = {isa = PBXFileReference; lastKnownFileType = sourcecode.swift; path = RoundedImageView.swift; sourceTree = "<group>"; };
		1A4E687A23E4048D005D2CFD /* UITableView+.swift */ = {isa = PBXFileReference; lastKnownFileType = sourcecode.swift; path = "UITableView+.swift"; sourceTree = "<group>"; };
		1A4E687C23E404BC005D2CFD /* UICollectionView+.swift */ = {isa = PBXFileReference; lastKnownFileType = sourcecode.swift; path = "UICollectionView+.swift"; sourceTree = "<group>"; };
		1A4E688623E40DA1005D2CFD /* MissionScene.swift */ = {isa = PBXFileReference; lastKnownFileType = sourcecode.swift; path = MissionScene.swift; sourceTree = "<group>"; };
		1A4E688823E40DD3005D2CFD /* MissionViewModel.swift */ = {isa = PBXFileReference; lastKnownFileType = sourcecode.swift; path = MissionViewModel.swift; sourceTree = "<group>"; };
		1A4E688A23E40DF9005D2CFD /* Mission.swift */ = {isa = PBXFileReference; lastKnownFileType = sourcecode.swift; path = Mission.swift; sourceTree = "<group>"; };
		1A4E688C23E40E79005D2CFD /* MissionPariticipantViewController.swift */ = {isa = PBXFileReference; lastKnownFileType = sourcecode.swift; path = MissionPariticipantViewController.swift; sourceTree = "<group>"; };
		1A4E688E23E40F81005D2CFD /* MissionCell.swift */ = {isa = PBXFileReference; lastKnownFileType = sourcecode.swift; path = MissionCell.swift; sourceTree = "<group>"; };
		1A4E688F23E40F81005D2CFD /* MissionCell.xib */ = {isa = PBXFileReference; lastKnownFileType = file.xib; path = MissionCell.xib; sourceTree = "<group>"; };
		1A4E689223E40FAB005D2CFD /* MissionCellViewModel.swift */ = {isa = PBXFileReference; lastKnownFileType = sourcecode.swift; path = MissionCellViewModel.swift; sourceTree = "<group>"; };
		1A4E689423E42993005D2CFD /* MissionAdministratorViewController.swift */ = {isa = PBXFileReference; lastKnownFileType = sourcecode.swift; path = MissionAdministratorViewController.swift; sourceTree = "<group>"; };
		1A4E689623E429EF005D2CFD /* MissionListTableViewController.swift */ = {isa = PBXFileReference; lastKnownFileType = sourcecode.swift; path = MissionListTableViewController.swift; sourceTree = "<group>"; };
		1A4E68A223E474AE005D2CFD /* MissionPostViewController.swift */ = {isa = PBXFileReference; lastKnownFileType = sourcecode.swift; path = MissionPostViewController.swift; sourceTree = "<group>"; };
		1A4E68A423E474D4005D2CFD /* MissionPostViewModel.swift */ = {isa = PBXFileReference; lastKnownFileType = sourcecode.swift; path = MissionPostViewModel.swift; sourceTree = "<group>"; };
		1A81AE5923E9099A004CADBC /* MissionDetailViewController.swift */ = {isa = PBXFileReference; lastKnownFileType = sourcecode.swift; path = MissionDetailViewController.swift; sourceTree = "<group>"; };
		1A81AE5C23E90A0C004CADBC /* MissionDetailViewModel.swift */ = {isa = PBXFileReference; lastKnownFileType = sourcecode.swift; path = MissionDetailViewModel.swift; sourceTree = "<group>"; };
		1A81AE5E23E90C38004CADBC /* FromToView.swift */ = {isa = PBXFileReference; lastKnownFileType = sourcecode.swift; path = FromToView.swift; sourceTree = "<group>"; };
		1A8FAF2F23E0249C009A92C1 /* SceneCoordinator.swift */ = {isa = PBXFileReference; lastKnownFileType = sourcecode.swift; path = SceneCoordinator.swift; sourceTree = "<group>"; };
		1A8FAF3423E02563009A92C1 /* CoordinatorType.swift */ = {isa = PBXFileReference; lastKnownFileType = sourcecode.swift; path = CoordinatorType.swift; sourceTree = "<group>"; };
		1A8FAF4123E060AE009A92C1 /* LoginScene.swift */ = {isa = PBXFileReference; lastKnownFileType = sourcecode.swift; path = LoginScene.swift; sourceTree = "<group>"; };
		1A8FAF4323E0612C009A92C1 /* LoginViewModel.swift */ = {isa = PBXFileReference; lastKnownFileType = sourcecode.swift; path = LoginViewModel.swift; sourceTree = "<group>"; };
		1A8FAF4523E06952009A92C1 /* MainViewModel.swift */ = {isa = PBXFileReference; lastKnownFileType = sourcecode.swift; path = MainViewModel.swift; sourceTree = "<group>"; };
		1A8FAF4723E06A81009A92C1 /* MainScene.swift */ = {isa = PBXFileReference; lastKnownFileType = sourcecode.swift; path = MainScene.swift; sourceTree = "<group>"; };
		1A8FAF4923E0737E009A92C1 /* UIStackView+.swift */ = {isa = PBXFileReference; lastKnownFileType = sourcecode.swift; path = "UIStackView+.swift"; sourceTree = "<group>"; };
		1A8FAF4B23E0755D009A92C1 /* UITextField+.swift */ = {isa = PBXFileReference; lastKnownFileType = sourcecode.swift; path = "UITextField+.swift"; sourceTree = "<group>"; };
		1AAB0E2A23DECA080003A2C4 /* View+.swift */ = {isa = PBXFileReference; lastKnownFileType = sourcecode.swift; path = "View+.swift"; sourceTree = "<group>"; };
		1AAB0E2C23DECBDE0003A2C4 /* UIButton+.swift */ = {isa = PBXFileReference; lastKnownFileType = sourcecode.swift; path = "UIButton+.swift"; sourceTree = "<group>"; };
		1AAB0E2E23DECBFF0003A2C4 /* UILabel+.swift */ = {isa = PBXFileReference; lastKnownFileType = sourcecode.swift; path = "UILabel+.swift"; sourceTree = "<group>"; };
		1AAB0E3023DECC2C0003A2C4 /* CircularImageView.swift */ = {isa = PBXFileReference; lastKnownFileType = sourcecode.swift; path = CircularImageView.swift; sourceTree = "<group>"; };
		1AAB0E3223DECC770003A2C4 /* UIView+Stacking.swift */ = {isa = PBXFileReference; lastKnownFileType = sourcecode.swift; path = "UIView+Stacking.swift"; sourceTree = "<group>"; };
		1AAB0E3423DED2310003A2C4 /* NSObject+Rx.swift */ = {isa = PBXFileReference; lastKnownFileType = sourcecode.swift; path = "NSObject+Rx.swift"; sourceTree = "<group>"; };
		1AAB0E3723DED4240003A2C4 /* ViewController.swift */ = {isa = PBXFileReference; lastKnownFileType = sourcecode.swift; path = ViewController.swift; sourceTree = "<group>"; };
		1AAB0E3923DED4980003A2C4 /* ViewModel.swift */ = {isa = PBXFileReference; lastKnownFileType = sourcecode.swift; path = ViewModel.swift; sourceTree = "<group>"; };
		1AAB0E3B23DED4C50003A2C4 /* ViewModelBindable.swift */ = {isa = PBXFileReference; lastKnownFileType = sourcecode.swift; path = ViewModelBindable.swift; sourceTree = "<group>"; };
		1AB0696923F231D8000B8D27 /* UserListViewController.swift */ = {isa = PBXFileReference; lastKnownFileType = sourcecode.swift; path = UserListViewController.swift; sourceTree = "<group>"; };
		1AB0696B23F231F6000B8D27 /* UserListViewModel.swift */ = {isa = PBXFileReference; lastKnownFileType = sourcecode.swift; path = UserListViewModel.swift; sourceTree = "<group>"; };
		1AB0696D23F232B0000B8D27 /* FeedFilterViewController.swift */ = {isa = PBXFileReference; lastKnownFileType = sourcecode.swift; path = FeedFilterViewController.swift; sourceTree = "<group>"; };
		1AB0696F23F232C6000B8D27 /* FeedFilterViewModel.swift */ = {isa = PBXFileReference; lastKnownFileType = sourcecode.swift; path = FeedFilterViewModel.swift; sourceTree = "<group>"; };
		1AD5F7BA23E8762400F96263 /* MissionPreviewViewController.swift */ = {isa = PBXFileReference; lastKnownFileType = sourcecode.swift; path = MissionPreviewViewController.swift; sourceTree = "<group>"; };
		1AD5F7BC23E8771500F96263 /* MissionDetail.swift */ = {isa = PBXFileReference; lastKnownFileType = sourcecode.swift; path = MissionDetail.swift; sourceTree = "<group>"; };
		1AD6D40123BF9DBC000B1893 /* MNT_iOS.app */ = {isa = PBXFileReference; explicitFileType = wrapper.application; includeInIndex = 0; path = MNT_iOS.app; sourceTree = BUILT_PRODUCTS_DIR; };
		1AD6D40423BF9DBC000B1893 /* AppDelegate.swift */ = {isa = PBXFileReference; lastKnownFileType = sourcecode.swift; path = AppDelegate.swift; sourceTree = "<group>"; };
		1AD6D40623BF9DBC000B1893 /* SceneDelegate.swift */ = {isa = PBXFileReference; lastKnownFileType = sourcecode.swift; path = SceneDelegate.swift; sourceTree = "<group>"; };
		1AD6D40823BF9DBC000B1893 /* MainViewController.swift */ = {isa = PBXFileReference; lastKnownFileType = sourcecode.swift; path = MainViewController.swift; sourceTree = "<group>"; };
		1AD6D40B23BF9DBC000B1893 /* Base */ = {isa = PBXFileReference; lastKnownFileType = file.storyboard; name = Base; path = Base.lproj/Main.storyboard; sourceTree = "<group>"; };
		1AD6D40E23BF9DBC000B1893 /* MNT_iOS.xcdatamodel */ = {isa = PBXFileReference; lastKnownFileType = wrapper.xcdatamodel; path = MNT_iOS.xcdatamodel; sourceTree = "<group>"; };
		1AD6D41023BF9DBF000B1893 /* Assets.xcassets */ = {isa = PBXFileReference; lastKnownFileType = folder.assetcatalog; path = Assets.xcassets; sourceTree = "<group>"; };
		1AD6D41323BF9DBF000B1893 /* Base */ = {isa = PBXFileReference; lastKnownFileType = file.storyboard; name = Base; path = Base.lproj/LaunchScreen.storyboard; sourceTree = "<group>"; };
		1AD6D41523BF9DBF000B1893 /* Info.plist */ = {isa = PBXFileReference; lastKnownFileType = text.plist.xml; path = Info.plist; sourceTree = "<group>"; };
		1AD6D41A23BF9DBF000B1893 /* MNT_iOSTests.xctest */ = {isa = PBXFileReference; explicitFileType = wrapper.cfbundle; includeInIndex = 0; path = MNT_iOSTests.xctest; sourceTree = BUILT_PRODUCTS_DIR; };
		1AD6D41E23BF9DBF000B1893 /* MNT_iOSTests.swift */ = {isa = PBXFileReference; lastKnownFileType = sourcecode.swift; path = MNT_iOSTests.swift; sourceTree = "<group>"; };
		1AD6D42023BF9DBF000B1893 /* Info.plist */ = {isa = PBXFileReference; lastKnownFileType = text.plist.xml; path = Info.plist; sourceTree = "<group>"; };
		1AD6D42523BF9DBF000B1893 /* MNT_iOSUITests.xctest */ = {isa = PBXFileReference; explicitFileType = wrapper.cfbundle; includeInIndex = 0; path = MNT_iOSUITests.xctest; sourceTree = BUILT_PRODUCTS_DIR; };
		1AD6D42923BF9DBF000B1893 /* MNT_iOSUITests.swift */ = {isa = PBXFileReference; lastKnownFileType = sourcecode.swift; path = MNT_iOSUITests.swift; sourceTree = "<group>"; };
		1AD6D42B23BF9DBF000B1893 /* Info.plist */ = {isa = PBXFileReference; lastKnownFileType = text.plist.xml; path = Info.plist; sourceTree = "<group>"; };
		1AECB7CD23F0F5BE0018BC16 /* APISourceProtocol.swift */ = {isa = PBXFileReference; lastKnownFileType = sourcecode.swift; path = APISourceProtocol.swift; sourceTree = "<group>"; };
		1AECB7CF23F0FA510018BC16 /* RxSwift+.swift */ = {isa = PBXFileReference; lastKnownFileType = sourcecode.swift; path = "RxSwift+.swift"; sourceTree = "<group>"; };
		1AECB7D123F0FACE0018BC16 /* APISource.swift */ = {isa = PBXFileReference; lastKnownFileType = sourcecode.swift; path = APISource.swift; sourceTree = "<group>"; };
		1AECB7D323F0FF780018BC16 /* RxAlamofire+.swift */ = {isa = PBXFileReference; lastKnownFileType = sourcecode.swift; path = "RxAlamofire+.swift"; sourceTree = "<group>"; };
		1AECB7D523F137000018BC16 /* UIColor+.swift */ = {isa = PBXFileReference; lastKnownFileType = sourcecode.swift; path = "UIColor+.swift"; sourceTree = "<group>"; };
		1AECB7D723F14A950018BC16 /* MissionTypeView.swift */ = {isa = PBXFileReference; lastKnownFileType = sourcecode.swift; path = MissionTypeView.swift; sourceTree = "<group>"; };
		1AF8288A23EBFCB100BDAEF9 /* StackChildView.swift */ = {isa = PBXFileReference; lastKnownFileType = sourcecode.swift; path = StackChildView.swift; sourceTree = "<group>"; };
		1AFC040123C99841005B7A6F /* Objects+.swift */ = {isa = PBXFileReference; lastKnownFileType = sourcecode.swift; path = "Objects+.swift"; sourceTree = "<group>"; };
		237B29BC7317A4214DD15AB7 /* Pods-MNT_iOS.release.xcconfig */ = {isa = PBXFileReference; includeInIndex = 1; lastKnownFileType = text.xcconfig; name = "Pods-MNT_iOS.release.xcconfig"; path = "Target Support Files/Pods-MNT_iOS/Pods-MNT_iOS.release.xcconfig"; sourceTree = "<group>"; };
		2959EBE188AF473628F98049 /* Pods-MNT_iOS-MNT_iOSUITests.release.xcconfig */ = {isa = PBXFileReference; includeInIndex = 1; lastKnownFileType = text.xcconfig; name = "Pods-MNT_iOS-MNT_iOSUITests.release.xcconfig"; path = "Target Support Files/Pods-MNT_iOS-MNT_iOSUITests/Pods-MNT_iOS-MNT_iOSUITests.release.xcconfig"; sourceTree = "<group>"; };
		341C7360E22267225953F064 /* Pods-MNT_iOSTests.release.xcconfig */ = {isa = PBXFileReference; includeInIndex = 1; lastKnownFileType = text.xcconfig; name = "Pods-MNT_iOSTests.release.xcconfig"; path = "Target Support Files/Pods-MNT_iOSTests/Pods-MNT_iOSTests.release.xcconfig"; sourceTree = "<group>"; };
		4803407A17E8E93EF842E6CF /* Pods-MNT_iOS-MNT_iOSUITests.debug.xcconfig */ = {isa = PBXFileReference; includeInIndex = 1; lastKnownFileType = text.xcconfig; name = "Pods-MNT_iOS-MNT_iOSUITests.debug.xcconfig"; path = "Target Support Files/Pods-MNT_iOS-MNT_iOSUITests/Pods-MNT_iOS-MNT_iOSUITests.debug.xcconfig"; sourceTree = "<group>"; };
		5814FD539E707AB76982D861 /* Pods-MNT_iOS.debug.xcconfig */ = {isa = PBXFileReference; includeInIndex = 1; lastKnownFileType = text.xcconfig; name = "Pods-MNT_iOS.debug.xcconfig"; path = "Target Support Files/Pods-MNT_iOS/Pods-MNT_iOS.debug.xcconfig"; sourceTree = "<group>"; };
		581B15EF23EACE5F00D0593B /* AlertExitViewModel.swift */ = {isa = PBXFileReference; lastKnownFileType = sourcecode.swift; path = AlertExitViewModel.swift; sourceTree = "<group>"; };
		581B15F123EAD04E00D0593B /* AlertExitViewController.swift */ = {isa = PBXFileReference; lastKnownFileType = sourcecode.swift; path = AlertExitViewController.swift; sourceTree = "<group>"; };
		581B15F323EAD55D00D0593B /* ExitScene.swift */ = {isa = PBXFileReference; lastKnownFileType = sourcecode.swift; path = ExitScene.swift; sourceTree = "<group>"; };
		581B15F523EB3BB700D0593B /* KakaoLink.framework */ = {isa = PBXFileReference; lastKnownFileType = wrapper.framework; path = KakaoLink.framework; sourceTree = "<group>"; };
		581B15F723EB3EC200D0593B /* KakaoMessageTemplate.framework */ = {isa = PBXFileReference; lastKnownFileType = wrapper.framework; path = KakaoMessageTemplate.framework; sourceTree = "<group>"; };
		581B15F923EB409400D0593B /* KakaoCommon.framework */ = {isa = PBXFileReference; lastKnownFileType = wrapper.framework; path = KakaoCommon.framework; sourceTree = "<group>"; };
		581B15FB23EC628A00D0593B /* AlertExtension.swift */ = {isa = PBXFileReference; fileEncoding = 4; lastKnownFileType = sourcecode.swift; path = AlertExtension.swift; sourceTree = "<group>"; };
		581B15FD23EC705100D0593B /* ProfileCellViewModel.swift */ = {isa = PBXFileReference; lastKnownFileType = sourcecode.swift; path = ProfileCellViewModel.swift; sourceTree = "<group>"; };
		581B15FF23EC70FD00D0593B /* ManittoProfile.swift */ = {isa = PBXFileReference; lastKnownFileType = sourcecode.swift; path = ManittoProfile.swift; sourceTree = "<group>"; };
		581B160123EC735400D0593B /* GuessViewModel.swift */ = {isa = PBXFileReference; lastKnownFileType = sourcecode.swift; path = GuessViewModel.swift; sourceTree = "<group>"; };
		581B160723EC741C00D0593B /* ProfileCollectionViewCell.swift */ = {isa = PBXFileReference; lastKnownFileType = sourcecode.swift; path = ProfileCollectionViewCell.swift; sourceTree = "<group>"; };
		581B160823EC741C00D0593B /* ProfileCollectionViewCell.xib */ = {isa = PBXFileReference; lastKnownFileType = file.xib; path = ProfileCollectionViewCell.xib; sourceTree = "<group>"; };
		581B160B23EC760D00D0593B /* GuessViewController.swift */ = {isa = PBXFileReference; lastKnownFileType = sourcecode.swift; path = GuessViewController.swift; sourceTree = "<group>"; };
		581B160D23EC790D00D0593B /* UICollectionView+.swift */ = {isa = PBXFileReference; fileEncoding = 4; lastKnownFileType = sourcecode.swift; path = "UICollectionView+.swift"; sourceTree = "<group>"; };
		581B161523ECB2CB00D0593B /* UIAlertController+.swift */ = {isa = PBXFileReference; lastKnownFileType = sourcecode.swift; path = "UIAlertController+.swift"; sourceTree = "<group>"; };
		581B161723ECB58F00D0593B /* UIApplication+.swift */ = {isa = PBXFileReference; lastKnownFileType = sourcecode.swift; path = "UIApplication+.swift"; sourceTree = "<group>"; };
		581B161923ED6E3000D0593B /* FromToViewController.swift */ = {isa = PBXFileReference; lastKnownFileType = sourcecode.swift; path = FromToViewController.swift; sourceTree = "<group>"; };
		581B161B23ED808600D0593B /* AlertExitOrNotViewModel.swift */ = {isa = PBXFileReference; lastKnownFileType = sourcecode.swift; path = AlertExitOrNotViewModel.swift; sourceTree = "<group>"; };
		581B161D23ED809C00D0593B /* AlertExitOrNotViewController.swift */ = {isa = PBXFileReference; lastKnownFileType = sourcecode.swift; path = AlertExitOrNotViewController.swift; sourceTree = "<group>"; };
		583659A423E146E600E2752F /* SetRoomTitleViewController.swift */ = {isa = PBXFileReference; lastKnownFileType = sourcecode.swift; path = SetRoomTitleViewController.swift; sourceTree = "<group>"; };
		583659A623E153DC00E2752F /* JoinRoomViewModel.swift */ = {isa = PBXFileReference; lastKnownFileType = sourcecode.swift; path = JoinRoomViewModel.swift; sourceTree = "<group>"; };
		583659A823E1547700E2752F /* SetRoomTitleViewModel.swift */ = {isa = PBXFileReference; lastKnownFileType = sourcecode.swift; path = SetRoomTitleViewModel.swift; sourceTree = "<group>"; };
		583659AA23E158A200E2752F /* JoinRoomViewController.swift */ = {isa = PBXFileReference; lastKnownFileType = sourcecode.swift; path = JoinRoomViewController.swift; sourceTree = "<group>"; };
		583659B223E19F4800E2752F /* BaseNavigationController.swift */ = {isa = PBXFileReference; lastKnownFileType = sourcecode.swift; path = BaseNavigationController.swift; sourceTree = "<group>"; };
		583659B423E1B9FE00E2752F /* SetRoomDetailViewController.swift */ = {isa = PBXFileReference; lastKnownFileType = sourcecode.swift; path = SetRoomDetailViewController.swift; sourceTree = "<group>"; };
		583659B623E1BA2500E2752F /* SetRoomDetailViewModel.swift */ = {isa = PBXFileReference; lastKnownFileType = sourcecode.swift; path = SetRoomDetailViewModel.swift; sourceTree = "<group>"; };
		583659BC23E32AA300E2752F /* ReadyViewController.swift */ = {isa = PBXFileReference; lastKnownFileType = sourcecode.swift; path = ReadyViewController.swift; sourceTree = "<group>"; };
		583659BE23E32B5100E2752F /* ReadyViewModel.swift */ = {isa = PBXFileReference; lastKnownFileType = sourcecode.swift; path = ReadyViewModel.swift; sourceTree = "<group>"; };
		583659CB23E4AB7100E2752F /* RoomViewModel.swift */ = {isa = PBXFileReference; lastKnownFileType = sourcecode.swift; path = RoomViewModel.swift; sourceTree = "<group>"; };
		58D0178723FA9AC400D55DA6 /* SFProDisplay-Medium.ttf */ = {isa = PBXFileReference; lastKnownFileType = file; name = "SFProDisplay-Medium.ttf"; path = "../../../../../Downloads/SFProDisplay-Medium.ttf"; sourceTree = "<group>"; };
		58D0178823FA9AC400D55DA6 /* SFProDisplay-Semibold.ttf */ = {isa = PBXFileReference; lastKnownFileType = file; name = "SFProDisplay-Semibold.ttf"; path = "../../../../../Downloads/SFProDisplay-Semibold.ttf"; sourceTree = "<group>"; };
		58D0178B23FA9CA200D55DA6 /* ConfirmViewController.swift */ = {isa = PBXFileReference; lastKnownFileType = sourcecode.swift; path = ConfirmViewController.swift; sourceTree = "<group>"; };
		58D0178D23FA9CB300D55DA6 /* ConfirmViewModel.swift */ = {isa = PBXFileReference; lastKnownFileType = sourcecode.swift; path = ConfirmViewModel.swift; sourceTree = "<group>"; };
		58D0178F23FA9CE600D55DA6 /* PrimaryButton.swift */ = {isa = PBXFileReference; lastKnownFileType = sourcecode.swift; path = PrimaryButton.swift; sourceTree = "<group>"; };
		58D0179023FA9CE600D55DA6 /* GrayPopUp.swift */ = {isa = PBXFileReference; lastKnownFileType = sourcecode.swift; path = GrayPopUp.swift; sourceTree = "<group>"; };
		58D0179123FA9CE600D55DA6 /* PrimaryPopUp.swift */ = {isa = PBXFileReference; lastKnownFileType = sourcecode.swift; path = PrimaryPopUp.swift; sourceTree = "<group>"; };
		58D0179223FA9CE600D55DA6 /* TextOnlyButton.swift */ = {isa = PBXFileReference; lastKnownFileType = sourcecode.swift; path = TextOnlyButton.swift; sourceTree = "<group>"; };
		58D0179323FA9CE600D55DA6 /* GrayButton.swift */ = {isa = PBXFileReference; lastKnownFileType = sourcecode.swift; path = GrayButton.swift; sourceTree = "<group>"; };
		58D0179423FA9CE600D55DA6 /* SubButton.swift */ = {isa = PBXFileReference; lastKnownFileType = sourcecode.swift; path = SubButton.swift; sourceTree = "<group>"; };
		58D0179B23FA9D5100D55DA6 /* OpenNittoViewController.swift */ = {isa = PBXFileReference; lastKnownFileType = sourcecode.swift; path = OpenNittoViewController.swift; sourceTree = "<group>"; };
		58D0179D23FA9D6300D55DA6 /* OpenNittoViewModel.swift */ = {isa = PBXFileReference; lastKnownFileType = sourcecode.swift; path = OpenNittoViewModel.swift; sourceTree = "<group>"; };
		58D0179F23FA9DA400D55DA6 /* UIFont+.swift */ = {isa = PBXFileReference; lastKnownFileType = sourcecode.swift; path = "UIFont+.swift"; sourceTree = "<group>"; };
		58D017A123FA9DDD00D55DA6 /* Room.swift */ = {isa = PBXFileReference; lastKnownFileType = sourcecode.swift; path = Room.swift; sourceTree = "<group>"; };
		58D017A323FA9DEE00D55DA6 /* TabBarViewController.swift */ = {isa = PBXFileReference; lastKnownFileType = sourcecode.swift; path = TabBarViewController.swift; sourceTree = "<group>"; };
		58D017A523FA9E1500D55DA6 /* TabBarViewModel.swift */ = {isa = PBXFileReference; lastKnownFileType = sourcecode.swift; path = TabBarViewModel.swift; sourceTree = "<group>"; };
		88EA694FBB02409DA30AB831 /* Pods_MNT_iOS_MNT_iOSUITests.framework */ = {isa = PBXFileReference; explicitFileType = wrapper.framework; includeInIndex = 0; path = Pods_MNT_iOS_MNT_iOSUITests.framework; sourceTree = BUILT_PRODUCTS_DIR; };
		95E9A4A6BF4DD4A6D97A4951 /* Pods_MNT_iOS.framework */ = {isa = PBXFileReference; explicitFileType = wrapper.framework; includeInIndex = 0; path = Pods_MNT_iOS.framework; sourceTree = BUILT_PRODUCTS_DIR; };
		AB74A15F01BF71A867A7F874 /* Pods-MNT_iOSTests.debug.xcconfig */ = {isa = PBXFileReference; includeInIndex = 1; lastKnownFileType = text.xcconfig; name = "Pods-MNT_iOSTests.debug.xcconfig"; path = "Target Support Files/Pods-MNT_iOSTests/Pods-MNT_iOSTests.debug.xcconfig"; sourceTree = "<group>"; };
/* End PBXFileReference section */

/* Begin PBXFrameworksBuildPhase section */
		1AD6D3FE23BF9DBC000B1893 /* Frameworks */ = {
			isa = PBXFrameworksBuildPhase;
			buildActionMask = 2147483647;
			files = (
				581B15FA23EB409500D0593B /* KakaoCommon.framework in Frameworks */,
				1A49808A23C96B57004B4058 /* KakaoOpenSDK.framework in Frameworks */,
				6F8C0272B30607E25FC8F8C8 /* Pods_MNT_iOS.framework in Frameworks */,
				581B15F823EB3EC200D0593B /* KakaoMessageTemplate.framework in Frameworks */,
				581B15F623EB3BB700D0593B /* KakaoLink.framework in Frameworks */,
			);
			runOnlyForDeploymentPostprocessing = 0;
		};
		1AD6D41723BF9DBF000B1893 /* Frameworks */ = {
			isa = PBXFrameworksBuildPhase;
			buildActionMask = 2147483647;
			files = (
				B13A90DE644E5B9587B70BAD /* Pods_MNT_iOSTests.framework in Frameworks */,
			);
			runOnlyForDeploymentPostprocessing = 0;
		};
		1AD6D42223BF9DBF000B1893 /* Frameworks */ = {
			isa = PBXFrameworksBuildPhase;
			buildActionMask = 2147483647;
			files = (
				66B8E3541E3CFB1FAA501496 /* Pods_MNT_iOS_MNT_iOSUITests.framework in Frameworks */,
			);
			runOnlyForDeploymentPostprocessing = 0;
		};
/* End PBXFrameworksBuildPhase section */

/* Begin PBXGroup section */
		1A49808023C962F8004B4058 /* Frameworks */ = {
			isa = PBXGroup;
			children = (
				581B15F923EB409400D0593B /* KakaoCommon.framework */,
				581B15F723EB3EC200D0593B /* KakaoMessageTemplate.framework */,
				581B15F523EB3BB700D0593B /* KakaoLink.framework */,
				1A49808923C96B57004B4058 /* KakaoOpenSDK.framework */,
				95E9A4A6BF4DD4A6D97A4951 /* Pods_MNT_iOS.framework */,
				88EA694FBB02409DA30AB831 /* Pods_MNT_iOS_MNT_iOSUITests.framework */,
				186C7888D6F657BF5ED2D930 /* Pods_MNT_iOSTests.framework */,
			);
			path = Frameworks;
			sourceTree = "<group>";
		};
		1A4E686123E3E9C3005D2CFD /* Feed */ = {
			isa = PBXGroup;
			children = (
				1A4E687E23E40D27005D2CFD /* FeedDetails */,
				1A4E686623E3EA29005D2CFD /* ViewModel */,
				1A4E686723E3EA2F005D2CFD /* Scene */,
				1A4E686523E3EA23005D2CFD /* Model */,
				1A4E686223E3E9CC005D2CFD /* View */,
			);
			path = Feed;
			sourceTree = "<group>";
		};
		1A4E686223E3E9CC005D2CFD /* View */ = {
			isa = PBXGroup;
			children = (
				1A4E686323E3E9D6005D2CFD /* FeedViewController.swift */,
				1A4E686E23E3ED49005D2CFD /* FeedCell.swift */,
				1A4E686F23E3ED49005D2CFD /* FeedCell.xib */,
				1A81AE5E23E90C38004CADBC /* FromToView.swift */,
				1AECB7D723F14A950018BC16 /* MissionTypeView.swift */,
			);
			path = View;
			sourceTree = "<group>";
		};
		1A4E686523E3EA23005D2CFD /* Model */ = {
			isa = PBXGroup;
			children = (
				1A4E686C23E3EC19005D2CFD /* Feed.swift */,
			);
			path = Model;
			sourceTree = "<group>";
		};
		1A4E686623E3EA29005D2CFD /* ViewModel */ = {
			isa = PBXGroup;
			children = (
				1A4E686823E3EA92005D2CFD /* FeedViewModel.swift */,
				1A4E687223E3F471005D2CFD /* FeedCellViewModel.swift */,
			);
			path = ViewModel;
			sourceTree = "<group>";
		};
		1A4E686723E3EA2F005D2CFD /* Scene */ = {
			isa = PBXGroup;
			children = (
				1A4E686A23E3EBE4005D2CFD /* FeedScene.swift */,
			);
			path = Scene;
			sourceTree = "<group>";
		};
		1A4E687423E3F7EC005D2CFD /* Model */ = {
			isa = PBXGroup;
			children = (
				1A4E687523E3F7FF005D2CFD /* Model.swift */,
			);
			path = Model;
			sourceTree = "<group>";
		};
		1A4E687723E3FFAD005D2CFD /* View */ = {
			isa = PBXGroup;
			children = (
				1AAB0E3023DECC2C0003A2C4 /* CircularImageView.swift */,
				1A4E687823E3FFC3005D2CFD /* RoundedImageView.swift */,
				1AF8288A23EBFCB100BDAEF9 /* StackChildView.swift */,
				58D0179323FA9CE600D55DA6 /* GrayButton.swift */,
				58D0179023FA9CE600D55DA6 /* GrayPopUp.swift */,
				58D0178F23FA9CE600D55DA6 /* PrimaryButton.swift */,
				58D0179123FA9CE600D55DA6 /* PrimaryPopUp.swift */,
				58D0179423FA9CE600D55DA6 /* SubButton.swift */,
				58D0179223FA9CE600D55DA6 /* TextOnlyButton.swift */,
			);
			path = View;
			sourceTree = "<group>";
		};
		1A4E687E23E40D27005D2CFD /* FeedDetails */ = {
			isa = PBXGroup;
			children = (
				1A81AE5B23E90A01004CADBC /* ViewModel */,
				1A4E687F23E40D35005D2CFD /* View */,
			);
			path = FeedDetails;
			sourceTree = "<group>";
		};
		1A4E687F23E40D35005D2CFD /* View */ = {
			isa = PBXGroup;
			children = (
				1AB0696D23F232B0000B8D27 /* FeedFilterViewController.swift */,
				1A81AE5923E9099A004CADBC /* MissionDetailViewController.swift */,
				1AB0696923F231D8000B8D27 /* UserListViewController.swift */,
			);
			path = View;
			sourceTree = "<group>";
		};
		1A4E688123E40D75005D2CFD /* Misson */ = {
			isa = PBXGroup;
			children = (
				1A4E689A23E4718C005D2CFD /* Administrator */,
				1A4E689923E47185005D2CFD /* Participant */,
				1A4E688523E40D8D005D2CFD /* Scene */,
				1A4E688423E40D88005D2CFD /* Model */,
				1A4E688323E40D82005D2CFD /* ViewModel */,
				1A4E688223E40D7D005D2CFD /* View */,
			);
			path = Misson;
			sourceTree = "<group>";
		};
		1A4E688223E40D7D005D2CFD /* View */ = {
			isa = PBXGroup;
			children = (
				1A4E689623E429EF005D2CFD /* MissionListTableViewController.swift */,
				1A4E688E23E40F81005D2CFD /* MissionCell.swift */,
				1A4E688F23E40F81005D2CFD /* MissionCell.xib */,
			);
			path = View;
			sourceTree = "<group>";
		};
		1A4E688323E40D82005D2CFD /* ViewModel */ = {
			isa = PBXGroup;
			children = (
				1A4E688823E40DD3005D2CFD /* MissionViewModel.swift */,
				1A4E689223E40FAB005D2CFD /* MissionCellViewModel.swift */,
			);
			path = ViewModel;
			sourceTree = "<group>";
		};
		1A4E688423E40D88005D2CFD /* Model */ = {
			isa = PBXGroup;
			children = (
				1A4E688A23E40DF9005D2CFD /* Mission.swift */,
			);
			path = Model;
			sourceTree = "<group>";
		};
		1A4E688523E40D8D005D2CFD /* Scene */ = {
			isa = PBXGroup;
			children = (
				1A4E688623E40DA1005D2CFD /* MissionScene.swift */,
			);
			path = Scene;
			sourceTree = "<group>";
		};
		1A4E689923E47185005D2CFD /* Participant */ = {
			isa = PBXGroup;
			children = (
				1A4E689E23E471BC005D2CFD /* Model */,
				1A4E689C23E471B2005D2CFD /* ViewModel */,
				1A4E689B23E471AD005D2CFD /* View */,
			);
			path = Participant;
			sourceTree = "<group>";
		};
		1A4E689A23E4718C005D2CFD /* Administrator */ = {
			isa = PBXGroup;
			children = (
				1A4E68A123E471D7005D2CFD /* Model */,
				1A4E68A023E471D3005D2CFD /* ViewModel */,
				1A4E689F23E471CF005D2CFD /* View */,
			);
			path = Administrator;
			sourceTree = "<group>";
		};
		1A4E689B23E471AD005D2CFD /* View */ = {
			isa = PBXGroup;
			children = (
				1A4E688C23E40E79005D2CFD /* MissionPariticipantViewController.swift */,
				1A4E68A223E474AE005D2CFD /* MissionPostViewController.swift */,
				1AD5F7BA23E8762400F96263 /* MissionPreviewViewController.swift */,
			);
			path = View;
			sourceTree = "<group>";
		};
		1A4E689C23E471B2005D2CFD /* ViewModel */ = {
			isa = PBXGroup;
			children = (
				1A4E68A423E474D4005D2CFD /* MissionPostViewModel.swift */,
			);
			path = ViewModel;
			sourceTree = "<group>";
		};
		1A4E689E23E471BC005D2CFD /* Model */ = {
			isa = PBXGroup;
			children = (
				1AD5F7BC23E8771500F96263 /* MissionDetail.swift */,
			);
			path = Model;
			sourceTree = "<group>";
		};
		1A4E689F23E471CF005D2CFD /* View */ = {
			isa = PBXGroup;
			children = (
				1A4E689423E42993005D2CFD /* MissionAdministratorViewController.swift */,
				1A3022AE23EBDB5B00693E22 /* AddNewMissionViewController.swift */,
			);
			path = View;
			sourceTree = "<group>";
		};
		1A4E68A023E471D3005D2CFD /* ViewModel */ = {
			isa = PBXGroup;
			children = (
				1A3022AC23EBDAD800693E22 /* AddNewMissionViewModel.swift */,
			);
			path = ViewModel;
			sourceTree = "<group>";
		};
		1A4E68A123E471D7005D2CFD /* Model */ = {
			isa = PBXGroup;
			children = (
			);
			path = Model;
			sourceTree = "<group>";
		};
		1A81AE5B23E90A01004CADBC /* ViewModel */ = {
			isa = PBXGroup;
			children = (
				1A81AE5C23E90A0C004CADBC /* MissionDetailViewModel.swift */,
				1AB0696B23F231F6000B8D27 /* UserListViewModel.swift */,
				1AB0696F23F232C6000B8D27 /* FeedFilterViewModel.swift */,
			);
			path = ViewModel;
			sourceTree = "<group>";
		};
		1A8FAF3123E02520009A92C1 /* Coordinator */ = {
			isa = PBXGroup;
			children = (
				1A8FAF2F23E0249C009A92C1 /* SceneCoordinator.swift */,
				1A8FAF3423E02563009A92C1 /* CoordinatorType.swift */,
			);
			path = Coordinator;
			sourceTree = "<group>";
		};
		1A8FAF3223E0252B009A92C1 /* ViewController */ = {
			isa = PBXGroup;
			children = (
				1AAB0E3723DED4240003A2C4 /* ViewController.swift */,
				583659B223E19F4800E2752F /* BaseNavigationController.swift */,
			);
			path = ViewController;
			sourceTree = "<group>";
		};
		1A8FAF3323E02533009A92C1 /* ViewModel */ = {
			isa = PBXGroup;
			children = (
				1AAB0E3923DED4980003A2C4 /* ViewModel.swift */,
				1AAB0E3B23DED4C50003A2C4 /* ViewModelBindable.swift */,
			);
			path = ViewModel;
			sourceTree = "<group>";
		};
		1A8FAF3623E05D78009A92C1 /* Main */ = {
			isa = PBXGroup;
			children = (
				583659C323E4A40F00E2752F /* Administrator */,
				583659C223E4A40300E2752F /* Participant */,
				1A8FAF3F23E05FAE009A92C1 /* Model */,
				1A8FAF3D23E05FA4009A92C1 /* View */,
				1A8FAF3E23E05FA7009A92C1 /* ViewModel */,
				1A8FAF3C23E05F9C009A92C1 /* Scene */,
			);
			path = Main;
			sourceTree = "<group>";
		};
		1A8FAF3723E05D7E009A92C1 /* Login */ = {
			isa = PBXGroup;
			children = (
				1A8FAF3823E05DA7009A92C1 /* Model */,
				1A8FAF3B23E05E05009A92C1 /* View */,
				1A8FAF3A23E05DFE009A92C1 /* ViewModel */,
				1A8FAF3923E05DB1009A92C1 /* Scene */,
			);
			path = Login;
			sourceTree = "<group>";
		};
		1A8FAF3823E05DA7009A92C1 /* Model */ = {
			isa = PBXGroup;
			children = (
			);
			path = Model;
			sourceTree = "<group>";
		};
		1A8FAF3923E05DB1009A92C1 /* Scene */ = {
			isa = PBXGroup;
			children = (
				1A8FAF4123E060AE009A92C1 /* LoginScene.swift */,
			);
			path = Scene;
			sourceTree = "<group>";
		};
		1A8FAF3A23E05DFE009A92C1 /* ViewModel */ = {
			isa = PBXGroup;
			children = (
				1A8FAF4323E0612C009A92C1 /* LoginViewModel.swift */,
				58D0178D23FA9CB300D55DA6 /* ConfirmViewModel.swift */,
			);
			path = ViewModel;
			sourceTree = "<group>";
		};
		1A8FAF3B23E05E05009A92C1 /* View */ = {
			isa = PBXGroup;
			children = (
				1A49808423C967C1004B4058 /* LoginController.swift */,
				58D0178B23FA9CA200D55DA6 /* ConfirmViewController.swift */,
			);
			path = View;
			sourceTree = "<group>";
		};
		1A8FAF3C23E05F9C009A92C1 /* Scene */ = {
			isa = PBXGroup;
			children = (
				1A8FAF4723E06A81009A92C1 /* MainScene.swift */,
			);
			path = Scene;
			sourceTree = "<group>";
		};
		1A8FAF3D23E05FA4009A92C1 /* View */ = {
			isa = PBXGroup;
			children = (
				1AD6D40823BF9DBC000B1893 /* MainViewController.swift */,
				583659BC23E32AA300E2752F /* ReadyViewController.swift */,
				58D017A323FA9DEE00D55DA6 /* TabBarViewController.swift */,
			);
			path = View;
			sourceTree = "<group>";
		};
		1A8FAF3E23E05FA7009A92C1 /* ViewModel */ = {
			isa = PBXGroup;
			children = (
				1A8FAF4523E06952009A92C1 /* MainViewModel.swift */,
				583659BE23E32B5100E2752F /* ReadyViewModel.swift */,
				583659CB23E4AB7100E2752F /* RoomViewModel.swift */,
				58D017A523FA9E1500D55DA6 /* TabBarViewModel.swift */,
			);
			path = ViewModel;
			sourceTree = "<group>";
		};
		1A8FAF3F23E05FAE009A92C1 /* Model */ = {
			isa = PBXGroup;
			children = (
				58D017A123FA9DDD00D55DA6 /* Room.swift */,
			);
			path = Model;
			sourceTree = "<group>";
		};
		1A8FAF4023E05FCF009A92C1 /* Supporting Files */ = {
			isa = PBXGroup;
			children = (
				58D0178623FA9A0700D55DA6 /* Font */,
				1AD6D40623BF9DBC000B1893 /* SceneDelegate.swift */,
				1AD6D41023BF9DBF000B1893 /* Assets.xcassets */,
			);
			path = "Supporting Files";
			sourceTree = "<group>";
		};
		1AAB0E3623DED4190003A2C4 /* Common */ = {
			isa = PBXGroup;
			children = (
				1AECB7CC23F0F5AD0018BC16 /* Network */,
				1A4E687723E3FFAD005D2CFD /* View */,
				1A4E687423E3F7EC005D2CFD /* Model */,
				1A8FAF3323E02533009A92C1 /* ViewModel */,
				1A8FAF3223E0252B009A92C1 /* ViewController */,
				1A8FAF3123E02520009A92C1 /* Coordinator */,
			);
			path = Common;
			sourceTree = "<group>";
		};
		1AD6D3F823BF9DBC000B1893 = {
			isa = PBXGroup;
			children = (
				1A49808623C96925004B4058 /* KakaoOpenSDK-Bridging-Header.h */,
				1A49808023C962F8004B4058 /* Frameworks */,
				1AD6D40323BF9DBC000B1893 /* MNT_iOS */,
				1AD6D41D23BF9DBF000B1893 /* MNT_iOSTests */,
				1AD6D42823BF9DBF000B1893 /* MNT_iOSUITests */,
				1AD6D40223BF9DBC000B1893 /* Products */,
				A6288BC690BACDCA5EA794E6 /* Pods */,
			);
			sourceTree = "<group>";
		};
		1AD6D40223BF9DBC000B1893 /* Products */ = {
			isa = PBXGroup;
			children = (
				1AD6D40123BF9DBC000B1893 /* MNT_iOS.app */,
				1AD6D41A23BF9DBF000B1893 /* MNT_iOSTests.xctest */,
				1AD6D42523BF9DBF000B1893 /* MNT_iOSUITests.xctest */,
			);
			name = Products;
			sourceTree = "<group>";
		};
		1AD6D40323BF9DBC000B1893 /* MNT_iOS */ = {
			isa = PBXGroup;
			children = (
				1A4E688123E40D75005D2CFD /* Misson */,
				1A4E686123E3E9C3005D2CFD /* Feed */,
				1A8FAF3723E05D7E009A92C1 /* Login */,
				1A8FAF3623E05D78009A92C1 /* Main */,
				581B15E123EACB1900D0593B /* Exit */,
				1AAB0E3623DED4190003A2C4 /* Common */,
				1AFC040023C99831005B7A6F /* Extensions */,
				1AD6D40423BF9DBC000B1893 /* AppDelegate.swift */,
				1A8FAF4023E05FCF009A92C1 /* Supporting Files */,
				1AD6D40A23BF9DBC000B1893 /* Main.storyboard */,
				1AD6D41223BF9DBF000B1893 /* LaunchScreen.storyboard */,
				1AD6D41523BF9DBF000B1893 /* Info.plist */,
				1AD6D40D23BF9DBC000B1893 /* MNT_iOS.xcdatamodeld */,
			);
			path = MNT_iOS;
			sourceTree = "<group>";
		};
		1AD6D41D23BF9DBF000B1893 /* MNT_iOSTests */ = {
			isa = PBXGroup;
			children = (
				1AD6D41E23BF9DBF000B1893 /* MNT_iOSTests.swift */,
				1AD6D42023BF9DBF000B1893 /* Info.plist */,
			);
			path = MNT_iOSTests;
			sourceTree = "<group>";
		};
		1AD6D42823BF9DBF000B1893 /* MNT_iOSUITests */ = {
			isa = PBXGroup;
			children = (
				1AD6D42923BF9DBF000B1893 /* MNT_iOSUITests.swift */,
				1AD6D42B23BF9DBF000B1893 /* Info.plist */,
			);
			path = MNT_iOSUITests;
			sourceTree = "<group>";
		};
		1AECB7CC23F0F5AD0018BC16 /* Network */ = {
			isa = PBXGroup;
			children = (
				1AECB7CD23F0F5BE0018BC16 /* APISourceProtocol.swift */,
				1AECB7D123F0FACE0018BC16 /* APISource.swift */,
			);
			path = Network;
			sourceTree = "<group>";
		};
		1AFC040023C99831005B7A6F /* Extensions */ = {
			isa = PBXGroup;
			children = (
				1AFC040123C99841005B7A6F /* Objects+.swift */,
				1AAB0E2A23DECA080003A2C4 /* View+.swift */,
				1AAB0E2C23DECBDE0003A2C4 /* UIButton+.swift */,
				1AAB0E2E23DECBFF0003A2C4 /* UILabel+.swift */,
				1AAB0E3223DECC770003A2C4 /* UIView+Stacking.swift */,
				1AAB0E3423DED2310003A2C4 /* NSObject+Rx.swift */,
				1A8FAF4923E0737E009A92C1 /* UIStackView+.swift */,
				1A8FAF4B23E0755D009A92C1 /* UITextField+.swift */,
				581B15FB23EC628A00D0593B /* AlertExtension.swift */,
				581B160D23EC790D00D0593B /* UICollectionView+.swift */,
				581B161523ECB2CB00D0593B /* UIAlertController+.swift */,
				581B161723ECB58F00D0593B /* UIApplication+.swift */,
				1A4E687A23E4048D005D2CFD /* UITableView+.swift */,
				1A4E687C23E404BC005D2CFD /* UICollectionView+.swift */,
				58D0179F23FA9DA400D55DA6 /* UIFont+.swift */,
				1AECB7CF23F0FA510018BC16 /* RxSwift+.swift */,
				1AECB7D323F0FF780018BC16 /* RxAlamofire+.swift */,
				1AECB7D523F137000018BC16 /* UIColor+.swift */,
			);
			path = Extensions;
			sourceTree = "<group>";
		};
		581B15E123EACB1900D0593B /* Exit */ = {
			isa = PBXGroup;
			children = (
				581B15E223EACD4100D0593B /* Administrator */,
				581B15E623EACD6C00D0593B /* Participant */,
				581B15EE23EACDF200D0593B /* Model */,
				581B15ED23EACDEE00D0593B /* View */,
				581B15EC23EACDE400D0593B /* ViewModel */,
				581B15EB23EACDDB00D0593B /* Scene */,
			);
			path = Exit;
			sourceTree = "<group>";
		};
		581B15E223EACD4100D0593B /* Administrator */ = {
			isa = PBXGroup;
			children = (
				581B15E323EACD4D00D0593B /* Model */,
				581B15E423EACD5400D0593B /* ViewModel */,
				581B15E523EACD6100D0593B /* View */,
			);
			path = Administrator;
			sourceTree = "<group>";
		};
		581B15E323EACD4D00D0593B /* Model */ = {
			isa = PBXGroup;
			children = (
			);
			path = Model;
			sourceTree = "<group>";
		};
		581B15E423EACD5400D0593B /* ViewModel */ = {
			isa = PBXGroup;
			children = (
				581B161B23ED808600D0593B /* AlertExitOrNotViewModel.swift */,
			);
			path = ViewModel;
			sourceTree = "<group>";
		};
		581B15E523EACD6100D0593B /* View */ = {
			isa = PBXGroup;
			children = (
				581B161D23ED809C00D0593B /* AlertExitOrNotViewController.swift */,
			);
			path = View;
			sourceTree = "<group>";
		};
		581B15E623EACD6C00D0593B /* Participant */ = {
			isa = PBXGroup;
			children = (
				581B15E723EACD8500D0593B /* Model */,
				581B15EA23EACDBB00D0593B /* ViewModel */,
				581B15E923EACD9600D0593B /* View */,
			);
			path = Participant;
			sourceTree = "<group>";
		};
		581B15E723EACD8500D0593B /* Model */ = {
			isa = PBXGroup;
			children = (
				581B15FF23EC70FD00D0593B /* ManittoProfile.swift */,
			);
			path = Model;
			sourceTree = "<group>";
		};
		581B15E923EACD9600D0593B /* View */ = {
			isa = PBXGroup;
			children = (
				581B15F123EAD04E00D0593B /* AlertExitViewController.swift */,
				581B160723EC741C00D0593B /* ProfileCollectionViewCell.swift */,
				581B160823EC741C00D0593B /* ProfileCollectionViewCell.xib */,
				581B160B23EC760D00D0593B /* GuessViewController.swift */,
				581B161923ED6E3000D0593B /* FromToViewController.swift */,
			);
			path = View;
			sourceTree = "<group>";
		};
		581B15EA23EACDBB00D0593B /* ViewModel */ = {
			isa = PBXGroup;
			children = (
				581B15EF23EACE5F00D0593B /* AlertExitViewModel.swift */,
				581B15FD23EC705100D0593B /* ProfileCellViewModel.swift */,
				581B160123EC735400D0593B /* GuessViewModel.swift */,
			);
			path = ViewModel;
			sourceTree = "<group>";
		};
		581B15EB23EACDDB00D0593B /* Scene */ = {
			isa = PBXGroup;
			children = (
				581B15F323EAD55D00D0593B /* ExitScene.swift */,
			);
			path = Scene;
			sourceTree = "<group>";
		};
		581B15EC23EACDE400D0593B /* ViewModel */ = {
			isa = PBXGroup;
			children = (
			);
			path = ViewModel;
			sourceTree = "<group>";
		};
		581B15ED23EACDEE00D0593B /* View */ = {
			isa = PBXGroup;
			children = (
			);
			path = View;
			sourceTree = "<group>";
		};
		581B15EE23EACDF200D0593B /* Model */ = {
			isa = PBXGroup;
			children = (
			);
			path = Model;
			sourceTree = "<group>";
		};
		583659C223E4A40300E2752F /* Participant */ = {
			isa = PBXGroup;
			children = (
				583659C723E4A45300E2752F /* Model */,
				583659C923E4A46F00E2752F /* ViewModel */,
				583659CA23E4A47800E2752F /* View */,
			);
			path = Participant;
			sourceTree = "<group>";
		};
		583659C323E4A40F00E2752F /* Administrator */ = {
			isa = PBXGroup;
			children = (
				583659C423E4A43400E2752F /* Model */,
				583659C523E4A43A00E2752F /* ViewModel */,
				583659C623E4A44400E2752F /* View */,
			);
			path = Administrator;
			sourceTree = "<group>";
		};
		583659C423E4A43400E2752F /* Model */ = {
			isa = PBXGroup;
			children = (
			);
			path = Model;
			sourceTree = "<group>";
		};
		583659C523E4A43A00E2752F /* ViewModel */ = {
			isa = PBXGroup;
			children = (
				583659A823E1547700E2752F /* SetRoomTitleViewModel.swift */,
				583659B623E1BA2500E2752F /* SetRoomDetailViewModel.swift */,
			);
			path = ViewModel;
			sourceTree = "<group>";
		};
		583659C623E4A44400E2752F /* View */ = {
			isa = PBXGroup;
			children = (
				583659A423E146E600E2752F /* SetRoomTitleViewController.swift */,
				583659B423E1B9FE00E2752F /* SetRoomDetailViewController.swift */,
			);
			path = View;
			sourceTree = "<group>";
		};
		583659C723E4A45300E2752F /* Model */ = {
			isa = PBXGroup;
			children = (
			);
			path = Model;
			sourceTree = "<group>";
		};
		583659C923E4A46F00E2752F /* ViewModel */ = {
			isa = PBXGroup;
			children = (
				583659A623E153DC00E2752F /* JoinRoomViewModel.swift */,
				58D0179D23FA9D6300D55DA6 /* OpenNittoViewModel.swift */,
			);
			path = ViewModel;
			sourceTree = "<group>";
		};
		583659CA23E4A47800E2752F /* View */ = {
			isa = PBXGroup;
			children = (
				583659AA23E158A200E2752F /* JoinRoomViewController.swift */,
				58D0179B23FA9D5100D55DA6 /* OpenNittoViewController.swift */,
			);
			path = View;
			sourceTree = "<group>";
		};
		58D0178623FA9A0700D55DA6 /* Font */ = {
			isa = PBXGroup;
			children = (
				58D0178723FA9AC400D55DA6 /* SFProDisplay-Medium.ttf */,
				58D0178823FA9AC400D55DA6 /* SFProDisplay-Semibold.ttf */,
			);
			path = Font;
			sourceTree = "<group>";
		};
		A6288BC690BACDCA5EA794E6 /* Pods */ = {
			isa = PBXGroup;
			children = (
				5814FD539E707AB76982D861 /* Pods-MNT_iOS.debug.xcconfig */,
				237B29BC7317A4214DD15AB7 /* Pods-MNT_iOS.release.xcconfig */,
				4803407A17E8E93EF842E6CF /* Pods-MNT_iOS-MNT_iOSUITests.debug.xcconfig */,
				2959EBE188AF473628F98049 /* Pods-MNT_iOS-MNT_iOSUITests.release.xcconfig */,
				AB74A15F01BF71A867A7F874 /* Pods-MNT_iOSTests.debug.xcconfig */,
				341C7360E22267225953F064 /* Pods-MNT_iOSTests.release.xcconfig */,
			);
			path = Pods;
			sourceTree = "<group>";
		};
/* End PBXGroup section */

/* Begin PBXNativeTarget section */
		1AD6D40023BF9DBC000B1893 /* MNT_iOS */ = {
			isa = PBXNativeTarget;
			buildConfigurationList = 1AD6D42E23BF9DBF000B1893 /* Build configuration list for PBXNativeTarget "MNT_iOS" */;
			buildPhases = (
				3C73F0E4134FD318E7282178 /* [CP] Check Pods Manifest.lock */,
				1AD6D3FD23BF9DBC000B1893 /* Sources */,
				1AD6D3FE23BF9DBC000B1893 /* Frameworks */,
				1AD6D3FF23BF9DBC000B1893 /* Resources */,
				41F1F912363A45F264B539D3 /* [CP] Embed Pods Frameworks */,
			);
			buildRules = (
			);
			dependencies = (
			);
			name = MNT_iOS;
			productName = MNT_iOS;
			productReference = 1AD6D40123BF9DBC000B1893 /* MNT_iOS.app */;
			productType = "com.apple.product-type.application";
		};
		1AD6D41923BF9DBF000B1893 /* MNT_iOSTests */ = {
			isa = PBXNativeTarget;
			buildConfigurationList = 1AD6D43123BF9DBF000B1893 /* Build configuration list for PBXNativeTarget "MNT_iOSTests" */;
			buildPhases = (
				573AC3BFE7C9428686E29434 /* [CP] Check Pods Manifest.lock */,
				1AD6D41623BF9DBF000B1893 /* Sources */,
				1AD6D41723BF9DBF000B1893 /* Frameworks */,
				1AD6D41823BF9DBF000B1893 /* Resources */,
			);
			buildRules = (
			);
			dependencies = (
				1AD6D41C23BF9DBF000B1893 /* PBXTargetDependency */,
			);
			name = MNT_iOSTests;
			productName = MNT_iOSTests;
			productReference = 1AD6D41A23BF9DBF000B1893 /* MNT_iOSTests.xctest */;
			productType = "com.apple.product-type.bundle.unit-test";
		};
		1AD6D42423BF9DBF000B1893 /* MNT_iOSUITests */ = {
			isa = PBXNativeTarget;
			buildConfigurationList = 1AD6D43423BF9DBF000B1893 /* Build configuration list for PBXNativeTarget "MNT_iOSUITests" */;
			buildPhases = (
				B9890613B976AE3758D3A679 /* [CP] Check Pods Manifest.lock */,
				1AD6D42123BF9DBF000B1893 /* Sources */,
				1AD6D42223BF9DBF000B1893 /* Frameworks */,
				1AD6D42323BF9DBF000B1893 /* Resources */,
				1CD14539175575FE958C27ED /* [CP] Embed Pods Frameworks */,
			);
			buildRules = (
			);
			dependencies = (
				1AD6D42723BF9DBF000B1893 /* PBXTargetDependency */,
			);
			name = MNT_iOSUITests;
			productName = MNT_iOSUITests;
			productReference = 1AD6D42523BF9DBF000B1893 /* MNT_iOSUITests.xctest */;
			productType = "com.apple.product-type.bundle.ui-testing";
		};
/* End PBXNativeTarget section */

/* Begin PBXProject section */
		1AD6D3F923BF9DBC000B1893 /* Project object */ = {
			isa = PBXProject;
			attributes = {
				LastSwiftUpdateCheck = 1110;
				LastUpgradeCheck = 1110;
				ORGANIZATIONNAME = "최민섭";
				TargetAttributes = {
					1AD6D40023BF9DBC000B1893 = {
						CreatedOnToolsVersion = 11.1;
					};
					1AD6D41923BF9DBF000B1893 = {
						CreatedOnToolsVersion = 11.1;
						TestTargetID = 1AD6D40023BF9DBC000B1893;
					};
					1AD6D42423BF9DBF000B1893 = {
						CreatedOnToolsVersion = 11.1;
						TestTargetID = 1AD6D40023BF9DBC000B1893;
					};
				};
			};
			buildConfigurationList = 1AD6D3FC23BF9DBC000B1893 /* Build configuration list for PBXProject "MNT_iOS" */;
			compatibilityVersion = "Xcode 9.3";
			developmentRegion = en;
			hasScannedForEncodings = 0;
			knownRegions = (
				en,
				Base,
			);
			mainGroup = 1AD6D3F823BF9DBC000B1893;
			productRefGroup = 1AD6D40223BF9DBC000B1893 /* Products */;
			projectDirPath = "";
			projectRoot = "";
			targets = (
				1AD6D40023BF9DBC000B1893 /* MNT_iOS */,
				1AD6D41923BF9DBF000B1893 /* MNT_iOSTests */,
				1AD6D42423BF9DBF000B1893 /* MNT_iOSUITests */,
			);
		};
/* End PBXProject section */

/* Begin PBXResourcesBuildPhase section */
		1AD6D3FF23BF9DBC000B1893 /* Resources */ = {
			isa = PBXResourcesBuildPhase;
			buildActionMask = 2147483647;
			files = (
				58D0178923FA9AC400D55DA6 /* SFProDisplay-Medium.ttf in Resources */,
				58D0178A23FA9AC400D55DA6 /* SFProDisplay-Semibold.ttf in Resources */,
				1A4E689123E40F81005D2CFD /* MissionCell.xib in Resources */,
				1AD6D41423BF9DBF000B1893 /* LaunchScreen.storyboard in Resources */,
				1A4E687123E3ED49005D2CFD /* FeedCell.xib in Resources */,
				1AD6D41123BF9DBF000B1893 /* Assets.xcassets in Resources */,
				581B160A23EC741C00D0593B /* ProfileCollectionViewCell.xib in Resources */,
				1AD6D40C23BF9DBC000B1893 /* Main.storyboard in Resources */,
			);
			runOnlyForDeploymentPostprocessing = 0;
		};
		1AD6D41823BF9DBF000B1893 /* Resources */ = {
			isa = PBXResourcesBuildPhase;
			buildActionMask = 2147483647;
			files = (
			);
			runOnlyForDeploymentPostprocessing = 0;
		};
		1AD6D42323BF9DBF000B1893 /* Resources */ = {
			isa = PBXResourcesBuildPhase;
			buildActionMask = 2147483647;
			files = (
			);
			runOnlyForDeploymentPostprocessing = 0;
		};
/* End PBXResourcesBuildPhase section */

/* Begin PBXShellScriptBuildPhase section */
		1CD14539175575FE958C27ED /* [CP] Embed Pods Frameworks */ = {
			isa = PBXShellScriptBuildPhase;
			buildActionMask = 2147483647;
			files = (
			);
			inputFileListPaths = (
				"${PODS_ROOT}/Target Support Files/Pods-MNT_iOS-MNT_iOSUITests/Pods-MNT_iOS-MNT_iOSUITests-frameworks-${CONFIGURATION}-input-files.xcfilelist",
			);
			name = "[CP] Embed Pods Frameworks";
			outputFileListPaths = (
				"${PODS_ROOT}/Target Support Files/Pods-MNT_iOS-MNT_iOSUITests/Pods-MNT_iOS-MNT_iOSUITests-frameworks-${CONFIGURATION}-output-files.xcfilelist",
			);
			runOnlyForDeploymentPostprocessing = 0;
			shellPath = /bin/sh;
			shellScript = "\"${PODS_ROOT}/Target Support Files/Pods-MNT_iOS-MNT_iOSUITests/Pods-MNT_iOS-MNT_iOSUITests-frameworks.sh\"\n";
			showEnvVarsInLog = 0;
		};
		3C73F0E4134FD318E7282178 /* [CP] Check Pods Manifest.lock */ = {
			isa = PBXShellScriptBuildPhase;
			buildActionMask = 2147483647;
			files = (
			);
			inputFileListPaths = (
			);
			inputPaths = (
				"${PODS_PODFILE_DIR_PATH}/Podfile.lock",
				"${PODS_ROOT}/Manifest.lock",
			);
			name = "[CP] Check Pods Manifest.lock";
			outputFileListPaths = (
			);
			outputPaths = (
				"$(DERIVED_FILE_DIR)/Pods-MNT_iOS-checkManifestLockResult.txt",
			);
			runOnlyForDeploymentPostprocessing = 0;
			shellPath = /bin/sh;
			shellScript = "diff \"${PODS_PODFILE_DIR_PATH}/Podfile.lock\" \"${PODS_ROOT}/Manifest.lock\" > /dev/null\nif [ $? != 0 ] ; then\n    # print error to STDERR\n    echo \"error: The sandbox is not in sync with the Podfile.lock. Run 'pod install' or update your CocoaPods installation.\" >&2\n    exit 1\nfi\n# This output is used by Xcode 'outputs' to avoid re-running this script phase.\necho \"SUCCESS\" > \"${SCRIPT_OUTPUT_FILE_0}\"\n";
			showEnvVarsInLog = 0;
		};
		41F1F912363A45F264B539D3 /* [CP] Embed Pods Frameworks */ = {
			isa = PBXShellScriptBuildPhase;
			buildActionMask = 2147483647;
			files = (
			);
			inputFileListPaths = (
				"${PODS_ROOT}/Target Support Files/Pods-MNT_iOS/Pods-MNT_iOS-frameworks-${CONFIGURATION}-input-files.xcfilelist",
			);
			name = "[CP] Embed Pods Frameworks";
			outputFileListPaths = (
				"${PODS_ROOT}/Target Support Files/Pods-MNT_iOS/Pods-MNT_iOS-frameworks-${CONFIGURATION}-output-files.xcfilelist",
			);
			runOnlyForDeploymentPostprocessing = 0;
			shellPath = /bin/sh;
			shellScript = "\"${PODS_ROOT}/Target Support Files/Pods-MNT_iOS/Pods-MNT_iOS-frameworks.sh\"\n";
			showEnvVarsInLog = 0;
		};
		573AC3BFE7C9428686E29434 /* [CP] Check Pods Manifest.lock */ = {
			isa = PBXShellScriptBuildPhase;
			buildActionMask = 2147483647;
			files = (
			);
			inputFileListPaths = (
			);
			inputPaths = (
				"${PODS_PODFILE_DIR_PATH}/Podfile.lock",
				"${PODS_ROOT}/Manifest.lock",
			);
			name = "[CP] Check Pods Manifest.lock";
			outputFileListPaths = (
			);
			outputPaths = (
				"$(DERIVED_FILE_DIR)/Pods-MNT_iOSTests-checkManifestLockResult.txt",
			);
			runOnlyForDeploymentPostprocessing = 0;
			shellPath = /bin/sh;
			shellScript = "diff \"${PODS_PODFILE_DIR_PATH}/Podfile.lock\" \"${PODS_ROOT}/Manifest.lock\" > /dev/null\nif [ $? != 0 ] ; then\n    # print error to STDERR\n    echo \"error: The sandbox is not in sync with the Podfile.lock. Run 'pod install' or update your CocoaPods installation.\" >&2\n    exit 1\nfi\n# This output is used by Xcode 'outputs' to avoid re-running this script phase.\necho \"SUCCESS\" > \"${SCRIPT_OUTPUT_FILE_0}\"\n";
			showEnvVarsInLog = 0;
		};
		B9890613B976AE3758D3A679 /* [CP] Check Pods Manifest.lock */ = {
			isa = PBXShellScriptBuildPhase;
			buildActionMask = 2147483647;
			files = (
			);
			inputFileListPaths = (
			);
			inputPaths = (
				"${PODS_PODFILE_DIR_PATH}/Podfile.lock",
				"${PODS_ROOT}/Manifest.lock",
			);
			name = "[CP] Check Pods Manifest.lock";
			outputFileListPaths = (
			);
			outputPaths = (
				"$(DERIVED_FILE_DIR)/Pods-MNT_iOS-MNT_iOSUITests-checkManifestLockResult.txt",
			);
			runOnlyForDeploymentPostprocessing = 0;
			shellPath = /bin/sh;
			shellScript = "diff \"${PODS_PODFILE_DIR_PATH}/Podfile.lock\" \"${PODS_ROOT}/Manifest.lock\" > /dev/null\nif [ $? != 0 ] ; then\n    # print error to STDERR\n    echo \"error: The sandbox is not in sync with the Podfile.lock. Run 'pod install' or update your CocoaPods installation.\" >&2\n    exit 1\nfi\n# This output is used by Xcode 'outputs' to avoid re-running this script phase.\necho \"SUCCESS\" > \"${SCRIPT_OUTPUT_FILE_0}\"\n";
			showEnvVarsInLog = 0;
		};
/* End PBXShellScriptBuildPhase section */

/* Begin PBXSourcesBuildPhase section */
		1AD6D3FD23BF9DBC000B1893 /* Sources */ = {
			isa = PBXSourcesBuildPhase;
			buildActionMask = 2147483647;
			files = (
				58D017A623FA9E1500D55DA6 /* TabBarViewModel.swift in Sources */,
				58D017A423FA9DEE00D55DA6 /* TabBarViewController.swift in Sources */,
				58D017A223FA9DDD00D55DA6 /* Room.swift in Sources */,
				58D017A023FA9DA400D55DA6 /* UIFont+.swift in Sources */,
				58D0179E23FA9D6300D55DA6 /* OpenNittoViewModel.swift in Sources */,
				58D0179C23FA9D5100D55DA6 /* OpenNittoViewController.swift in Sources */,
				58D0179523FA9CE600D55DA6 /* PrimaryButton.swift in Sources */,
				58D0179623FA9CE600D55DA6 /* GrayPopUp.swift in Sources */,
				58D0179723FA9CE600D55DA6 /* PrimaryPopUp.swift in Sources */,
				58D0179823FA9CE600D55DA6 /* TextOnlyButton.swift in Sources */,
				58D0179923FA9CE600D55DA6 /* GrayButton.swift in Sources */,
				58D0179A23FA9CE600D55DA6 /* SubButton.swift in Sources */,
				58D0178E23FA9CB400D55DA6 /* ConfirmViewModel.swift in Sources */,
				58D0178C23FA9CA300D55DA6 /* ConfirmViewController.swift in Sources */,
				583659BD23E32AA300E2752F /* ReadyViewController.swift in Sources */,
				583659A923E1547700E2752F /* SetRoomTitleViewModel.swift in Sources */,
				583659A723E153DC00E2752F /* JoinRoomViewModel.swift in Sources */,
				1A8FAF3023E0249C009A92C1 /* SceneCoordinator.swift in Sources */,
				1AAB0E3823DED4240003A2C4 /* ViewController.swift in Sources */,
				1AB0696A23F231D8000B8D27 /* UserListViewController.swift in Sources */,
				581B15F423EAD55D00D0593B /* ExitScene.swift in Sources */,
				1A4E686923E3EA92005D2CFD /* FeedViewModel.swift in Sources */,
				1AECB7D423F0FF780018BC16 /* RxAlamofire+.swift in Sources */,
				1AB0696C23F231F6000B8D27 /* UserListViewModel.swift in Sources */,
				1A4E686D23E3EC19005D2CFD /* Feed.swift in Sources */,
				1AF8288B23EBFCB100BDAEF9 /* StackChildView.swift in Sources */,
				1A8FAF3023E0249C009A92C1 /* SceneCoordinator.swift in Sources */,
				1AAB0E3823DED4240003A2C4 /* ViewController.swift in Sources */,
				1A4E689023E40F81005D2CFD /* MissionCell.swift in Sources */,
				1A8FAF4C23E0755D009A92C1 /* UITextField+.swift in Sources */,
				583659B523E1B9FE00E2752F /* SetRoomDetailViewController.swift in Sources */,
				1AAB0E2F23DECBFF0003A2C4 /* UILabel+.swift in Sources */,
				1A3022AD23EBDAD800693E22 /* AddNewMissionViewModel.swift in Sources */,
				1A4E689323E40FAB005D2CFD /* MissionCellViewModel.swift in Sources */,
				1A4E688B23E40DF9005D2CFD /* Mission.swift in Sources */,
				1A8FAF4823E06A81009A92C1 /* MainScene.swift in Sources */,
				1AB0696E23F232B0000B8D27 /* FeedFilterViewController.swift in Sources */,
				1AFC040223C99841005B7A6F /* Objects+.swift in Sources */,
				581B160E23EC790D00D0593B /* UICollectionView+.swift in Sources */,
				583659B323E19F4800E2752F /* BaseNavigationController.swift in Sources */,
				1A8FAF4223E060AE009A92C1 /* LoginScene.swift in Sources */,
				1AECB7D823F14A950018BC16 /* MissionTypeView.swift in Sources */,
				581B160923EC741C00D0593B /* ProfileCollectionViewCell.swift in Sources */,
				581B161C23ED808600D0593B /* AlertExitOrNotViewModel.swift in Sources */,
				581B161E23ED809C00D0593B /* AlertExitOrNotViewController.swift in Sources */,
				581B161823ECB58F00D0593B /* UIApplication+.swift in Sources */,
				1AD5F7BB23E8762400F96263 /* MissionPreviewViewController.swift in Sources */,
				1A81AE5F23E90C38004CADBC /* FromToView.swift in Sources */,
				1AAB0E3A23DED4980003A2C4 /* ViewModel.swift in Sources */,
				1A4E689523E42993005D2CFD /* MissionAdministratorViewController.swift in Sources */,
				1AD6D40923BF9DBC000B1893 /* MainViewController.swift in Sources */,
				1A4E688923E40DD3005D2CFD /* MissionViewModel.swift in Sources */,
				1AD6D40F23BF9DBC000B1893 /* MNT_iOS.xcdatamodeld in Sources */,
				1A4E68A523E474D4005D2CFD /* MissionPostViewModel.swift in Sources */,
				1AD5F7BD23E8771500F96263 /* MissionDetail.swift in Sources */,
				1A81AE5A23E9099A004CADBC /* MissionDetailViewController.swift in Sources */,
				1AD6D40523BF9DBC000B1893 /* AppDelegate.swift in Sources */,
				583659BF23E32B5100E2752F /* ReadyViewModel.swift in Sources */,
				581B161A23ED6E3000D0593B /* FromToViewController.swift in Sources */,
				581B15F223EAD04E00D0593B /* AlertExitViewController.swift in Sources */,
				583659AB23E158A200E2752F /* JoinRoomViewController.swift in Sources */,
				581B15F023EACE5F00D0593B /* AlertExitViewModel.swift in Sources */,
				583659A523E146E600E2752F /* SetRoomTitleViewController.swift in Sources */,
				1A81AE5D23E90A0C004CADBC /* MissionDetailViewModel.swift in Sources */,
				1A4E687D23E404BC005D2CFD /* UICollectionView+.swift in Sources */,
				1AAB0E3523DED2310003A2C4 /* NSObject+Rx.swift in Sources */,
				1AECB7D023F0FA510018BC16 /* RxSwift+.swift in Sources */,
				1A4E688723E40DA1005D2CFD /* MissionScene.swift in Sources */,
				1A8FAF3523E02563009A92C1 /* CoordinatorType.swift in Sources */,
				581B15FE23EC705100D0593B /* ProfileCellViewModel.swift in Sources */,
				1AECB7D223F0FACE0018BC16 /* APISource.swift in Sources */,
				1AAB0E3123DECC2C0003A2C4 /* CircularImageView.swift in Sources */,
				581B160223EC735400D0593B /* GuessViewModel.swift in Sources */,
				1AAB0E2B23DECA080003A2C4 /* View+.swift in Sources */,
				583659B723E1BA2500E2752F /* SetRoomDetailViewModel.swift in Sources */,
				581B160C23EC760D00D0593B /* GuessViewController.swift in Sources */,
				1AD6D40723BF9DBC000B1893 /* SceneDelegate.swift in Sources */,
				1AAB0E3C23DED4C50003A2C4 /* ViewModelBindable.swift in Sources */,
				1A8FAF4623E06952009A92C1 /* MainViewModel.swift in Sources */,
				581B160023EC70FD00D0593B /* ManittoProfile.swift in Sources */,
				583659CC23E4AB7100E2752F /* RoomViewModel.swift in Sources */,
				1A4E687623E3F7FF005D2CFD /* Model.swift in Sources */,
				1AAB0E3123DECC2C0003A2C4 /* CircularImageView.swift in Sources */,
				1A4E687323E3F471005D2CFD /* FeedCellViewModel.swift in Sources */,
				1AAB0E2B23DECA080003A2C4 /* View+.swift in Sources */,
				1A4E68A323E474AE005D2CFD /* MissionPostViewController.swift in Sources */,
				1AB0697023F232C6000B8D27 /* FeedFilterViewModel.swift in Sources */,
				1AD6D40723BF9DBC000B1893 /* SceneDelegate.swift in Sources */,
				1AAB0E3C23DED4C50003A2C4 /* ViewModelBindable.swift in Sources */,
				1A4E686B23E3EBE4005D2CFD /* FeedScene.swift in Sources */,
				1A4E689723E429EF005D2CFD /* MissionListTableViewController.swift in Sources */,
				1A8FAF4623E06952009A92C1 /* MainViewModel.swift in Sources */,
				1A4E687023E3ED49005D2CFD /* FeedCell.swift in Sources */,
				1AAB0E3323DECC770003A2C4 /* UIView+Stacking.swift in Sources */,
				1A4E687B23E4048D005D2CFD /* UITableView+.swift in Sources */,
				1A49808523C967C1004B4058 /* LoginController.swift in Sources */,
				581B15FC23EC628A00D0593B /* AlertExtension.swift in Sources */,
				1A4E688D23E40E79005D2CFD /* MissionPariticipantViewController.swift in Sources */,
				1A8FAF4A23E0737E009A92C1 /* UIStackView+.swift in Sources */,
				1A4E687923E3FFC3005D2CFD /* RoundedImageView.swift in Sources */,
				1AECB7D623F137000018BC16 /* UIColor+.swift in Sources */,
				1A8FAF4423E0612C009A92C1 /* LoginViewModel.swift in Sources */,
				1AECB7CE23F0F5BE0018BC16 /* APISourceProtocol.swift in Sources */,
				1A4E686423E3E9D6005D2CFD /* FeedViewController.swift in Sources */,
				1A3022AF23EBDB5B00693E22 /* AddNewMissionViewController.swift in Sources */,
				1AAB0E2D23DECBDE0003A2C4 /* UIButton+.swift in Sources */,
				581B161623ECB2CB00D0593B /* UIAlertController+.swift in Sources */,
			);
			runOnlyForDeploymentPostprocessing = 0;
		};
		1AD6D41623BF9DBF000B1893 /* Sources */ = {
			isa = PBXSourcesBuildPhase;
			buildActionMask = 2147483647;
			files = (
				1AD6D41F23BF9DBF000B1893 /* MNT_iOSTests.swift in Sources */,
			);
			runOnlyForDeploymentPostprocessing = 0;
		};
		1AD6D42123BF9DBF000B1893 /* Sources */ = {
			isa = PBXSourcesBuildPhase;
			buildActionMask = 2147483647;
			files = (
				1AD6D42A23BF9DBF000B1893 /* MNT_iOSUITests.swift in Sources */,
			);
			runOnlyForDeploymentPostprocessing = 0;
		};
/* End PBXSourcesBuildPhase section */

/* Begin PBXTargetDependency section */
		1AD6D41C23BF9DBF000B1893 /* PBXTargetDependency */ = {
			isa = PBXTargetDependency;
			target = 1AD6D40023BF9DBC000B1893 /* MNT_iOS */;
			targetProxy = 1AD6D41B23BF9DBF000B1893 /* PBXContainerItemProxy */;
		};
		1AD6D42723BF9DBF000B1893 /* PBXTargetDependency */ = {
			isa = PBXTargetDependency;
			target = 1AD6D40023BF9DBC000B1893 /* MNT_iOS */;
			targetProxy = 1AD6D42623BF9DBF000B1893 /* PBXContainerItemProxy */;
		};
/* End PBXTargetDependency section */

/* Begin PBXVariantGroup section */
		1AD6D40A23BF9DBC000B1893 /* Main.storyboard */ = {
			isa = PBXVariantGroup;
			children = (
				1AD6D40B23BF9DBC000B1893 /* Base */,
			);
			name = Main.storyboard;
			sourceTree = "<group>";
		};
		1AD6D41223BF9DBF000B1893 /* LaunchScreen.storyboard */ = {
			isa = PBXVariantGroup;
			children = (
				1AD6D41323BF9DBF000B1893 /* Base */,
			);
			name = LaunchScreen.storyboard;
			sourceTree = "<group>";
		};
/* End PBXVariantGroup section */

/* Begin XCBuildConfiguration section */
		1AD6D42C23BF9DBF000B1893 /* Debug */ = {
			isa = XCBuildConfiguration;
			buildSettings = {
				ALWAYS_SEARCH_USER_PATHS = NO;
				CLANG_ANALYZER_NONNULL = YES;
				CLANG_ANALYZER_NUMBER_OBJECT_CONVERSION = YES_AGGRESSIVE;
				CLANG_CXX_LANGUAGE_STANDARD = "gnu++14";
				CLANG_CXX_LIBRARY = "libc++";
				CLANG_ENABLE_MODULES = YES;
				CLANG_ENABLE_OBJC_ARC = YES;
				CLANG_ENABLE_OBJC_WEAK = YES;
				CLANG_WARN_BLOCK_CAPTURE_AUTORELEASING = YES;
				CLANG_WARN_BOOL_CONVERSION = YES;
				CLANG_WARN_COMMA = YES;
				CLANG_WARN_CONSTANT_CONVERSION = YES;
				CLANG_WARN_DEPRECATED_OBJC_IMPLEMENTATIONS = YES;
				CLANG_WARN_DIRECT_OBJC_ISA_USAGE = YES_ERROR;
				CLANG_WARN_DOCUMENTATION_COMMENTS = YES;
				CLANG_WARN_EMPTY_BODY = YES;
				CLANG_WARN_ENUM_CONVERSION = YES;
				CLANG_WARN_INFINITE_RECURSION = YES;
				CLANG_WARN_INT_CONVERSION = YES;
				CLANG_WARN_NON_LITERAL_NULL_CONVERSION = YES;
				CLANG_WARN_OBJC_IMPLICIT_RETAIN_SELF = YES;
				CLANG_WARN_OBJC_LITERAL_CONVERSION = YES;
				CLANG_WARN_OBJC_ROOT_CLASS = YES_ERROR;
				CLANG_WARN_RANGE_LOOP_ANALYSIS = YES;
				CLANG_WARN_STRICT_PROTOTYPES = YES;
				CLANG_WARN_SUSPICIOUS_MOVE = YES;
				CLANG_WARN_UNGUARDED_AVAILABILITY = YES_AGGRESSIVE;
				CLANG_WARN_UNREACHABLE_CODE = YES;
				CLANG_WARN__DUPLICATE_METHOD_MATCH = YES;
				COPY_PHASE_STRIP = NO;
				DEBUG_INFORMATION_FORMAT = dwarf;
				ENABLE_STRICT_OBJC_MSGSEND = YES;
				ENABLE_TESTABILITY = YES;
				GCC_C_LANGUAGE_STANDARD = gnu11;
				GCC_DYNAMIC_NO_PIC = NO;
				GCC_NO_COMMON_BLOCKS = YES;
				GCC_OPTIMIZATION_LEVEL = 0;
				GCC_PREPROCESSOR_DEFINITIONS = (
					"DEBUG=1",
					"$(inherited)",
				);
				GCC_WARN_64_TO_32_BIT_CONVERSION = YES;
				GCC_WARN_ABOUT_RETURN_TYPE = YES_ERROR;
				GCC_WARN_UNDECLARED_SELECTOR = YES;
				GCC_WARN_UNINITIALIZED_AUTOS = YES_AGGRESSIVE;
				GCC_WARN_UNUSED_FUNCTION = YES;
				GCC_WARN_UNUSED_VARIABLE = YES;
				IPHONEOS_DEPLOYMENT_TARGET = 10.0;
				MTL_ENABLE_DEBUG_INFO = INCLUDE_SOURCE;
				MTL_FAST_MATH = YES;
				ONLY_ACTIVE_ARCH = YES;
				SDKROOT = iphoneos;
				SWIFT_ACTIVE_COMPILATION_CONDITIONS = DEBUG;
				SWIFT_OPTIMIZATION_LEVEL = "-Onone";
			};
			name = Debug;
		};
		1AD6D42D23BF9DBF000B1893 /* Release */ = {
			isa = XCBuildConfiguration;
			buildSettings = {
				ALWAYS_SEARCH_USER_PATHS = NO;
				CLANG_ANALYZER_NONNULL = YES;
				CLANG_ANALYZER_NUMBER_OBJECT_CONVERSION = YES_AGGRESSIVE;
				CLANG_CXX_LANGUAGE_STANDARD = "gnu++14";
				CLANG_CXX_LIBRARY = "libc++";
				CLANG_ENABLE_MODULES = YES;
				CLANG_ENABLE_OBJC_ARC = YES;
				CLANG_ENABLE_OBJC_WEAK = YES;
				CLANG_WARN_BLOCK_CAPTURE_AUTORELEASING = YES;
				CLANG_WARN_BOOL_CONVERSION = YES;
				CLANG_WARN_COMMA = YES;
				CLANG_WARN_CONSTANT_CONVERSION = YES;
				CLANG_WARN_DEPRECATED_OBJC_IMPLEMENTATIONS = YES;
				CLANG_WARN_DIRECT_OBJC_ISA_USAGE = YES_ERROR;
				CLANG_WARN_DOCUMENTATION_COMMENTS = YES;
				CLANG_WARN_EMPTY_BODY = YES;
				CLANG_WARN_ENUM_CONVERSION = YES;
				CLANG_WARN_INFINITE_RECURSION = YES;
				CLANG_WARN_INT_CONVERSION = YES;
				CLANG_WARN_NON_LITERAL_NULL_CONVERSION = YES;
				CLANG_WARN_OBJC_IMPLICIT_RETAIN_SELF = YES;
				CLANG_WARN_OBJC_LITERAL_CONVERSION = YES;
				CLANG_WARN_OBJC_ROOT_CLASS = YES_ERROR;
				CLANG_WARN_RANGE_LOOP_ANALYSIS = YES;
				CLANG_WARN_STRICT_PROTOTYPES = YES;
				CLANG_WARN_SUSPICIOUS_MOVE = YES;
				CLANG_WARN_UNGUARDED_AVAILABILITY = YES_AGGRESSIVE;
				CLANG_WARN_UNREACHABLE_CODE = YES;
				CLANG_WARN__DUPLICATE_METHOD_MATCH = YES;
				COPY_PHASE_STRIP = NO;
				DEBUG_INFORMATION_FORMAT = "dwarf-with-dsym";
				ENABLE_NS_ASSERTIONS = NO;
				ENABLE_STRICT_OBJC_MSGSEND = YES;
				GCC_C_LANGUAGE_STANDARD = gnu11;
				GCC_NO_COMMON_BLOCKS = YES;
				GCC_WARN_64_TO_32_BIT_CONVERSION = YES;
				GCC_WARN_ABOUT_RETURN_TYPE = YES_ERROR;
				GCC_WARN_UNDECLARED_SELECTOR = YES;
				GCC_WARN_UNINITIALIZED_AUTOS = YES_AGGRESSIVE;
				GCC_WARN_UNUSED_FUNCTION = YES;
				GCC_WARN_UNUSED_VARIABLE = YES;
				IPHONEOS_DEPLOYMENT_TARGET = 10.0;
				MTL_ENABLE_DEBUG_INFO = NO;
				MTL_FAST_MATH = YES;
				SDKROOT = iphoneos;
				SWIFT_COMPILATION_MODE = wholemodule;
				SWIFT_OPTIMIZATION_LEVEL = "-O";
				VALIDATE_PRODUCT = YES;
			};
			name = Release;
		};
		1AD6D42F23BF9DBF000B1893 /* Debug */ = {
			isa = XCBuildConfiguration;
			baseConfigurationReference = 5814FD539E707AB76982D861 /* Pods-MNT_iOS.debug.xcconfig */;
			buildSettings = {
				ASSETCATALOG_COMPILER_APPICON_NAME = AppIcon;
				CODE_SIGN_STYLE = Automatic;
				DEVELOPMENT_TEAM = WF8UF5VWG6;
				FRAMEWORK_SEARCH_PATHS = (
					"$(inherited)",
					"$(PROJECT_DIR)/Frameworks",
				);
				INFOPLIST_FILE = MNT_iOS/Info.plist;
				LD_RUNPATH_SEARCH_PATHS = (
					"$(inherited)",
					"@executable_path/Frameworks",
				);
				OTHER_LDFLAGS = "-all_load";
				PRODUCT_BUNDLE_IDENTIFIER = "nexters.MNT-iOS";
				PRODUCT_NAME = "$(TARGET_NAME)";
				SWIFT_OBJC_BRIDGING_HEADER = "KakaoOpenSDK-Bridging-Header.h";
				SWIFT_VERSION = 5.0;
				TARGETED_DEVICE_FAMILY = 1;
			};
			name = Debug;
		};
		1AD6D43023BF9DBF000B1893 /* Release */ = {
			isa = XCBuildConfiguration;
			baseConfigurationReference = 237B29BC7317A4214DD15AB7 /* Pods-MNT_iOS.release.xcconfig */;
			buildSettings = {
				ASSETCATALOG_COMPILER_APPICON_NAME = AppIcon;
				CODE_SIGN_STYLE = Automatic;
				DEVELOPMENT_TEAM = WF8UF5VWG6;
				FRAMEWORK_SEARCH_PATHS = (
					"$(inherited)",
					"$(PROJECT_DIR)/Frameworks",
				);
				INFOPLIST_FILE = MNT_iOS/Info.plist;
				LD_RUNPATH_SEARCH_PATHS = (
					"$(inherited)",
					"@executable_path/Frameworks",
				);
				OTHER_LDFLAGS = "-all_load";
				PRODUCT_BUNDLE_IDENTIFIER = "nexters.MNT-iOS";
				PRODUCT_NAME = "$(TARGET_NAME)";
				SWIFT_OBJC_BRIDGING_HEADER = "KakaoOpenSDK-Bridging-Header.h";
				SWIFT_VERSION = 5.0;
				TARGETED_DEVICE_FAMILY = 1;
			};
			name = Release;
		};
		1AD6D43223BF9DBF000B1893 /* Debug */ = {
			isa = XCBuildConfiguration;
			baseConfigurationReference = AB74A15F01BF71A867A7F874 /* Pods-MNT_iOSTests.debug.xcconfig */;
			buildSettings = {
				ALWAYS_EMBED_SWIFT_STANDARD_LIBRARIES = YES;
				BUNDLE_LOADER = "$(TEST_HOST)";
				CODE_SIGN_STYLE = Automatic;
				DEVELOPMENT_TEAM = CJ9DCX3V4H;
				INFOPLIST_FILE = MNT_iOSTests/Info.plist;
				IPHONEOS_DEPLOYMENT_TARGET = 13.1;
				LD_RUNPATH_SEARCH_PATHS = (
					"$(inherited)",
					"@executable_path/Frameworks",
					"@loader_path/Frameworks",
				);
				PRODUCT_BUNDLE_IDENTIFIER = "nexters.MNT-iOSTests";
				PRODUCT_NAME = "$(TARGET_NAME)";
				SWIFT_VERSION = 5.0;
				TARGETED_DEVICE_FAMILY = "1,2";
				TEST_HOST = "$(BUILT_PRODUCTS_DIR)/MNT_iOS.app/MNT_iOS";
			};
			name = Debug;
		};
		1AD6D43323BF9DBF000B1893 /* Release */ = {
			isa = XCBuildConfiguration;
			baseConfigurationReference = 341C7360E22267225953F064 /* Pods-MNT_iOSTests.release.xcconfig */;
			buildSettings = {
				ALWAYS_EMBED_SWIFT_STANDARD_LIBRARIES = YES;
				BUNDLE_LOADER = "$(TEST_HOST)";
				CODE_SIGN_STYLE = Automatic;
				DEVELOPMENT_TEAM = CJ9DCX3V4H;
				INFOPLIST_FILE = MNT_iOSTests/Info.plist;
				IPHONEOS_DEPLOYMENT_TARGET = 13.1;
				LD_RUNPATH_SEARCH_PATHS = (
					"$(inherited)",
					"@executable_path/Frameworks",
					"@loader_path/Frameworks",
				);
				PRODUCT_BUNDLE_IDENTIFIER = "nexters.MNT-iOSTests";
				PRODUCT_NAME = "$(TARGET_NAME)";
				SWIFT_VERSION = 5.0;
				TARGETED_DEVICE_FAMILY = "1,2";
				TEST_HOST = "$(BUILT_PRODUCTS_DIR)/MNT_iOS.app/MNT_iOS";
			};
			name = Release;
		};
		1AD6D43523BF9DBF000B1893 /* Debug */ = {
			isa = XCBuildConfiguration;
			baseConfigurationReference = 4803407A17E8E93EF842E6CF /* Pods-MNT_iOS-MNT_iOSUITests.debug.xcconfig */;
			buildSettings = {
				ALWAYS_EMBED_SWIFT_STANDARD_LIBRARIES = YES;
				CODE_SIGN_STYLE = Automatic;
				DEVELOPMENT_TEAM = CJ9DCX3V4H;
				INFOPLIST_FILE = MNT_iOSUITests/Info.plist;
				LD_RUNPATH_SEARCH_PATHS = (
					"$(inherited)",
					"@executable_path/Frameworks",
					"@loader_path/Frameworks",
				);
				PRODUCT_BUNDLE_IDENTIFIER = "nexters.MNT-iOSUITests";
				PRODUCT_NAME = "$(TARGET_NAME)";
				SWIFT_VERSION = 5.0;
				TARGETED_DEVICE_FAMILY = "1,2";
				TEST_TARGET_NAME = MNT_iOS;
			};
			name = Debug;
		};
		1AD6D43623BF9DBF000B1893 /* Release */ = {
			isa = XCBuildConfiguration;
			baseConfigurationReference = 2959EBE188AF473628F98049 /* Pods-MNT_iOS-MNT_iOSUITests.release.xcconfig */;
			buildSettings = {
				ALWAYS_EMBED_SWIFT_STANDARD_LIBRARIES = YES;
				CODE_SIGN_STYLE = Automatic;
				DEVELOPMENT_TEAM = CJ9DCX3V4H;
				INFOPLIST_FILE = MNT_iOSUITests/Info.plist;
				LD_RUNPATH_SEARCH_PATHS = (
					"$(inherited)",
					"@executable_path/Frameworks",
					"@loader_path/Frameworks",
				);
				PRODUCT_BUNDLE_IDENTIFIER = "nexters.MNT-iOSUITests";
				PRODUCT_NAME = "$(TARGET_NAME)";
				SWIFT_VERSION = 5.0;
				TARGETED_DEVICE_FAMILY = "1,2";
				TEST_TARGET_NAME = MNT_iOS;
			};
			name = Release;
		};
/* End XCBuildConfiguration section */

/* Begin XCConfigurationList section */
		1AD6D3FC23BF9DBC000B1893 /* Build configuration list for PBXProject "MNT_iOS" */ = {
			isa = XCConfigurationList;
			buildConfigurations = (
				1AD6D42C23BF9DBF000B1893 /* Debug */,
				1AD6D42D23BF9DBF000B1893 /* Release */,
			);
			defaultConfigurationIsVisible = 0;
			defaultConfigurationName = Release;
		};
		1AD6D42E23BF9DBF000B1893 /* Build configuration list for PBXNativeTarget "MNT_iOS" */ = {
			isa = XCConfigurationList;
			buildConfigurations = (
				1AD6D42F23BF9DBF000B1893 /* Debug */,
				1AD6D43023BF9DBF000B1893 /* Release */,
			);
			defaultConfigurationIsVisible = 0;
			defaultConfigurationName = Release;
		};
		1AD6D43123BF9DBF000B1893 /* Build configuration list for PBXNativeTarget "MNT_iOSTests" */ = {
			isa = XCConfigurationList;
			buildConfigurations = (
				1AD6D43223BF9DBF000B1893 /* Debug */,
				1AD6D43323BF9DBF000B1893 /* Release */,
			);
			defaultConfigurationIsVisible = 0;
			defaultConfigurationName = Release;
		};
		1AD6D43423BF9DBF000B1893 /* Build configuration list for PBXNativeTarget "MNT_iOSUITests" */ = {
			isa = XCConfigurationList;
			buildConfigurations = (
				1AD6D43523BF9DBF000B1893 /* Debug */,
				1AD6D43623BF9DBF000B1893 /* Release */,
			);
			defaultConfigurationIsVisible = 0;
			defaultConfigurationName = Release;
		};
/* End XCConfigurationList section */

/* Begin XCVersionGroup section */
		1AD6D40D23BF9DBC000B1893 /* MNT_iOS.xcdatamodeld */ = {
			isa = XCVersionGroup;
			children = (
				1AD6D40E23BF9DBC000B1893 /* MNT_iOS.xcdatamodel */,
			);
			currentVersion = 1AD6D40E23BF9DBC000B1893 /* MNT_iOS.xcdatamodel */;
			path = MNT_iOS.xcdatamodeld;
			sourceTree = "<group>";
			versionGroupType = wrapper.xcdatamodel;
		};
/* End XCVersionGroup section */
	};
	rootObject = 1AD6D3F923BF9DBC000B1893 /* Project object */;
}
